// !$*UTF8*$!
{
	archiveVersion = 1;
	classes = {
	};
	objectVersion = 42;
	objects = {

/* Begin PBXBuildFile section */
		BBAB23CB13894F3D00AA2426 /* GLUT.framework in CopyFiles */ = {isa = PBXBuildFile; fileRef = BBAB23BE13894E4700AA2426 /* GLUT.framework */; };
		E4328149138ABC9F0047C5CB /* openFrameworksDebug.a in Frameworks */ = {isa = PBXBuildFile; fileRef = E4328148138ABC890047C5CB /* openFrameworksDebug.a */; };
		E45BE97B0E8CC7DD009D7055 /* AGL.framework in Frameworks */ = {isa = PBXBuildFile; fileRef = E45BE9710E8CC7DD009D7055 /* AGL.framework */; };
		E45BE97C0E8CC7DD009D7055 /* ApplicationServices.framework in Frameworks */ = {isa = PBXBuildFile; fileRef = E45BE9720E8CC7DD009D7055 /* ApplicationServices.framework */; };
		E45BE97D0E8CC7DD009D7055 /* AudioToolbox.framework in Frameworks */ = {isa = PBXBuildFile; fileRef = E45BE9730E8CC7DD009D7055 /* AudioToolbox.framework */; };
		E45BE97E0E8CC7DD009D7055 /* Carbon.framework in Frameworks */ = {isa = PBXBuildFile; fileRef = E45BE9740E8CC7DD009D7055 /* Carbon.framework */; };
		E45BE97F0E8CC7DD009D7055 /* CoreAudio.framework in Frameworks */ = {isa = PBXBuildFile; fileRef = E45BE9750E8CC7DD009D7055 /* CoreAudio.framework */; };
		E45BE9800E8CC7DD009D7055 /* CoreFoundation.framework in Frameworks */ = {isa = PBXBuildFile; fileRef = E45BE9760E8CC7DD009D7055 /* CoreFoundation.framework */; };
		E45BE9810E8CC7DD009D7055 /* CoreServices.framework in Frameworks */ = {isa = PBXBuildFile; fileRef = E45BE9770E8CC7DD009D7055 /* CoreServices.framework */; };
		E45BE9830E8CC7DD009D7055 /* OpenGL.framework in Frameworks */ = {isa = PBXBuildFile; fileRef = E45BE9790E8CC7DD009D7055 /* OpenGL.framework */; };
		E45BE9840E8CC7DD009D7055 /* QuickTime.framework in Frameworks */ = {isa = PBXBuildFile; fileRef = E45BE97A0E8CC7DD009D7055 /* QuickTime.framework */; };
		E4B69E200A3A1BDC003C02F2 /* main.cpp in Sources */ = {isa = PBXBuildFile; fileRef = E4B69E1D0A3A1BDC003C02F2 /* main.cpp */; };
		E4B69E210A3A1BDC003C02F2 /* testApp.cpp in Sources */ = {isa = PBXBuildFile; fileRef = E4B69E1E0A3A1BDC003C02F2 /* testApp.cpp */; };
		E4C2424710CC5A17004149E2 /* AppKit.framework in Frameworks */ = {isa = PBXBuildFile; fileRef = E4C2424410CC5A17004149E2 /* AppKit.framework */; };
		E4C2424810CC5A17004149E2 /* Cocoa.framework in Frameworks */ = {isa = PBXBuildFile; fileRef = E4C2424510CC5A17004149E2 /* Cocoa.framework */; };
		E4C2424910CC5A17004149E2 /* IOKit.framework in Frameworks */ = {isa = PBXBuildFile; fileRef = E4C2424610CC5A17004149E2 /* IOKit.framework */; };
		E4EB6799138ADC1D00A09F29 /* GLUT.framework in Frameworks */ = {isa = PBXBuildFile; fileRef = BBAB23BE13894E4700AA2426 /* GLUT.framework */; };
		E7F2771D13DA2D7E00827148 /* ofxPuffersphere.cpp in Sources */ = {isa = PBXBuildFile; fileRef = E7F2771913DA2D7E00827148 /* ofxPuffersphere.cpp */; };
		E7F2771E13DA2D7E00827148 /* ofxPuffersphereObject.cpp in Sources */ = {isa = PBXBuildFile; fileRef = E7F2771B13DA2D7E00827148 /* ofxPuffersphereObject.cpp */; };
		E7F277C713DA2D8B00827148 /* ofxSimpleGuiButton.cpp in Sources */ = {isa = PBXBuildFile; fileRef = E7F277A513DA2D8B00827148 /* ofxSimpleGuiButton.cpp */; };
		E7F277C813DA2D8B00827148 /* ofxSimpleGuiColorPicker.cpp in Sources */ = {isa = PBXBuildFile; fileRef = E7F277A713DA2D8B00827148 /* ofxSimpleGuiColorPicker.cpp */; };
		E7F277C913DA2D8B00827148 /* ofxSimpleGuiComboBox.cpp in Sources */ = {isa = PBXBuildFile; fileRef = E7F277A913DA2D8B00827148 /* ofxSimpleGuiComboBox.cpp */; };
		E7F277CA13DA2D8B00827148 /* ofxSimpleGuiContent.cpp in Sources */ = {isa = PBXBuildFile; fileRef = E7F277AB13DA2D8B00827148 /* ofxSimpleGuiContent.cpp */; };
		E7F277CB13DA2D8B00827148 /* ofxSimpleGuiFPSCounter.cpp in Sources */ = {isa = PBXBuildFile; fileRef = E7F277AD13DA2D8B00827148 /* ofxSimpleGuiFPSCounter.cpp */; };
		E7F277CC13DA2D8B00827148 /* ofxSimpleGuiMovieSlider.cpp in Sources */ = {isa = PBXBuildFile; fileRef = E7F277AF13DA2D8B00827148 /* ofxSimpleGuiMovieSlider.cpp */; };
		E7F277CD13DA2D8B00827148 /* ofxSimpleGuiQuadWarp.cpp in Sources */ = {isa = PBXBuildFile; fileRef = E7F277B113DA2D8B00827148 /* ofxSimpleGuiQuadWarp.cpp */; };
		E7F277CE13DA2D8B00827148 /* ofxSimpleGuiSlider2d.cpp in Sources */ = {isa = PBXBuildFile; fileRef = E7F277B313DA2D8B00827148 /* ofxSimpleGuiSlider2d.cpp */; };
		E7F277CF13DA2D8B00827148 /* ofxSimpleGuiTitle.cpp in Sources */ = {isa = PBXBuildFile; fileRef = E7F277B813DA2D8B00827148 /* ofxSimpleGuiTitle.cpp */; };
		E7F277D013DA2D8B00827148 /* ofxSimpleGuiToggle.cpp in Sources */ = {isa = PBXBuildFile; fileRef = E7F277BA13DA2D8B00827148 /* ofxSimpleGuiToggle.cpp */; };
		E7F277D113DA2D8B00827148 /* ofxSimpleGuiConfig.cpp in Sources */ = {isa = PBXBuildFile; fileRef = E7F277BC13DA2D8B00827148 /* ofxSimpleGuiConfig.cpp */; };
		E7F277D213DA2D8B00827148 /* ofxSimpleGuiControl.cpp in Sources */ = {isa = PBXBuildFile; fileRef = E7F277BE13DA2D8B00827148 /* ofxSimpleGuiControl.cpp */; };
		E7F277D313DA2D8B00827148 /* ofxSimpleGuiPage.cpp in Sources */ = {isa = PBXBuildFile; fileRef = E7F277C113DA2D8B00827148 /* ofxSimpleGuiPage.cpp */; };
		E7F277D413DA2D8B00827148 /* ofxSimpleGuiToo.cpp in Sources */ = {isa = PBXBuildFile; fileRef = E7F277C313DA2D8B00827148 /* ofxSimpleGuiToo.cpp */; };
		E7F277D513DA2D8B00827148 /* ofxSimpleGuiValueControl.cpp in Sources */ = {isa = PBXBuildFile; fileRef = E7F277C513DA2D8B00827148 /* ofxSimpleGuiValueControl.cpp */; };
		E7F2781D13DA2D9400827148 /* ofxMSAInteractiveObject.cpp in Sources */ = {isa = PBXBuildFile; fileRef = E7F2781B13DA2D9400827148 /* ofxMSAInteractiveObject.cpp */; };
		E7F2782A13DA2DBF00827148 /* tinyxml.cpp in Sources */ = {isa = PBXBuildFile; fileRef = E7F2782313DA2DBF00827148 /* tinyxml.cpp */; };
		E7F2782B13DA2DBF00827148 /* tinyxmlerror.cpp in Sources */ = {isa = PBXBuildFile; fileRef = E7F2782513DA2DBF00827148 /* tinyxmlerror.cpp */; };
		E7F2782C13DA2DBF00827148 /* tinyxmlparser.cpp in Sources */ = {isa = PBXBuildFile; fileRef = E7F2782613DA2DBF00827148 /* tinyxmlparser.cpp */; };
		E7F2782D13DA2DBF00827148 /* ofxXmlSettings.cpp in Sources */ = {isa = PBXBuildFile; fileRef = E7F2782813DA2DBF00827148 /* ofxXmlSettings.cpp */; };
		E7F2785413DA2EF900827148 /* offaxis.frag in Sources */ = {isa = PBXBuildFile; fileRef = E7F2785013DA2EF900827148 /* offaxis.frag */; };
		E7F2785513DA2EF900827148 /* offaxis.vert in Sources */ = {isa = PBXBuildFile; fileRef = E7F2785113DA2EF900827148 /* offaxis.vert */; };
		E7F2785613DA2EF900827148 /* spherize.frag in Sources */ = {isa = PBXBuildFile; fileRef = E7F2785213DA2EF900827148 /* spherize.frag */; };
		E7F2785713DA2EF900827148 /* spherize.vert in Sources */ = {isa = PBXBuildFile; fileRef = E7F2785313DA2EF900827148 /* spherize.vert */; };
/* End PBXBuildFile section */

/* Begin PBXContainerItemProxy section */
		E4328147138ABC890047C5CB /* PBXContainerItemProxy */ = {
			isa = PBXContainerItemProxy;
			containerPortal = E4328143138ABC890047C5CB /* openFrameworksLib.xcodeproj */;
			proxyType = 2;
			remoteGlobalIDString = E4B27C1510CBEB8E00536013;
			remoteInfo = openFrameworks;
		};
		E4EEB9AB138B136A00A80321 /* PBXContainerItemProxy */ = {
			isa = PBXContainerItemProxy;
			containerPortal = E4328143138ABC890047C5CB /* openFrameworksLib.xcodeproj */;
			proxyType = 1;
			remoteGlobalIDString = E4B27C1410CBEB8E00536013;
			remoteInfo = openFrameworks;
		};
/* End PBXContainerItemProxy section */

/* Begin PBXCopyFilesBuildPhase section */
		E4C2427710CC5ABF004149E2 /* CopyFiles */ = {
			isa = PBXCopyFilesBuildPhase;
			buildActionMask = 2147483647;
			dstPath = "";
			dstSubfolderSpec = 10;
			files = (
				BBAB23CB13894F3D00AA2426 /* GLUT.framework in CopyFiles */,
			);
			runOnlyForDeploymentPostprocessing = 0;
		};
/* End PBXCopyFilesBuildPhase section */

/* Begin PBXFileReference section */
		BBAB23BE13894E4700AA2426 /* GLUT.framework */ = {isa = PBXFileReference; lastKnownFileType = wrapper.framework; name = GLUT.framework; path = ../../../libs/glut/lib/osx/GLUT.framework; sourceTree = "<group>"; };
		E4328143138ABC890047C5CB /* openFrameworksLib.xcodeproj */ = {isa = PBXFileReference; lastKnownFileType = "wrapper.pb-project"; name = openFrameworksLib.xcodeproj; path = ../../../libs/openFrameworksCompiled/project/osx/openFrameworksLib.xcodeproj; sourceTree = SOURCE_ROOT; };
		E45BE9710E8CC7DD009D7055 /* AGL.framework */ = {isa = PBXFileReference; lastKnownFileType = wrapper.framework; name = AGL.framework; path = /System/Library/Frameworks/AGL.framework; sourceTree = "<absolute>"; };
		E45BE9720E8CC7DD009D7055 /* ApplicationServices.framework */ = {isa = PBXFileReference; lastKnownFileType = wrapper.framework; name = ApplicationServices.framework; path = /System/Library/Frameworks/ApplicationServices.framework; sourceTree = "<absolute>"; };
		E45BE9730E8CC7DD009D7055 /* AudioToolbox.framework */ = {isa = PBXFileReference; lastKnownFileType = wrapper.framework; name = AudioToolbox.framework; path = /System/Library/Frameworks/AudioToolbox.framework; sourceTree = "<absolute>"; };
		E45BE9740E8CC7DD009D7055 /* Carbon.framework */ = {isa = PBXFileReference; lastKnownFileType = wrapper.framework; name = Carbon.framework; path = /System/Library/Frameworks/Carbon.framework; sourceTree = "<absolute>"; };
		E45BE9750E8CC7DD009D7055 /* CoreAudio.framework */ = {isa = PBXFileReference; lastKnownFileType = wrapper.framework; name = CoreAudio.framework; path = /System/Library/Frameworks/CoreAudio.framework; sourceTree = "<absolute>"; };
		E45BE9760E8CC7DD009D7055 /* CoreFoundation.framework */ = {isa = PBXFileReference; lastKnownFileType = wrapper.framework; name = CoreFoundation.framework; path = /System/Library/Frameworks/CoreFoundation.framework; sourceTree = "<absolute>"; };
		E45BE9770E8CC7DD009D7055 /* CoreServices.framework */ = {isa = PBXFileReference; lastKnownFileType = wrapper.framework; name = CoreServices.framework; path = /System/Library/Frameworks/CoreServices.framework; sourceTree = "<absolute>"; };
		E45BE9790E8CC7DD009D7055 /* OpenGL.framework */ = {isa = PBXFileReference; lastKnownFileType = wrapper.framework; name = OpenGL.framework; path = /System/Library/Frameworks/OpenGL.framework; sourceTree = "<absolute>"; };
		E45BE97A0E8CC7DD009D7055 /* QuickTime.framework */ = {isa = PBXFileReference; lastKnownFileType = wrapper.framework; name = QuickTime.framework; path = /System/Library/Frameworks/QuickTime.framework; sourceTree = "<absolute>"; };
		E4B69B5B0A3A1756003C02F2 /* emptyExampleDebug.app */ = {isa = PBXFileReference; explicitFileType = wrapper.application; includeInIndex = 0; path = emptyExampleDebug.app; sourceTree = BUILT_PRODUCTS_DIR; };
		E4B69E1D0A3A1BDC003C02F2 /* main.cpp */ = {isa = PBXFileReference; fileEncoding = 30; lastKnownFileType = sourcecode.cpp.cpp; name = main.cpp; path = src/main.cpp; sourceTree = SOURCE_ROOT; };
		E4B69E1E0A3A1BDC003C02F2 /* testApp.cpp */ = {isa = PBXFileReference; explicitFileType = sourcecode.cpp.cpp; fileEncoding = 30; name = testApp.cpp; path = src/testApp.cpp; sourceTree = SOURCE_ROOT; };
		E4B69E1F0A3A1BDC003C02F2 /* testApp.h */ = {isa = PBXFileReference; fileEncoding = 30; lastKnownFileType = sourcecode.c.h; name = testApp.h; path = src/testApp.h; sourceTree = SOURCE_ROOT; };
		E4B6FCAD0C3E899E008CF71C /* openFrameworks-Info.plist */ = {isa = PBXFileReference; fileEncoding = 30; lastKnownFileType = text.plist.xml; path = "openFrameworks-Info.plist"; sourceTree = "<group>"; };
		E4C2424410CC5A17004149E2 /* AppKit.framework */ = {isa = PBXFileReference; lastKnownFileType = wrapper.framework; name = AppKit.framework; path = /System/Library/Frameworks/AppKit.framework; sourceTree = "<absolute>"; };
		E4C2424510CC5A17004149E2 /* Cocoa.framework */ = {isa = PBXFileReference; lastKnownFileType = wrapper.framework; name = Cocoa.framework; path = /System/Library/Frameworks/Cocoa.framework; sourceTree = "<absolute>"; };
		E4C2424610CC5A17004149E2 /* IOKit.framework */ = {isa = PBXFileReference; lastKnownFileType = wrapper.framework; name = IOKit.framework; path = /System/Library/Frameworks/IOKit.framework; sourceTree = "<absolute>"; };
		E4EB691F138AFCF100A09F29 /* CoreOF.xcconfig */ = {isa = PBXFileReference; fileEncoding = 4; lastKnownFileType = text.xcconfig; name = CoreOF.xcconfig; path = ../../../libs/openFrameworksCompiled/project/osx/CoreOF.xcconfig; sourceTree = SOURCE_ROOT; };
		E4EB6923138AFD0F00A09F29 /* Project.xcconfig */ = {isa = PBXFileReference; fileEncoding = 4; lastKnownFileType = text.xcconfig; path = Project.xcconfig; sourceTree = "<group>"; };
		E7F2771913DA2D7E00827148 /* ofxPuffersphere.cpp */ = {isa = PBXFileReference; fileEncoding = 4; lastKnownFileType = sourcecode.cpp.cpp; path = ofxPuffersphere.cpp; sourceTree = "<group>"; };
		E7F2771A13DA2D7E00827148 /* ofxPuffersphere.h */ = {isa = PBXFileReference; fileEncoding = 4; lastKnownFileType = sourcecode.c.h; path = ofxPuffersphere.h; sourceTree = "<group>"; };
		E7F2771B13DA2D7E00827148 /* ofxPuffersphereObject.cpp */ = {isa = PBXFileReference; fileEncoding = 4; lastKnownFileType = sourcecode.cpp.cpp; path = ofxPuffersphereObject.cpp; sourceTree = "<group>"; };
		E7F2771C13DA2D7E00827148 /* ofxPuffersphereObject.h */ = {isa = PBXFileReference; fileEncoding = 4; lastKnownFileType = sourcecode.c.h; path = ofxPuffersphereObject.h; sourceTree = "<group>"; };
		E7F2772413DA2D8900827148 /* COMMIT_EDITMSG */ = {isa = PBXFileReference; fileEncoding = 4; lastKnownFileType = text; path = COMMIT_EDITMSG; sourceTree = "<group>"; };
		E7F2772513DA2D8A00827148 /* config */ = {isa = PBXFileReference; fileEncoding = 4; lastKnownFileType = text; path = config; sourceTree = "<group>"; };
		E7F2772613DA2D8A00827148 /* description */ = {isa = PBXFileReference; fileEncoding = 4; lastKnownFileType = text; path = description; sourceTree = "<group>"; };
		E7F2772713DA2D8A00827148 /* HEAD */ = {isa = PBXFileReference; fileEncoding = 4; lastKnownFileType = text; path = HEAD; sourceTree = "<group>"; };
		E7F2772913DA2D8A00827148 /* applypatch-msg.sample */ = {isa = PBXFileReference; fileEncoding = 4; lastKnownFileType = text.script.sh; path = "applypatch-msg.sample"; sourceTree = "<group>"; };
		E7F2772A13DA2D8A00827148 /* commit-msg.sample */ = {isa = PBXFileReference; fileEncoding = 4; lastKnownFileType = text.script.sh; path = "commit-msg.sample"; sourceTree = "<group>"; };
		E7F2772B13DA2D8A00827148 /* post-commit.sample */ = {isa = PBXFileReference; fileEncoding = 4; lastKnownFileType = text.script.sh; path = "post-commit.sample"; sourceTree = "<group>"; };
		E7F2772C13DA2D8A00827148 /* post-receive.sample */ = {isa = PBXFileReference; fileEncoding = 4; lastKnownFileType = text.script.sh; path = "post-receive.sample"; sourceTree = "<group>"; };
		E7F2772D13DA2D8A00827148 /* post-update.sample */ = {isa = PBXFileReference; fileEncoding = 4; lastKnownFileType = text.script.sh; path = "post-update.sample"; sourceTree = "<group>"; };
		E7F2772E13DA2D8A00827148 /* pre-applypatch.sample */ = {isa = PBXFileReference; fileEncoding = 4; lastKnownFileType = text.script.sh; path = "pre-applypatch.sample"; sourceTree = "<group>"; };
		E7F2772F13DA2D8A00827148 /* pre-commit.sample */ = {isa = PBXFileReference; fileEncoding = 4; lastKnownFileType = text.script.sh; path = "pre-commit.sample"; sourceTree = "<group>"; };
		E7F2773013DA2D8A00827148 /* pre-rebase.sample */ = {isa = PBXFileReference; fileEncoding = 4; lastKnownFileType = text.script.sh; path = "pre-rebase.sample"; sourceTree = "<group>"; };
		E7F2773113DA2D8A00827148 /* prepare-commit-msg.sample */ = {isa = PBXFileReference; fileEncoding = 4; lastKnownFileType = text.script.sh; path = "prepare-commit-msg.sample"; sourceTree = "<group>"; };
		E7F2773213DA2D8A00827148 /* update.sample */ = {isa = PBXFileReference; fileEncoding = 4; lastKnownFileType = text.script.sh; path = update.sample; sourceTree = "<group>"; };
		E7F2773313DA2D8A00827148 /* index */ = {isa = PBXFileReference; lastKnownFileType = file; path = index; sourceTree = "<group>"; };
		E7F2773513DA2D8A00827148 /* exclude */ = {isa = PBXFileReference; fileEncoding = 4; lastKnownFileType = text; path = exclude; sourceTree = "<group>"; };
		E7F2773713DA2D8A00827148 /* HEAD */ = {isa = PBXFileReference; fileEncoding = 4; lastKnownFileType = text; path = HEAD; sourceTree = "<group>"; };
		E7F2773A13DA2D8A00827148 /* master */ = {isa = PBXFileReference; fileEncoding = 4; lastKnownFileType = text; path = master; sourceTree = "<group>"; };
		E7F2773D13DA2D8A00827148 /* master */ = {isa = PBXFileReference; fileEncoding = 4; lastKnownFileType = text; path = master; sourceTree = "<group>"; };
		E7F2774013DA2D8A00827148 /* 85a6eee1c7aee2329718e458ca07d4cf613c1a */ = {isa = PBXFileReference; lastKnownFileType = file; path = 85a6eee1c7aee2329718e458ca07d4cf613c1a; sourceTree = "<group>"; };
		E7F2774213DA2D8B00827148 /* 2c45e2b918d2b1eedd43038848bfd7acc5586d */ = {isa = PBXFileReference; lastKnownFileType = file; path = 2c45e2b918d2b1eedd43038848bfd7acc5586d; sourceTree = "<group>"; };
		E7F2774413DA2D8B00827148 /* 81e51a6af385024bf687ae1b9a4684f7ac6684 */ = {isa = PBXFileReference; lastKnownFileType = file; path = 81e51a6af385024bf687ae1b9a4684f7ac6684; sourceTree = "<group>"; };
		E7F2774613DA2D8B00827148 /* 5c667afef22ba861b1ce1bb9e40c54cb7c88d7 */ = {isa = PBXFileReference; lastKnownFileType = file; path = 5c667afef22ba861b1ce1bb9e40c54cb7c88d7; sourceTree = "<group>"; };
		E7F2774813DA2D8B00827148 /* ba92268866e0493baacfacfe1a1627d360fd41 */ = {isa = PBXFileReference; lastKnownFileType = file; path = ba92268866e0493baacfacfe1a1627d360fd41; sourceTree = "<group>"; };
		E7F2774A13DA2D8B00827148 /* f058220ef3ed90b62569c290053fba9844bac9 */ = {isa = PBXFileReference; lastKnownFileType = file; path = f058220ef3ed90b62569c290053fba9844bac9; sourceTree = "<group>"; };
		E7F2774C13DA2D8B00827148 /* 124f42983c97f70f0938d71d7601fb2dfae57d */ = {isa = PBXFileReference; lastKnownFileType = file; path = 124f42983c97f70f0938d71d7601fb2dfae57d; sourceTree = "<group>"; };
		E7F2774E13DA2D8B00827148 /* 30d6dcc2d862c2247e04de2c4ca529f21fb518 */ = {isa = PBXFileReference; lastKnownFileType = file; path = 30d6dcc2d862c2247e04de2c4ca529f21fb518; sourceTree = "<group>"; };
		E7F2775013DA2D8B00827148 /* 23c106c6ed5ee2b8a43da2ea19ea527f21e312 */ = {isa = PBXFileReference; lastKnownFileType = file; path = 23c106c6ed5ee2b8a43da2ea19ea527f21e312; sourceTree = "<group>"; };
		E7F2775213DA2D8B00827148 /* 5829dfda6390a06dbe1fffe251d6647e640628 */ = {isa = PBXFileReference; lastKnownFileType = file; path = 5829dfda6390a06dbe1fffe251d6647e640628; sourceTree = "<group>"; };
		E7F2775413DA2D8B00827148 /* f9cbcdbecee1d74d8047f019c58c3326700c80 */ = {isa = PBXFileReference; lastKnownFileType = file; path = f9cbcdbecee1d74d8047f019c58c3326700c80; sourceTree = "<group>"; };
		E7F2775613DA2D8B00827148 /* c36d7843ff3b05147a5729e4dd971ba7a544b5 */ = {isa = PBXFileReference; fileEncoding = 4; lastKnownFileType = text; path = c36d7843ff3b05147a5729e4dd971ba7a544b5; sourceTree = "<group>"; };
		E7F2775813DA2D8B00827148 /* 149314326a14b74d3d54446b05be7b5cbbb394 */ = {isa = PBXFileReference; lastKnownFileType = file; path = 149314326a14b74d3d54446b05be7b5cbbb394; sourceTree = "<group>"; };
		E7F2775A13DA2D8B00827148 /* 737aa6cc0af3c3c996ffb73f8157fec68659d2 */ = {isa = PBXFileReference; lastKnownFileType = file; path = 737aa6cc0af3c3c996ffb73f8157fec68659d2; sourceTree = "<group>"; };
		E7F2775C13DA2D8B00827148 /* e646561d0410a4c72af201028e0f0a8009e3a4 */ = {isa = PBXFileReference; lastKnownFileType = file; path = e646561d0410a4c72af201028e0f0a8009e3a4; sourceTree = "<group>"; };
		E7F2775E13DA2D8B00827148 /* 3b9bebdc6bd5c4b22136034a95dd097a57d3dd */ = {isa = PBXFileReference; lastKnownFileType = file; path = 3b9bebdc6bd5c4b22136034a95dd097a57d3dd; sourceTree = "<group>"; };
		E7F2776013DA2D8B00827148 /* 67af6f5201c9c2fe615e7344a6756d1e91ef88 */ = {isa = PBXFileReference; lastKnownFileType = file; path = 67af6f5201c9c2fe615e7344a6756d1e91ef88; sourceTree = "<group>"; };
		E7F2776213DA2D8B00827148 /* 1e31530be97f24b786903b28953ce84e15fb64 */ = {isa = PBXFileReference; lastKnownFileType = file; path = 1e31530be97f24b786903b28953ce84e15fb64; sourceTree = "<group>"; };
		E7F2776413DA2D8B00827148 /* 7efa7a9a7c7bb97a525128fa2d07ea8195ebbf */ = {isa = PBXFileReference; lastKnownFileType = file; path = 7efa7a9a7c7bb97a525128fa2d07ea8195ebbf; sourceTree = "<group>"; };
		E7F2776613DA2D8B00827148 /* 353d29b1cf2455de16c2e94739403e082d6b28 */ = {isa = PBXFileReference; lastKnownFileType = file; path = 353d29b1cf2455de16c2e94739403e082d6b28; sourceTree = "<group>"; };
		E7F2776813DA2D8B00827148 /* 8ddaa0538e8d2781da93706385726e0b4d3059 */ = {isa = PBXFileReference; lastKnownFileType = file; path = 8ddaa0538e8d2781da93706385726e0b4d3059; sourceTree = "<group>"; };
		E7F2776A13DA2D8B00827148 /* 30239b2be7909071d996e85a6d783bf6b09ad8 */ = {isa = PBXFileReference; lastKnownFileType = file; path = 30239b2be7909071d996e85a6d783bf6b09ad8; sourceTree = "<group>"; };
		E7F2776C13DA2D8B00827148 /* a108984c6aa3a9c02b8fd8b6582233c47ed72d */ = {isa = PBXFileReference; lastKnownFileType = file; path = a108984c6aa3a9c02b8fd8b6582233c47ed72d; sourceTree = "<group>"; };
		E7F2776E13DA2D8B00827148 /* 171154e2ab06d9701d18d23ce1394db3c2577e */ = {isa = PBXFileReference; lastKnownFileType = file; path = 171154e2ab06d9701d18d23ce1394db3c2577e; sourceTree = "<group>"; };
		E7F2777013DA2D8B00827148 /* 4ae6be3ce606632213eff380fab1c8efefb635 */ = {isa = PBXFileReference; lastKnownFileType = file; path = 4ae6be3ce606632213eff380fab1c8efefb635; sourceTree = "<group>"; };
		E7F2777113DA2D8B00827148 /* fb022b298cca9481ee21d9b93518cc2754be82 */ = {isa = PBXFileReference; lastKnownFileType = file; path = fb022b298cca9481ee21d9b93518cc2754be82; sourceTree = "<group>"; };
		E7F2777313DA2D8B00827148 /* 0300cf99391d6e4889d85b89c00211818266c9 */ = {isa = PBXFileReference; lastKnownFileType = file; path = 0300cf99391d6e4889d85b89c00211818266c9; sourceTree = "<group>"; };
		E7F2777513DA2D8B00827148 /* ee4d94d5b80c7d8c1bf1c86bf9771600a58fed */ = {isa = PBXFileReference; fileEncoding = 4; lastKnownFileType = text; path = ee4d94d5b80c7d8c1bf1c86bf9771600a58fed; sourceTree = "<group>"; };
		E7F2777713DA2D8B00827148 /* 307806b9ed9b16ea8cd2b4d8f8b4357e159315 */ = {isa = PBXFileReference; lastKnownFileType = file; path = 307806b9ed9b16ea8cd2b4d8f8b4357e159315; sourceTree = "<group>"; };
		E7F2777913DA2D8B00827148 /* 90158753004703b87c5d96ce30f034dffefccd */ = {isa = PBXFileReference; lastKnownFileType = file; path = 90158753004703b87c5d96ce30f034dffefccd; sourceTree = "<group>"; };
		E7F2777B13DA2D8B00827148 /* 713015d7b75b221b5a8745ffc614b7f50115e0 */ = {isa = PBXFileReference; lastKnownFileType = file; path = 713015d7b75b221b5a8745ffc614b7f50115e0; sourceTree = "<group>"; };
		E7F2777D13DA2D8B00827148 /* 92406346021e0d581a6dc1c0ef8861939fc49b */ = {isa = PBXFileReference; lastKnownFileType = file; path = 92406346021e0d581a6dc1c0ef8861939fc49b; sourceTree = "<group>"; };
		E7F2777F13DA2D8B00827148 /* cba64dd33c4ed239c8ab1333b0d3bcb0b58c3e */ = {isa = PBXFileReference; lastKnownFileType = file; path = cba64dd33c4ed239c8ab1333b0d3bcb0b58c3e; sourceTree = "<group>"; };
		E7F2778113DA2D8B00827148 /* d335813b2b0e66c95061d45351d4d6770a8033 */ = {isa = PBXFileReference; lastKnownFileType = file; path = d335813b2b0e66c95061d45351d4d6770a8033; sourceTree = "<group>"; };
		E7F2778313DA2D8B00827148 /* 438e1f76c8a875427bb7704fc545f39b98ea63 */ = {isa = PBXFileReference; lastKnownFileType = file; path = 438e1f76c8a875427bb7704fc545f39b98ea63; sourceTree = "<group>"; };
		E7F2778513DA2D8B00827148 /* 0f79852e4b00c33715d62906f85b0eef710a78 */ = {isa = PBXFileReference; lastKnownFileType = file; path = 0f79852e4b00c33715d62906f85b0eef710a78; sourceTree = "<group>"; };
		E7F2778613DA2D8B00827148 /* f2e2bbd7e0e3d101ffc02f20a3dc6ca2b755e2 */ = {isa = PBXFileReference; lastKnownFileType = file; path = f2e2bbd7e0e3d101ffc02f20a3dc6ca2b755e2; sourceTree = "<group>"; };
		E7F2778813DA2D8B00827148 /* ac62b55abc696530cbd46c6845f7d49c70a93d */ = {isa = PBXFileReference; lastKnownFileType = file; path = ac62b55abc696530cbd46c6845f7d49c70a93d; sourceTree = "<group>"; };
		E7F2778A13DA2D8B00827148 /* 41f08cc626046930a8aa689ed62aa0b03b19f9 */ = {isa = PBXFileReference; fileEncoding = 4; lastKnownFileType = text; path = 41f08cc626046930a8aa689ed62aa0b03b19f9; sourceTree = "<group>"; };
		E7F2778C13DA2D8B00827148 /* dda05c5ab7f509451224985a0ec50b23e459d4 */ = {isa = PBXFileReference; lastKnownFileType = file; path = dda05c5ab7f509451224985a0ec50b23e459d4; sourceTree = "<group>"; };
		E7F2778E13DA2D8B00827148 /* 82f9ef788591d7abf02fd08fb957c6dd2fbec8 */ = {isa = PBXFileReference; lastKnownFileType = file; path = 82f9ef788591d7abf02fd08fb957c6dd2fbec8; sourceTree = "<group>"; };
		E7F2779013DA2D8B00827148 /* 5a4a4b02d2718abbadafcb16b1f4d789fc79b6 */ = {isa = PBXFileReference; lastKnownFileType = file; path = 5a4a4b02d2718abbadafcb16b1f4d789fc79b6; sourceTree = "<group>"; };
		E7F2779213DA2D8B00827148 /* 9de29bb2d1d6434b8b29ae775ad8c2e48c5391 */ = {isa = PBXFileReference; lastKnownFileType = file; path = 9de29bb2d1d6434b8b29ae775ad8c2e48c5391; sourceTree = "<group>"; };
		E7F2779413DA2D8B00827148 /* 05a140296c1dd6fd4f91697c2e57db6e999769 */ = {isa = PBXFileReference; lastKnownFileType = file; path = 05a140296c1dd6fd4f91697c2e57db6e999769; sourceTree = "<group>"; };
		E7F2779913DA2D8B00827148 /* master */ = {isa = PBXFileReference; fileEncoding = 4; lastKnownFileType = text; path = master; sourceTree = "<group>"; };
		E7F2779C13DA2D8B00827148 /* master */ = {isa = PBXFileReference; fileEncoding = 4; lastKnownFileType = text; path = master; sourceTree = "<group>"; };
		E7F2779E13DA2D8B00827148 /* .gitignore */ = {isa = PBXFileReference; fileEncoding = 4; lastKnownFileType = text; path = .gitignore; sourceTree = "<group>"; };
		E7F2779F13DA2D8B00827148 /* changelog.txt */ = {isa = PBXFileReference; fileEncoding = 4; lastKnownFileType = text; path = changelog.txt; sourceTree = "<group>"; };
		E7F277A013DA2D8B00827148 /* install.xml */ = {isa = PBXFileReference; fileEncoding = 4; lastKnownFileType = text.xml; path = install.xml; sourceTree = "<group>"; };
		E7F277A113DA2D8B00827148 /* LICENSE.txt */ = {isa = PBXFileReference; fileEncoding = 4; lastKnownFileType = text; path = LICENSE.txt; sourceTree = "<group>"; };
		E7F277A213DA2D8B00827148 /* README */ = {isa = PBXFileReference; fileEncoding = 4; lastKnownFileType = text; path = README; sourceTree = "<group>"; };
		E7F277A513DA2D8B00827148 /* ofxSimpleGuiButton.cpp */ = {isa = PBXFileReference; fileEncoding = 4; lastKnownFileType = sourcecode.cpp.cpp; path = ofxSimpleGuiButton.cpp; sourceTree = "<group>"; };
		E7F277A613DA2D8B00827148 /* ofxSimpleGuiButton.h */ = {isa = PBXFileReference; fileEncoding = 4; lastKnownFileType = sourcecode.c.h; path = ofxSimpleGuiButton.h; sourceTree = "<group>"; };
		E7F277A713DA2D8B00827148 /* ofxSimpleGuiColorPicker.cpp */ = {isa = PBXFileReference; fileEncoding = 4; lastKnownFileType = sourcecode.cpp.cpp; path = ofxSimpleGuiColorPicker.cpp; sourceTree = "<group>"; };
		E7F277A813DA2D8B00827148 /* ofxSimpleGuiColorPicker.h */ = {isa = PBXFileReference; fileEncoding = 4; lastKnownFileType = sourcecode.c.h; path = ofxSimpleGuiColorPicker.h; sourceTree = "<group>"; };
		E7F277A913DA2D8B00827148 /* ofxSimpleGuiComboBox.cpp */ = {isa = PBXFileReference; fileEncoding = 4; lastKnownFileType = sourcecode.cpp.cpp; path = ofxSimpleGuiComboBox.cpp; sourceTree = "<group>"; };
		E7F277AA13DA2D8B00827148 /* ofxSimpleGuiComboBox.h */ = {isa = PBXFileReference; fileEncoding = 4; lastKnownFileType = sourcecode.c.h; path = ofxSimpleGuiComboBox.h; sourceTree = "<group>"; };
		E7F277AB13DA2D8B00827148 /* ofxSimpleGuiContent.cpp */ = {isa = PBXFileReference; fileEncoding = 4; lastKnownFileType = sourcecode.cpp.cpp; path = ofxSimpleGuiContent.cpp; sourceTree = "<group>"; };
		E7F277AC13DA2D8B00827148 /* ofxSimpleGuiContent.h */ = {isa = PBXFileReference; fileEncoding = 4; lastKnownFileType = sourcecode.c.h; path = ofxSimpleGuiContent.h; sourceTree = "<group>"; };
		E7F277AD13DA2D8B00827148 /* ofxSimpleGuiFPSCounter.cpp */ = {isa = PBXFileReference; fileEncoding = 4; lastKnownFileType = sourcecode.cpp.cpp; path = ofxSimpleGuiFPSCounter.cpp; sourceTree = "<group>"; };
		E7F277AE13DA2D8B00827148 /* ofxSimpleGuiFPSCounter.h */ = {isa = PBXFileReference; fileEncoding = 4; lastKnownFileType = sourcecode.c.h; path = ofxSimpleGuiFPSCounter.h; sourceTree = "<group>"; };
		E7F277AF13DA2D8B00827148 /* ofxSimpleGuiMovieSlider.cpp */ = {isa = PBXFileReference; fileEncoding = 4; lastKnownFileType = sourcecode.cpp.cpp; path = ofxSimpleGuiMovieSlider.cpp; sourceTree = "<group>"; };
		E7F277B013DA2D8B00827148 /* ofxSimpleGuiMovieSlider.h */ = {isa = PBXFileReference; fileEncoding = 4; lastKnownFileType = sourcecode.c.h; path = ofxSimpleGuiMovieSlider.h; sourceTree = "<group>"; };
		E7F277B113DA2D8B00827148 /* ofxSimpleGuiQuadWarp.cpp */ = {isa = PBXFileReference; fileEncoding = 4; lastKnownFileType = sourcecode.cpp.cpp; path = ofxSimpleGuiQuadWarp.cpp; sourceTree = "<group>"; };
		E7F277B213DA2D8B00827148 /* ofxSimpleGuiQuadWarp.h */ = {isa = PBXFileReference; fileEncoding = 4; lastKnownFileType = sourcecode.c.h; path = ofxSimpleGuiQuadWarp.h; sourceTree = "<group>"; };
		E7F277B313DA2D8B00827148 /* ofxSimpleGuiSlider2d.cpp */ = {isa = PBXFileReference; fileEncoding = 4; lastKnownFileType = sourcecode.cpp.cpp; path = ofxSimpleGuiSlider2d.cpp; sourceTree = "<group>"; };
		E7F277B413DA2D8B00827148 /* ofxSimpleGuiSlider2d.h */ = {isa = PBXFileReference; fileEncoding = 4; lastKnownFileType = sourcecode.c.h; path = ofxSimpleGuiSlider2d.h; sourceTree = "<group>"; };
		E7F277B513DA2D8B00827148 /* ofxSimpleGuiSliderBase.h */ = {isa = PBXFileReference; fileEncoding = 4; lastKnownFileType = sourcecode.c.h; path = ofxSimpleGuiSliderBase.h; sourceTree = "<group>"; };
		E7F277B613DA2D8B00827148 /* ofxSimpleGuiSliderFloat.h */ = {isa = PBXFileReference; fileEncoding = 4; lastKnownFileType = sourcecode.c.h; path = ofxSimpleGuiSliderFloat.h; sourceTree = "<group>"; };
		E7F277B713DA2D8B00827148 /* ofxSimpleGuiSliderInt.h */ = {isa = PBXFileReference; fileEncoding = 4; lastKnownFileType = sourcecode.c.h; path = ofxSimpleGuiSliderInt.h; sourceTree = "<group>"; };
		E7F277B813DA2D8B00827148 /* ofxSimpleGuiTitle.cpp */ = {isa = PBXFileReference; fileEncoding = 4; lastKnownFileType = sourcecode.cpp.cpp; path = ofxSimpleGuiTitle.cpp; sourceTree = "<group>"; };
		E7F277B913DA2D8B00827148 /* ofxSimpleGuiTitle.h */ = {isa = PBXFileReference; fileEncoding = 4; lastKnownFileType = sourcecode.c.h; path = ofxSimpleGuiTitle.h; sourceTree = "<group>"; };
		E7F277BA13DA2D8B00827148 /* ofxSimpleGuiToggle.cpp */ = {isa = PBXFileReference; fileEncoding = 4; lastKnownFileType = sourcecode.cpp.cpp; path = ofxSimpleGuiToggle.cpp; sourceTree = "<group>"; };
		E7F277BB13DA2D8B00827148 /* ofxSimpleGuiToggle.h */ = {isa = PBXFileReference; fileEncoding = 4; lastKnownFileType = sourcecode.c.h; path = ofxSimpleGuiToggle.h; sourceTree = "<group>"; };
		E7F277BC13DA2D8B00827148 /* ofxSimpleGuiConfig.cpp */ = {isa = PBXFileReference; fileEncoding = 4; lastKnownFileType = sourcecode.cpp.cpp; path = ofxSimpleGuiConfig.cpp; sourceTree = "<group>"; };
		E7F277BD13DA2D8B00827148 /* ofxSimpleGuiConfig.h */ = {isa = PBXFileReference; fileEncoding = 4; lastKnownFileType = sourcecode.c.h; path = ofxSimpleGuiConfig.h; sourceTree = "<group>"; };
		E7F277BE13DA2D8B00827148 /* ofxSimpleGuiControl.cpp */ = {isa = PBXFileReference; fileEncoding = 4; lastKnownFileType = sourcecode.cpp.cpp; path = ofxSimpleGuiControl.cpp; sourceTree = "<group>"; };
		E7F277BF13DA2D8B00827148 /* ofxSimpleGuiControl.h */ = {isa = PBXFileReference; fileEncoding = 4; lastKnownFileType = sourcecode.c.h; path = ofxSimpleGuiControl.h; sourceTree = "<group>"; };
		E7F277C013DA2D8B00827148 /* ofxSimpleGuiIncludes.h */ = {isa = PBXFileReference; fileEncoding = 4; lastKnownFileType = sourcecode.c.h; path = ofxSimpleGuiIncludes.h; sourceTree = "<group>"; };
		E7F277C113DA2D8B00827148 /* ofxSimpleGuiPage.cpp */ = {isa = PBXFileReference; fileEncoding = 4; lastKnownFileType = sourcecode.cpp.cpp; path = ofxSimpleGuiPage.cpp; sourceTree = "<group>"; };
		E7F277C213DA2D8B00827148 /* ofxSimpleGuiPage.h */ = {isa = PBXFileReference; fileEncoding = 4; lastKnownFileType = sourcecode.c.h; path = ofxSimpleGuiPage.h; sourceTree = "<group>"; };
		E7F277C313DA2D8B00827148 /* ofxSimpleGuiToo.cpp */ = {isa = PBXFileReference; fileEncoding = 4; lastKnownFileType = sourcecode.cpp.cpp; path = ofxSimpleGuiToo.cpp; sourceTree = "<group>"; };
		E7F277C413DA2D8B00827148 /* ofxSimpleGuiToo.h */ = {isa = PBXFileReference; fileEncoding = 4; lastKnownFileType = sourcecode.c.h; path = ofxSimpleGuiToo.h; sourceTree = "<group>"; };
		E7F277C513DA2D8B00827148 /* ofxSimpleGuiValueControl.cpp */ = {isa = PBXFileReference; fileEncoding = 4; lastKnownFileType = sourcecode.cpp.cpp; path = ofxSimpleGuiValueControl.cpp; sourceTree = "<group>"; };
		E7F277C613DA2D8B00827148 /* ofxSimpleGuiValueControl.h */ = {isa = PBXFileReference; fileEncoding = 4; lastKnownFileType = sourcecode.c.h; path = ofxSimpleGuiValueControl.h; sourceTree = "<group>"; };
		E7F277D913DA2D9400827148 /* COMMIT_EDITMSG */ = {isa = PBXFileReference; fileEncoding = 4; lastKnownFileType = text; path = COMMIT_EDITMSG; sourceTree = "<group>"; };
		E7F277DA13DA2D9400827148 /* config */ = {isa = PBXFileReference; fileEncoding = 4; lastKnownFileType = text; path = config; sourceTree = "<group>"; };
		E7F277DB13DA2D9400827148 /* description */ = {isa = PBXFileReference; fileEncoding = 4; lastKnownFileType = text; path = description; sourceTree = "<group>"; };
		E7F277DC13DA2D9400827148 /* HEAD */ = {isa = PBXFileReference; fileEncoding = 4; lastKnownFileType = text; path = HEAD; sourceTree = "<group>"; };
		E7F277DE13DA2D9400827148 /* applypatch-msg.sample */ = {isa = PBXFileReference; fileEncoding = 4; lastKnownFileType = text.script.sh; path = "applypatch-msg.sample"; sourceTree = "<group>"; };
		E7F277DF13DA2D9400827148 /* commit-msg.sample */ = {isa = PBXFileReference; fileEncoding = 4; lastKnownFileType = text.script.sh; path = "commit-msg.sample"; sourceTree = "<group>"; };
		E7F277E013DA2D9400827148 /* post-commit.sample */ = {isa = PBXFileReference; fileEncoding = 4; lastKnownFileType = text.script.sh; path = "post-commit.sample"; sourceTree = "<group>"; };
		E7F277E113DA2D9400827148 /* post-receive.sample */ = {isa = PBXFileReference; fileEncoding = 4; lastKnownFileType = text.script.sh; path = "post-receive.sample"; sourceTree = "<group>"; };
		E7F277E213DA2D9400827148 /* post-update.sample */ = {isa = PBXFileReference; fileEncoding = 4; lastKnownFileType = text.script.sh; path = "post-update.sample"; sourceTree = "<group>"; };
		E7F277E313DA2D9400827148 /* pre-applypatch.sample */ = {isa = PBXFileReference; fileEncoding = 4; lastKnownFileType = text.script.sh; path = "pre-applypatch.sample"; sourceTree = "<group>"; };
		E7F277E413DA2D9400827148 /* pre-commit.sample */ = {isa = PBXFileReference; fileEncoding = 4; lastKnownFileType = text.script.sh; path = "pre-commit.sample"; sourceTree = "<group>"; };
		E7F277E513DA2D9400827148 /* pre-rebase.sample */ = {isa = PBXFileReference; fileEncoding = 4; lastKnownFileType = text.script.sh; path = "pre-rebase.sample"; sourceTree = "<group>"; };
		E7F277E613DA2D9400827148 /* prepare-commit-msg.sample */ = {isa = PBXFileReference; fileEncoding = 4; lastKnownFileType = text.script.sh; path = "prepare-commit-msg.sample"; sourceTree = "<group>"; };
		E7F277E713DA2D9400827148 /* update.sample */ = {isa = PBXFileReference; fileEncoding = 4; lastKnownFileType = text.script.sh; path = update.sample; sourceTree = "<group>"; };
		E7F277E813DA2D9400827148 /* index */ = {isa = PBXFileReference; lastKnownFileType = file; path = index; sourceTree = "<group>"; };
		E7F277EA13DA2D9400827148 /* exclude */ = {isa = PBXFileReference; fileEncoding = 4; lastKnownFileType = text; path = exclude; sourceTree = "<group>"; };
		E7F277EC13DA2D9400827148 /* HEAD */ = {isa = PBXFileReference; fileEncoding = 4; lastKnownFileType = text; path = HEAD; sourceTree = "<group>"; };
		E7F277EF13DA2D9400827148 /* master */ = {isa = PBXFileReference; fileEncoding = 4; lastKnownFileType = text; path = master; sourceTree = "<group>"; };
		E7F277F213DA2D9400827148 /* master */ = {isa = PBXFileReference; fileEncoding = 4; lastKnownFileType = text; path = master; sourceTree = "<group>"; };
		E7F277F513DA2D9400827148 /* bc283106b53ccaf08303e026723545054dd710 */ = {isa = PBXFileReference; lastKnownFileType = file; path = bc283106b53ccaf08303e026723545054dd710; sourceTree = "<group>"; };
		E7F277F713DA2D9400827148 /* 3bb48149a65fa9e29b7878244dfe35610fb427 */ = {isa = PBXFileReference; fileEncoding = 4; lastKnownFileType = text; path = 3bb48149a65fa9e29b7878244dfe35610fb427; sourceTree = "<group>"; };
		E7F277F913DA2D9400827148 /* 5c667afef22ba861b1ce1bb9e40c54cb7c88d7 */ = {isa = PBXFileReference; lastKnownFileType = file; path = 5c667afef22ba861b1ce1bb9e40c54cb7c88d7; sourceTree = "<group>"; };
		E7F277FB13DA2D9400827148 /* 9e06061c5a9992e56f5c7402d93ef65ace4fa9 */ = {isa = PBXFileReference; lastKnownFileType = file; path = 9e06061c5a9992e56f5c7402d93ef65ace4fa9; sourceTree = "<group>"; };
		E7F277FD13DA2D9400827148 /* 225028d7c596d9aa78cfcd9c9f741c0994e479 */ = {isa = PBXFileReference; lastKnownFileType = file; path = 225028d7c596d9aa78cfcd9c9f741c0994e479; sourceTree = "<group>"; };
		E7F277FF13DA2D9400827148 /* f1ad6a8b9a896b56d0397231acc89682b15b98 */ = {isa = PBXFileReference; lastKnownFileType = file; path = f1ad6a8b9a896b56d0397231acc89682b15b98; sourceTree = "<group>"; };
		E7F2780113DA2D9400827148 /* 3b9bebdc6bd5c4b22136034a95dd097a57d3dd */ = {isa = PBXFileReference; lastKnownFileType = file; path = 3b9bebdc6bd5c4b22136034a95dd097a57d3dd; sourceTree = "<group>"; };
		E7F2780313DA2D9400827148 /* a7cb5b7df8b05cff6bc50a5b02545deceee558 */ = {isa = PBXFileReference; lastKnownFileType = file; path = a7cb5b7df8b05cff6bc50a5b02545deceee558; sourceTree = "<group>"; };
		E7F2780513DA2D9400827148 /* a932f62c7ade7aaee041cfa2c01878fccc2e6f */ = {isa = PBXFileReference; lastKnownFileType = file; path = a932f62c7ade7aaee041cfa2c01878fccc2e6f; sourceTree = "<group>"; };
		E7F2780713DA2D9400827148 /* 9de29bb2d1d6434b8b29ae775ad8c2e48c5391 */ = {isa = PBXFileReference; lastKnownFileType = file; path = 9de29bb2d1d6434b8b29ae775ad8c2e48c5391; sourceTree = "<group>"; };
		E7F2780913DA2D9400827148 /* f76cd6eefe0550e78d48f0e02c943d1069cc28 */ = {isa = PBXFileReference; lastKnownFileType = file; path = f76cd6eefe0550e78d48f0e02c943d1069cc28; sourceTree = "<group>"; };
		E7F2780B13DA2D9400827148 /* fc80e13cc4f3bfdec4a709695ae25b396e7c3d */ = {isa = PBXFileReference; lastKnownFileType = file; path = fc80e13cc4f3bfdec4a709695ae25b396e7c3d; sourceTree = "<group>"; };
		E7F2781013DA2D9400827148 /* master */ = {isa = PBXFileReference; fileEncoding = 4; lastKnownFileType = text; path = master; sourceTree = "<group>"; };
		E7F2781313DA2D9400827148 /* master */ = {isa = PBXFileReference; fileEncoding = 4; lastKnownFileType = text; path = master; sourceTree = "<group>"; };
		E7F2781513DA2D9400827148 /* .gitignore */ = {isa = PBXFileReference; fileEncoding = 4; lastKnownFileType = text; path = .gitignore; sourceTree = "<group>"; };
		E7F2781613DA2D9400827148 /* changelog.txt */ = {isa = PBXFileReference; fileEncoding = 4; lastKnownFileType = text; path = changelog.txt; sourceTree = "<group>"; };
		E7F2781713DA2D9400827148 /* install.xml */ = {isa = PBXFileReference; fileEncoding = 4; lastKnownFileType = text.xml; path = install.xml; sourceTree = "<group>"; };
		E7F2781813DA2D9400827148 /* LICENSE.txt */ = {isa = PBXFileReference; fileEncoding = 4; lastKnownFileType = text; path = LICENSE.txt; sourceTree = "<group>"; };
		E7F2781913DA2D9400827148 /* README */ = {isa = PBXFileReference; fileEncoding = 4; lastKnownFileType = text; path = README; sourceTree = "<group>"; };
		E7F2781B13DA2D9400827148 /* ofxMSAInteractiveObject.cpp */ = {isa = PBXFileReference; fileEncoding = 4; lastKnownFileType = sourcecode.cpp.cpp; path = ofxMSAInteractiveObject.cpp; sourceTree = "<group>"; };
		E7F2781C13DA2D9400827148 /* ofxMSAInteractiveObject.h */ = {isa = PBXFileReference; fileEncoding = 4; lastKnownFileType = sourcecode.c.h; path = ofxMSAInteractiveObject.h; sourceTree = "<group>"; };
		E7F2782113DA2DBF00827148 /* install.xml */ = {isa = PBXFileReference; fileEncoding = 4; lastKnownFileType = text.xml; path = install.xml; sourceTree = "<group>"; };
		E7F2782313DA2DBF00827148 /* tinyxml.cpp */ = {isa = PBXFileReference; fileEncoding = 4; lastKnownFileType = sourcecode.cpp.cpp; path = tinyxml.cpp; sourceTree = "<group>"; };
		E7F2782413DA2DBF00827148 /* tinyxml.h */ = {isa = PBXFileReference; fileEncoding = 4; lastKnownFileType = sourcecode.c.h; path = tinyxml.h; sourceTree = "<group>"; };
		E7F2782513DA2DBF00827148 /* tinyxmlerror.cpp */ = {isa = PBXFileReference; fileEncoding = 4; lastKnownFileType = sourcecode.cpp.cpp; path = tinyxmlerror.cpp; sourceTree = "<group>"; };
		E7F2782613DA2DBF00827148 /* tinyxmlparser.cpp */ = {isa = PBXFileReference; fileEncoding = 4; lastKnownFileType = sourcecode.cpp.cpp; path = tinyxmlparser.cpp; sourceTree = "<group>"; };
		E7F2782813DA2DBF00827148 /* ofxXmlSettings.cpp */ = {isa = PBXFileReference; fileEncoding = 4; lastKnownFileType = sourcecode.cpp.cpp; path = ofxXmlSettings.cpp; sourceTree = "<group>"; };
		E7F2782913DA2DBF00827148 /* ofxXmlSettings.h */ = {isa = PBXFileReference; fileEncoding = 4; lastKnownFileType = sourcecode.c.h; path = ofxXmlSettings.h; sourceTree = "<group>"; };
		E7F2785013DA2EF900827148 /* offaxis.frag */ = {isa = PBXFileReference; fileEncoding = 4; lastKnownFileType = sourcecode.glsl; path = offaxis.frag; sourceTree = "<group>"; };
		E7F2785113DA2EF900827148 /* offaxis.vert */ = {isa = PBXFileReference; fileEncoding = 4; lastKnownFileType = sourcecode.glsl; path = offaxis.vert; sourceTree = "<group>"; };
		E7F2785213DA2EF900827148 /* spherize.frag */ = {isa = PBXFileReference; fileEncoding = 4; lastKnownFileType = sourcecode.glsl; path = spherize.frag; sourceTree = "<group>"; };
		E7F2785313DA2EF900827148 /* spherize.vert */ = {isa = PBXFileReference; fileEncoding = 4; lastKnownFileType = sourcecode.glsl; path = spherize.vert; sourceTree = "<group>"; };
/* End PBXFileReference section */

/* Begin PBXFrameworksBuildPhase section */
		E4B69B590A3A1756003C02F2 /* Frameworks */ = {
			isa = PBXFrameworksBuildPhase;
			buildActionMask = 2147483647;
			files = (
				E4EB6799138ADC1D00A09F29 /* GLUT.framework in Frameworks */,
				E4328149138ABC9F0047C5CB /* openFrameworksDebug.a in Frameworks */,
				E45BE97B0E8CC7DD009D7055 /* AGL.framework in Frameworks */,
				E45BE97C0E8CC7DD009D7055 /* ApplicationServices.framework in Frameworks */,
				E45BE97D0E8CC7DD009D7055 /* AudioToolbox.framework in Frameworks */,
				E45BE97E0E8CC7DD009D7055 /* Carbon.framework in Frameworks */,
				E45BE97F0E8CC7DD009D7055 /* CoreAudio.framework in Frameworks */,
				E45BE9800E8CC7DD009D7055 /* CoreFoundation.framework in Frameworks */,
				E45BE9810E8CC7DD009D7055 /* CoreServices.framework in Frameworks */,
				E45BE9830E8CC7DD009D7055 /* OpenGL.framework in Frameworks */,
				E45BE9840E8CC7DD009D7055 /* QuickTime.framework in Frameworks */,
				E4C2424710CC5A17004149E2 /* AppKit.framework in Frameworks */,
				E4C2424810CC5A17004149E2 /* Cocoa.framework in Frameworks */,
				E4C2424910CC5A17004149E2 /* IOKit.framework in Frameworks */,
			);
			runOnlyForDeploymentPostprocessing = 0;
		};
/* End PBXFrameworksBuildPhase section */

/* Begin PBXGroup section */
		BB4B014C10F69532006C3DED /* addons */ = {
			isa = PBXGroup;
			children = (
				E7F2782013DA2DBF00827148 /* ofxXmlSettings */,
				E7F277D613DA2D9400827148 /* ofxMSAInteractiveObject */,
				E7F2772113DA2D8900827148 /* ofxSimpleGuiToo */,
				E7F2771713DA2D6B00827148 /* ofxPuffersphere */,
			);
			name = addons;
			sourceTree = "<group>";
		};
		BBAB23C913894ECA00AA2426 /* system frameworks */ = {
			isa = PBXGroup;
			children = (
				E4C2424410CC5A17004149E2 /* AppKit.framework */,
				E4C2424510CC5A17004149E2 /* Cocoa.framework */,
				E4C2424610CC5A17004149E2 /* IOKit.framework */,
				E45BE9710E8CC7DD009D7055 /* AGL.framework */,
				E45BE9720E8CC7DD009D7055 /* ApplicationServices.framework */,
				E45BE9730E8CC7DD009D7055 /* AudioToolbox.framework */,
				E45BE9740E8CC7DD009D7055 /* Carbon.framework */,
				E45BE9750E8CC7DD009D7055 /* CoreAudio.framework */,
				E45BE9760E8CC7DD009D7055 /* CoreFoundation.framework */,
				E45BE9770E8CC7DD009D7055 /* CoreServices.framework */,
				E45BE9790E8CC7DD009D7055 /* OpenGL.framework */,
				E45BE97A0E8CC7DD009D7055 /* QuickTime.framework */,
			);
			name = "system frameworks";
			sourceTree = "<group>";
		};
		BBAB23CA13894EDB00AA2426 /* 3rd party frameworks */ = {
			isa = PBXGroup;
			children = (
				BBAB23BE13894E4700AA2426 /* GLUT.framework */,
			);
			name = "3rd party frameworks";
			sourceTree = "<group>";
		};
		E4328144138ABC890047C5CB /* Products */ = {
			isa = PBXGroup;
			children = (
				E4328148138ABC890047C5CB /* openFrameworksDebug.a */,
			);
			name = Products;
			sourceTree = "<group>";
		};
		E45BE5980E8CC70C009D7055 /* frameworks */ = {
			isa = PBXGroup;
			children = (
				BBAB23CA13894EDB00AA2426 /* 3rd party frameworks */,
				BBAB23C913894ECA00AA2426 /* system frameworks */,
			);
			name = frameworks;
			sourceTree = "<group>";
		};
		E4B69B4A0A3A1720003C02F2 = {
			isa = PBXGroup;
			children = (
				E4B6FCAD0C3E899E008CF71C /* openFrameworks-Info.plist */,
				E4EB6923138AFD0F00A09F29 /* Project.xcconfig */,
				E7F2784F13DA2EF900827148 /* shaders */,
				E4B69E1C0A3A1BDC003C02F2 /* src */,
				E4EEC9E9138DF44700A80321 /* openFrameworks */,
				BB4B014C10F69532006C3DED /* addons */,
				E45BE5980E8CC70C009D7055 /* frameworks */,
				E4B69B5B0A3A1756003C02F2 /* emptyExampleDebug.app */,
			);
			sourceTree = "<group>";
		};
		E4B69E1C0A3A1BDC003C02F2 /* src */ = {
			isa = PBXGroup;
			children = (
				E4B69E1D0A3A1BDC003C02F2 /* main.cpp */,
				E4B69E1F0A3A1BDC003C02F2 /* testApp.h */,
				E4B69E1E0A3A1BDC003C02F2 /* testApp.cpp */,
			);
			path = src;
			sourceTree = SOURCE_ROOT;
		};
		E4EEC9E9138DF44700A80321 /* openFrameworks */ = {
			isa = PBXGroup;
			children = (
				E4EB691F138AFCF100A09F29 /* CoreOF.xcconfig */,
				E4328143138ABC890047C5CB /* openFrameworksLib.xcodeproj */,
			);
			name = openFrameworks;
			sourceTree = "<group>";
		};
		E7F2771713DA2D6B00827148 /* ofxPuffersphere */ = {
			isa = PBXGroup;
			children = (
				E7F2771813DA2D7E00827148 /* src */,
			);
			name = ofxPuffersphere;
			sourceTree = "<group>";
		};
		E7F2771813DA2D7E00827148 /* src */ = {
			isa = PBXGroup;
			children = (
				E7F2771A13DA2D7E00827148 /* ofxPuffersphere.h */,
				E7F2771913DA2D7E00827148 /* ofxPuffersphere.cpp */,
				E7F2771C13DA2D7E00827148 /* ofxPuffersphereObject.h */,
				E7F2771B13DA2D7E00827148 /* ofxPuffersphereObject.cpp */,
			);
			name = src;
			path = ../src;
			sourceTree = SOURCE_ROOT;
		};
		E7F2772113DA2D8900827148 /* ofxSimpleGuiToo */ = {
			isa = PBXGroup;
			children = (
				E7F2772213DA2D8900827148 /* .git */,
				E7F2779E13DA2D8B00827148 /* .gitignore */,
				E7F2779F13DA2D8B00827148 /* changelog.txt */,
				E7F277A013DA2D8B00827148 /* install.xml */,
				E7F277A113DA2D8B00827148 /* LICENSE.txt */,
				E7F277A213DA2D8B00827148 /* README */,
				E7F277A313DA2D8B00827148 /* src */,
			);
			name = ofxSimpleGuiToo;
			path = ../../ofxSimpleGuiToo;
			sourceTree = SOURCE_ROOT;
		};
		E7F2772213DA2D8900827148 /* .git */ = {
			isa = PBXGroup;
			children = (
				E7F2772313DA2D8900827148 /* branches */,
				E7F2772413DA2D8900827148 /* COMMIT_EDITMSG */,
				E7F2772513DA2D8A00827148 /* config */,
				E7F2772613DA2D8A00827148 /* description */,
				E7F2772713DA2D8A00827148 /* HEAD */,
				E7F2772813DA2D8A00827148 /* hooks */,
				E7F2773313DA2D8A00827148 /* index */,
				E7F2773413DA2D8A00827148 /* info */,
				E7F2773613DA2D8A00827148 /* logs */,
				E7F2773E13DA2D8A00827148 /* objects */,
				E7F2779713DA2D8B00827148 /* refs */,
			);
			path = .git;
			sourceTree = "<group>";
		};
		E7F2772313DA2D8900827148 /* branches */ = {
			isa = PBXGroup;
			children = (
			);
			path = branches;
			sourceTree = "<group>";
		};
		E7F2772813DA2D8A00827148 /* hooks */ = {
			isa = PBXGroup;
			children = (
				E7F2772913DA2D8A00827148 /* applypatch-msg.sample */,
				E7F2772A13DA2D8A00827148 /* commit-msg.sample */,
				E7F2772B13DA2D8A00827148 /* post-commit.sample */,
				E7F2772C13DA2D8A00827148 /* post-receive.sample */,
				E7F2772D13DA2D8A00827148 /* post-update.sample */,
				E7F2772E13DA2D8A00827148 /* pre-applypatch.sample */,
				E7F2772F13DA2D8A00827148 /* pre-commit.sample */,
				E7F2773013DA2D8A00827148 /* pre-rebase.sample */,
				E7F2773113DA2D8A00827148 /* prepare-commit-msg.sample */,
				E7F2773213DA2D8A00827148 /* update.sample */,
			);
			path = hooks;
			sourceTree = "<group>";
		};
		E7F2773413DA2D8A00827148 /* info */ = {
			isa = PBXGroup;
			children = (
				E7F2773513DA2D8A00827148 /* exclude */,
			);
			path = info;
			sourceTree = "<group>";
		};
		E7F2773613DA2D8A00827148 /* logs */ = {
			isa = PBXGroup;
			children = (
				E7F2773713DA2D8A00827148 /* HEAD */,
				E7F2773813DA2D8A00827148 /* refs */,
			);
			path = logs;
			sourceTree = "<group>";
		};
		E7F2773813DA2D8A00827148 /* refs */ = {
			isa = PBXGroup;
			children = (
				E7F2773913DA2D8A00827148 /* heads */,
				E7F2773B13DA2D8A00827148 /* remotes */,
			);
			path = refs;
			sourceTree = "<group>";
		};
		E7F2773913DA2D8A00827148 /* heads */ = {
			isa = PBXGroup;
			children = (
				E7F2773A13DA2D8A00827148 /* master */,
			);
			path = heads;
			sourceTree = "<group>";
		};
		E7F2773B13DA2D8A00827148 /* remotes */ = {
			isa = PBXGroup;
			children = (
				E7F2773C13DA2D8A00827148 /* origin */,
			);
			path = remotes;
			sourceTree = "<group>";
		};
		E7F2773C13DA2D8A00827148 /* origin */ = {
			isa = PBXGroup;
			children = (
				E7F2773D13DA2D8A00827148 /* master */,
			);
			path = origin;
			sourceTree = "<group>";
		};
		E7F2773E13DA2D8A00827148 /* objects */ = {
			isa = PBXGroup;
			children = (
				E7F2773F13DA2D8A00827148 /* 09 */,
				E7F2774113DA2D8A00827148 /* 0d */,
				E7F2774313DA2D8B00827148 /* 0f */,
				E7F2774513DA2D8B00827148 /* 10 */,
				E7F2774713DA2D8B00827148 /* 12 */,
				E7F2774913DA2D8B00827148 /* 14 */,
				E7F2774B13DA2D8B00827148 /* 16 */,
				E7F2774D13DA2D8B00827148 /* 1c */,
				E7F2774F13DA2D8B00827148 /* 20 */,
				E7F2775113DA2D8B00827148 /* 29 */,
				E7F2775313DA2D8B00827148 /* 2c */,
				E7F2775513DA2D8B00827148 /* 3c */,
				E7F2775713DA2D8B00827148 /* 45 */,
				E7F2775913DA2D8B00827148 /* 4a */,
				E7F2775B13DA2D8B00827148 /* 50 */,
				E7F2775D13DA2D8B00827148 /* 54 */,
				E7F2775F13DA2D8B00827148 /* 55 */,
				E7F2776113DA2D8B00827148 /* 61 */,
				E7F2776313DA2D8B00827148 /* 65 */,
				E7F2776513DA2D8B00827148 /* 68 */,
				E7F2776713DA2D8B00827148 /* 6e */,
				E7F2776913DA2D8B00827148 /* 74 */,
				E7F2776B13DA2D8B00827148 /* 75 */,
				E7F2776D13DA2D8B00827148 /* 77 */,
				E7F2776F13DA2D8B00827148 /* 86 */,
				E7F2777213DA2D8B00827148 /* 89 */,
				E7F2777413DA2D8B00827148 /* 95 */,
				E7F2777613DA2D8B00827148 /* 98 */,
				E7F2777813DA2D8B00827148 /* 9e */,
				E7F2777A13DA2D8B00827148 /* ae */,
				E7F2777C13DA2D8B00827148 /* b4 */,
				E7F2777E13DA2D8B00827148 /* b6 */,
				E7F2778013DA2D8B00827148 /* b7 */,
				E7F2778213DA2D8B00827148 /* b8 */,
				E7F2778413DA2D8B00827148 /* bf */,
				E7F2778713DA2D8B00827148 /* ca */,
				E7F2778913DA2D8B00827148 /* d6 */,
				E7F2778B13DA2D8B00827148 /* d7 */,
				E7F2778D13DA2D8B00827148 /* dd */,
				E7F2778F13DA2D8B00827148 /* e0 */,
				E7F2779113DA2D8B00827148 /* e6 */,
				E7F2779313DA2D8B00827148 /* ee */,
				E7F2779513DA2D8B00827148 /* info */,
				E7F2779613DA2D8B00827148 /* pack */,
			);
			path = objects;
			sourceTree = "<group>";
		};
		E7F2773F13DA2D8A00827148 /* 09 */ = {
			isa = PBXGroup;
			children = (
				E7F2774013DA2D8A00827148 /* 85a6eee1c7aee2329718e458ca07d4cf613c1a */,
			);
			path = 09;
			sourceTree = "<group>";
		};
		E7F2774113DA2D8A00827148 /* 0d */ = {
			isa = PBXGroup;
			children = (
				E7F2774213DA2D8B00827148 /* 2c45e2b918d2b1eedd43038848bfd7acc5586d */,
			);
			path = 0d;
			sourceTree = "<group>";
		};
		E7F2774313DA2D8B00827148 /* 0f */ = {
			isa = PBXGroup;
			children = (
				E7F2774413DA2D8B00827148 /* 81e51a6af385024bf687ae1b9a4684f7ac6684 */,
			);
			path = 0f;
			sourceTree = "<group>";
		};
		E7F2774513DA2D8B00827148 /* 10 */ = {
			isa = PBXGroup;
			children = (
				E7F2774613DA2D8B00827148 /* 5c667afef22ba861b1ce1bb9e40c54cb7c88d7 */,
			);
			path = 10;
			sourceTree = "<group>";
		};
		E7F2774713DA2D8B00827148 /* 12 */ = {
			isa = PBXGroup;
			children = (
				E7F2774813DA2D8B00827148 /* ba92268866e0493baacfacfe1a1627d360fd41 */,
			);
			path = 12;
			sourceTree = "<group>";
		};
		E7F2774913DA2D8B00827148 /* 14 */ = {
			isa = PBXGroup;
			children = (
				E7F2774A13DA2D8B00827148 /* f058220ef3ed90b62569c290053fba9844bac9 */,
			);
			path = 14;
			sourceTree = "<group>";
		};
		E7F2774B13DA2D8B00827148 /* 16 */ = {
			isa = PBXGroup;
			children = (
				E7F2774C13DA2D8B00827148 /* 124f42983c97f70f0938d71d7601fb2dfae57d */,
			);
			path = 16;
			sourceTree = "<group>";
		};
		E7F2774D13DA2D8B00827148 /* 1c */ = {
			isa = PBXGroup;
			children = (
				E7F2774E13DA2D8B00827148 /* 30d6dcc2d862c2247e04de2c4ca529f21fb518 */,
			);
			path = 1c;
			sourceTree = "<group>";
		};
		E7F2774F13DA2D8B00827148 /* 20 */ = {
			isa = PBXGroup;
			children = (
				E7F2775013DA2D8B00827148 /* 23c106c6ed5ee2b8a43da2ea19ea527f21e312 */,
			);
			path = 20;
			sourceTree = "<group>";
		};
		E7F2775113DA2D8B00827148 /* 29 */ = {
			isa = PBXGroup;
			children = (
				E7F2775213DA2D8B00827148 /* 5829dfda6390a06dbe1fffe251d6647e640628 */,
			);
			path = 29;
			sourceTree = "<group>";
		};
		E7F2775313DA2D8B00827148 /* 2c */ = {
			isa = PBXGroup;
			children = (
				E7F2775413DA2D8B00827148 /* f9cbcdbecee1d74d8047f019c58c3326700c80 */,
			);
			path = 2c;
			sourceTree = "<group>";
		};
		E7F2775513DA2D8B00827148 /* 3c */ = {
			isa = PBXGroup;
			children = (
				E7F2775613DA2D8B00827148 /* c36d7843ff3b05147a5729e4dd971ba7a544b5 */,
			);
			path = 3c;
			sourceTree = "<group>";
		};
		E7F2775713DA2D8B00827148 /* 45 */ = {
			isa = PBXGroup;
			children = (
				E7F2775813DA2D8B00827148 /* 149314326a14b74d3d54446b05be7b5cbbb394 */,
			);
			path = 45;
			sourceTree = "<group>";
		};
		E7F2775913DA2D8B00827148 /* 4a */ = {
			isa = PBXGroup;
			children = (
				E7F2775A13DA2D8B00827148 /* 737aa6cc0af3c3c996ffb73f8157fec68659d2 */,
			);
			path = 4a;
			sourceTree = "<group>";
		};
		E7F2775B13DA2D8B00827148 /* 50 */ = {
			isa = PBXGroup;
			children = (
				E7F2775C13DA2D8B00827148 /* e646561d0410a4c72af201028e0f0a8009e3a4 */,
			);
			path = 50;
			sourceTree = "<group>";
		};
		E7F2775D13DA2D8B00827148 /* 54 */ = {
			isa = PBXGroup;
			children = (
				E7F2775E13DA2D8B00827148 /* 3b9bebdc6bd5c4b22136034a95dd097a57d3dd */,
			);
			path = 54;
			sourceTree = "<group>";
		};
		E7F2775F13DA2D8B00827148 /* 55 */ = {
			isa = PBXGroup;
			children = (
				E7F2776013DA2D8B00827148 /* 67af6f5201c9c2fe615e7344a6756d1e91ef88 */,
			);
			path = 55;
			sourceTree = "<group>";
		};
		E7F2776113DA2D8B00827148 /* 61 */ = {
			isa = PBXGroup;
			children = (
				E7F2776213DA2D8B00827148 /* 1e31530be97f24b786903b28953ce84e15fb64 */,
			);
			path = 61;
			sourceTree = "<group>";
		};
		E7F2776313DA2D8B00827148 /* 65 */ = {
			isa = PBXGroup;
			children = (
				E7F2776413DA2D8B00827148 /* 7efa7a9a7c7bb97a525128fa2d07ea8195ebbf */,
			);
			path = 65;
			sourceTree = "<group>";
		};
		E7F2776513DA2D8B00827148 /* 68 */ = {
			isa = PBXGroup;
			children = (
				E7F2776613DA2D8B00827148 /* 353d29b1cf2455de16c2e94739403e082d6b28 */,
			);
			path = 68;
			sourceTree = "<group>";
		};
		E7F2776713DA2D8B00827148 /* 6e */ = {
			isa = PBXGroup;
			children = (
				E7F2776813DA2D8B00827148 /* 8ddaa0538e8d2781da93706385726e0b4d3059 */,
			);
			path = 6e;
			sourceTree = "<group>";
		};
		E7F2776913DA2D8B00827148 /* 74 */ = {
			isa = PBXGroup;
			children = (
				E7F2776A13DA2D8B00827148 /* 30239b2be7909071d996e85a6d783bf6b09ad8 */,
			);
			path = 74;
			sourceTree = "<group>";
		};
		E7F2776B13DA2D8B00827148 /* 75 */ = {
			isa = PBXGroup;
			children = (
				E7F2776C13DA2D8B00827148 /* a108984c6aa3a9c02b8fd8b6582233c47ed72d */,
			);
			path = 75;
			sourceTree = "<group>";
		};
		E7F2776D13DA2D8B00827148 /* 77 */ = {
			isa = PBXGroup;
			children = (
				E7F2776E13DA2D8B00827148 /* 171154e2ab06d9701d18d23ce1394db3c2577e */,
			);
			path = 77;
			sourceTree = "<group>";
		};
		E7F2776F13DA2D8B00827148 /* 86 */ = {
			isa = PBXGroup;
			children = (
				E7F2777013DA2D8B00827148 /* 4ae6be3ce606632213eff380fab1c8efefb635 */,
				E7F2777113DA2D8B00827148 /* fb022b298cca9481ee21d9b93518cc2754be82 */,
			);
			path = 86;
			sourceTree = "<group>";
		};
		E7F2777213DA2D8B00827148 /* 89 */ = {
			isa = PBXGroup;
			children = (
				E7F2777313DA2D8B00827148 /* 0300cf99391d6e4889d85b89c00211818266c9 */,
			);
			path = 89;
			sourceTree = "<group>";
		};
		E7F2777413DA2D8B00827148 /* 95 */ = {
			isa = PBXGroup;
			children = (
				E7F2777513DA2D8B00827148 /* ee4d94d5b80c7d8c1bf1c86bf9771600a58fed */,
			);
			path = 95;
			sourceTree = "<group>";
		};
		E7F2777613DA2D8B00827148 /* 98 */ = {
			isa = PBXGroup;
			children = (
				E7F2777713DA2D8B00827148 /* 307806b9ed9b16ea8cd2b4d8f8b4357e159315 */,
			);
			path = 98;
			sourceTree = "<group>";
		};
		E7F2777813DA2D8B00827148 /* 9e */ = {
			isa = PBXGroup;
			children = (
				E7F2777913DA2D8B00827148 /* 90158753004703b87c5d96ce30f034dffefccd */,
			);
			path = 9e;
			sourceTree = "<group>";
		};
		E7F2777A13DA2D8B00827148 /* ae */ = {
			isa = PBXGroup;
			children = (
				E7F2777B13DA2D8B00827148 /* 713015d7b75b221b5a8745ffc614b7f50115e0 */,
			);
			path = ae;
			sourceTree = "<group>";
		};
		E7F2777C13DA2D8B00827148 /* b4 */ = {
			isa = PBXGroup;
			children = (
				E7F2777D13DA2D8B00827148 /* 92406346021e0d581a6dc1c0ef8861939fc49b */,
			);
			path = b4;
			sourceTree = "<group>";
		};
		E7F2777E13DA2D8B00827148 /* b6 */ = {
			isa = PBXGroup;
			children = (
				E7F2777F13DA2D8B00827148 /* cba64dd33c4ed239c8ab1333b0d3bcb0b58c3e */,
			);
			path = b6;
			sourceTree = "<group>";
		};
		E7F2778013DA2D8B00827148 /* b7 */ = {
			isa = PBXGroup;
			children = (
				E7F2778113DA2D8B00827148 /* d335813b2b0e66c95061d45351d4d6770a8033 */,
			);
			path = b7;
			sourceTree = "<group>";
		};
		E7F2778213DA2D8B00827148 /* b8 */ = {
			isa = PBXGroup;
			children = (
				E7F2778313DA2D8B00827148 /* 438e1f76c8a875427bb7704fc545f39b98ea63 */,
			);
			path = b8;
			sourceTree = "<group>";
		};
		E7F2778413DA2D8B00827148 /* bf */ = {
			isa = PBXGroup;
			children = (
				E7F2778513DA2D8B00827148 /* 0f79852e4b00c33715d62906f85b0eef710a78 */,
				E7F2778613DA2D8B00827148 /* f2e2bbd7e0e3d101ffc02f20a3dc6ca2b755e2 */,
			);
			path = bf;
			sourceTree = "<group>";
		};
		E7F2778713DA2D8B00827148 /* ca */ = {
			isa = PBXGroup;
			children = (
				E7F2778813DA2D8B00827148 /* ac62b55abc696530cbd46c6845f7d49c70a93d */,
			);
			path = ca;
			sourceTree = "<group>";
		};
		E7F2778913DA2D8B00827148 /* d6 */ = {
			isa = PBXGroup;
			children = (
				E7F2778A13DA2D8B00827148 /* 41f08cc626046930a8aa689ed62aa0b03b19f9 */,
			);
			path = d6;
			sourceTree = "<group>";
		};
		E7F2778B13DA2D8B00827148 /* d7 */ = {
			isa = PBXGroup;
			children = (
				E7F2778C13DA2D8B00827148 /* dda05c5ab7f509451224985a0ec50b23e459d4 */,
			);
			path = d7;
			sourceTree = "<group>";
		};
		E7F2778D13DA2D8B00827148 /* dd */ = {
			isa = PBXGroup;
			children = (
				E7F2778E13DA2D8B00827148 /* 82f9ef788591d7abf02fd08fb957c6dd2fbec8 */,
			);
			path = dd;
			sourceTree = "<group>";
		};
		E7F2778F13DA2D8B00827148 /* e0 */ = {
			isa = PBXGroup;
			children = (
				E7F2779013DA2D8B00827148 /* 5a4a4b02d2718abbadafcb16b1f4d789fc79b6 */,
			);
			path = e0;
			sourceTree = "<group>";
		};
		E7F2779113DA2D8B00827148 /* e6 */ = {
			isa = PBXGroup;
			children = (
				E7F2779213DA2D8B00827148 /* 9de29bb2d1d6434b8b29ae775ad8c2e48c5391 */,
			);
			path = e6;
			sourceTree = "<group>";
		};
		E7F2779313DA2D8B00827148 /* ee */ = {
			isa = PBXGroup;
			children = (
				E7F2779413DA2D8B00827148 /* 05a140296c1dd6fd4f91697c2e57db6e999769 */,
			);
			path = ee;
			sourceTree = "<group>";
		};
		E7F2779513DA2D8B00827148 /* info */ = {
			isa = PBXGroup;
			children = (
			);
			path = info;
			sourceTree = "<group>";
		};
		E7F2779613DA2D8B00827148 /* pack */ = {
			isa = PBXGroup;
			children = (
			);
			path = pack;
			sourceTree = "<group>";
		};
		E7F2779713DA2D8B00827148 /* refs */ = {
			isa = PBXGroup;
			children = (
				E7F2779813DA2D8B00827148 /* heads */,
				E7F2779A13DA2D8B00827148 /* remotes */,
				E7F2779D13DA2D8B00827148 /* tags */,
			);
			path = refs;
			sourceTree = "<group>";
		};
		E7F2779813DA2D8B00827148 /* heads */ = {
			isa = PBXGroup;
			children = (
				E7F2779913DA2D8B00827148 /* master */,
			);
			path = heads;
			sourceTree = "<group>";
		};
		E7F2779A13DA2D8B00827148 /* remotes */ = {
			isa = PBXGroup;
			children = (
				E7F2779B13DA2D8B00827148 /* origin */,
			);
			path = remotes;
			sourceTree = "<group>";
		};
		E7F2779B13DA2D8B00827148 /* origin */ = {
			isa = PBXGroup;
			children = (
				E7F2779C13DA2D8B00827148 /* master */,
			);
			path = origin;
			sourceTree = "<group>";
		};
		E7F2779D13DA2D8B00827148 /* tags */ = {
			isa = PBXGroup;
			children = (
			);
			path = tags;
			sourceTree = "<group>";
		};
		E7F277A313DA2D8B00827148 /* src */ = {
			isa = PBXGroup;
			children = (
				E7F277A413DA2D8B00827148 /* Controls */,
				E7F277BC13DA2D8B00827148 /* ofxSimpleGuiConfig.cpp */,
				E7F277BD13DA2D8B00827148 /* ofxSimpleGuiConfig.h */,
				E7F277BE13DA2D8B00827148 /* ofxSimpleGuiControl.cpp */,
				E7F277BF13DA2D8B00827148 /* ofxSimpleGuiControl.h */,
				E7F277C013DA2D8B00827148 /* ofxSimpleGuiIncludes.h */,
				E7F277C113DA2D8B00827148 /* ofxSimpleGuiPage.cpp */,
				E7F277C213DA2D8B00827148 /* ofxSimpleGuiPage.h */,
				E7F277C313DA2D8B00827148 /* ofxSimpleGuiToo.cpp */,
				E7F277C413DA2D8B00827148 /* ofxSimpleGuiToo.h */,
				E7F277C513DA2D8B00827148 /* ofxSimpleGuiValueControl.cpp */,
				E7F277C613DA2D8B00827148 /* ofxSimpleGuiValueControl.h */,
			);
			path = src;
			sourceTree = "<group>";
		};
		E7F277A413DA2D8B00827148 /* Controls */ = {
			isa = PBXGroup;
			children = (
				E7F277A513DA2D8B00827148 /* ofxSimpleGuiButton.cpp */,
				E7F277A613DA2D8B00827148 /* ofxSimpleGuiButton.h */,
				E7F277A713DA2D8B00827148 /* ofxSimpleGuiColorPicker.cpp */,
				E7F277A813DA2D8B00827148 /* ofxSimpleGuiColorPicker.h */,
				E7F277A913DA2D8B00827148 /* ofxSimpleGuiComboBox.cpp */,
				E7F277AA13DA2D8B00827148 /* ofxSimpleGuiComboBox.h */,
				E7F277AB13DA2D8B00827148 /* ofxSimpleGuiContent.cpp */,
				E7F277AC13DA2D8B00827148 /* ofxSimpleGuiContent.h */,
				E7F277AD13DA2D8B00827148 /* ofxSimpleGuiFPSCounter.cpp */,
				E7F277AE13DA2D8B00827148 /* ofxSimpleGuiFPSCounter.h */,
				E7F277AF13DA2D8B00827148 /* ofxSimpleGuiMovieSlider.cpp */,
				E7F277B013DA2D8B00827148 /* ofxSimpleGuiMovieSlider.h */,
				E7F277B113DA2D8B00827148 /* ofxSimpleGuiQuadWarp.cpp */,
				E7F277B213DA2D8B00827148 /* ofxSimpleGuiQuadWarp.h */,
				E7F277B313DA2D8B00827148 /* ofxSimpleGuiSlider2d.cpp */,
				E7F277B413DA2D8B00827148 /* ofxSimpleGuiSlider2d.h */,
				E7F277B513DA2D8B00827148 /* ofxSimpleGuiSliderBase.h */,
				E7F277B613DA2D8B00827148 /* ofxSimpleGuiSliderFloat.h */,
				E7F277B713DA2D8B00827148 /* ofxSimpleGuiSliderInt.h */,
				E7F277B813DA2D8B00827148 /* ofxSimpleGuiTitle.cpp */,
				E7F277B913DA2D8B00827148 /* ofxSimpleGuiTitle.h */,
				E7F277BA13DA2D8B00827148 /* ofxSimpleGuiToggle.cpp */,
				E7F277BB13DA2D8B00827148 /* ofxSimpleGuiToggle.h */,
			);
			path = Controls;
			sourceTree = "<group>";
		};
		E7F277D613DA2D9400827148 /* ofxMSAInteractiveObject */ = {
			isa = PBXGroup;
			children = (
				E7F277D713DA2D9400827148 /* .git */,
				E7F2781513DA2D9400827148 /* .gitignore */,
				E7F2781613DA2D9400827148 /* changelog.txt */,
				E7F2781713DA2D9400827148 /* install.xml */,
				E7F2781813DA2D9400827148 /* LICENSE.txt */,
				E7F2781913DA2D9400827148 /* README */,
				E7F2781A13DA2D9400827148 /* src */,
			);
			name = ofxMSAInteractiveObject;
			path = ../../ofxMSAInteractiveObject;
			sourceTree = SOURCE_ROOT;
		};
		E7F277D713DA2D9400827148 /* .git */ = {
			isa = PBXGroup;
			children = (
				E7F277D813DA2D9400827148 /* branches */,
				E7F277D913DA2D9400827148 /* COMMIT_EDITMSG */,
				E7F277DA13DA2D9400827148 /* config */,
				E7F277DB13DA2D9400827148 /* description */,
				E7F277DC13DA2D9400827148 /* HEAD */,
				E7F277DD13DA2D9400827148 /* hooks */,
				E7F277E813DA2D9400827148 /* index */,
				E7F277E913DA2D9400827148 /* info */,
				E7F277EB13DA2D9400827148 /* logs */,
				E7F277F313DA2D9400827148 /* objects */,
				E7F2780E13DA2D9400827148 /* refs */,
			);
			path = .git;
			sourceTree = "<group>";
		};
		E7F277D813DA2D9400827148 /* branches */ = {
			isa = PBXGroup;
			children = (
			);
			path = branches;
			sourceTree = "<group>";
		};
		E7F277DD13DA2D9400827148 /* hooks */ = {
			isa = PBXGroup;
			children = (
				E7F277DE13DA2D9400827148 /* applypatch-msg.sample */,
				E7F277DF13DA2D9400827148 /* commit-msg.sample */,
				E7F277E013DA2D9400827148 /* post-commit.sample */,
				E7F277E113DA2D9400827148 /* post-receive.sample */,
				E7F277E213DA2D9400827148 /* post-update.sample */,
				E7F277E313DA2D9400827148 /* pre-applypatch.sample */,
				E7F277E413DA2D9400827148 /* pre-commit.sample */,
				E7F277E513DA2D9400827148 /* pre-rebase.sample */,
				E7F277E613DA2D9400827148 /* prepare-commit-msg.sample */,
				E7F277E713DA2D9400827148 /* update.sample */,
			);
			path = hooks;
			sourceTree = "<group>";
		};
		E7F277E913DA2D9400827148 /* info */ = {
			isa = PBXGroup;
			children = (
				E7F277EA13DA2D9400827148 /* exclude */,
			);
			path = info;
			sourceTree = "<group>";
		};
		E7F277EB13DA2D9400827148 /* logs */ = {
			isa = PBXGroup;
			children = (
				E7F277EC13DA2D9400827148 /* HEAD */,
				E7F277ED13DA2D9400827148 /* refs */,
			);
			path = logs;
			sourceTree = "<group>";
		};
		E7F277ED13DA2D9400827148 /* refs */ = {
			isa = PBXGroup;
			children = (
				E7F277EE13DA2D9400827148 /* heads */,
				E7F277F013DA2D9400827148 /* remotes */,
			);
			path = refs;
			sourceTree = "<group>";
		};
		E7F277EE13DA2D9400827148 /* heads */ = {
			isa = PBXGroup;
			children = (
				E7F277EF13DA2D9400827148 /* master */,
			);
			path = heads;
			sourceTree = "<group>";
		};
		E7F277F013DA2D9400827148 /* remotes */ = {
			isa = PBXGroup;
			children = (
				E7F277F113DA2D9400827148 /* origin */,
			);
			path = remotes;
			sourceTree = "<group>";
		};
		E7F277F113DA2D9400827148 /* origin */ = {
			isa = PBXGroup;
			children = (
				E7F277F213DA2D9400827148 /* master */,
			);
			path = origin;
			sourceTree = "<group>";
		};
		E7F277F313DA2D9400827148 /* objects */ = {
			isa = PBXGroup;
			children = (
				E7F277F413DA2D9400827148 /* 0d */,
				E7F277F613DA2D9400827148 /* 0f */,
				E7F277F813DA2D9400827148 /* 10 */,
				E7F277FA13DA2D9400827148 /* 15 */,
				E7F277FC13DA2D9400827148 /* 34 */,
				E7F277FE13DA2D9400827148 /* 41 */,
				E7F2780013DA2D9400827148 /* 54 */,
				E7F2780213DA2D9400827148 /* 6a */,
				E7F2780413DA2D9400827148 /* c1 */,
				E7F2780613DA2D9400827148 /* e6 */,
				E7F2780813DA2D9400827148 /* e7 */,
				E7F2780A13DA2D9400827148 /* f4 */,
				E7F2780C13DA2D9400827148 /* info */,
				E7F2780D13DA2D9400827148 /* pack */,
			);
			path = objects;
			sourceTree = "<group>";
		};
		E7F277F413DA2D9400827148 /* 0d */ = {
			isa = PBXGroup;
			children = (
				E7F277F513DA2D9400827148 /* bc283106b53ccaf08303e026723545054dd710 */,
			);
			path = 0d;
			sourceTree = "<group>";
		};
		E7F277F613DA2D9400827148 /* 0f */ = {
			isa = PBXGroup;
			children = (
				E7F277F713DA2D9400827148 /* 3bb48149a65fa9e29b7878244dfe35610fb427 */,
			);
			path = 0f;
			sourceTree = "<group>";
		};
		E7F277F813DA2D9400827148 /* 10 */ = {
			isa = PBXGroup;
			children = (
				E7F277F913DA2D9400827148 /* 5c667afef22ba861b1ce1bb9e40c54cb7c88d7 */,
			);
			path = 10;
			sourceTree = "<group>";
		};
		E7F277FA13DA2D9400827148 /* 15 */ = {
			isa = PBXGroup;
			children = (
				E7F277FB13DA2D9400827148 /* 9e06061c5a9992e56f5c7402d93ef65ace4fa9 */,
			);
			path = 15;
			sourceTree = "<group>";
		};
		E7F277FC13DA2D9400827148 /* 34 */ = {
			isa = PBXGroup;
			children = (
				E7F277FD13DA2D9400827148 /* 225028d7c596d9aa78cfcd9c9f741c0994e479 */,
			);
			path = 34;
			sourceTree = "<group>";
		};
		E7F277FE13DA2D9400827148 /* 41 */ = {
			isa = PBXGroup;
			children = (
				E7F277FF13DA2D9400827148 /* f1ad6a8b9a896b56d0397231acc89682b15b98 */,
			);
			path = 41;
			sourceTree = "<group>";
		};
		E7F2780013DA2D9400827148 /* 54 */ = {
			isa = PBXGroup;
			children = (
				E7F2780113DA2D9400827148 /* 3b9bebdc6bd5c4b22136034a95dd097a57d3dd */,
			);
			path = 54;
			sourceTree = "<group>";
		};
		E7F2780213DA2D9400827148 /* 6a */ = {
			isa = PBXGroup;
			children = (
				E7F2780313DA2D9400827148 /* a7cb5b7df8b05cff6bc50a5b02545deceee558 */,
			);
			path = 6a;
			sourceTree = "<group>";
		};
		E7F2780413DA2D9400827148 /* c1 */ = {
			isa = PBXGroup;
			children = (
				E7F2780513DA2D9400827148 /* a932f62c7ade7aaee041cfa2c01878fccc2e6f */,
			);
			path = c1;
			sourceTree = "<group>";
		};
		E7F2780613DA2D9400827148 /* e6 */ = {
			isa = PBXGroup;
			children = (
				E7F2780713DA2D9400827148 /* 9de29bb2d1d6434b8b29ae775ad8c2e48c5391 */,
			);
			path = e6;
			sourceTree = "<group>";
		};
		E7F2780813DA2D9400827148 /* e7 */ = {
			isa = PBXGroup;
			children = (
				E7F2780913DA2D9400827148 /* f76cd6eefe0550e78d48f0e02c943d1069cc28 */,
			);
			path = e7;
			sourceTree = "<group>";
		};
		E7F2780A13DA2D9400827148 /* f4 */ = {
			isa = PBXGroup;
			children = (
				E7F2780B13DA2D9400827148 /* fc80e13cc4f3bfdec4a709695ae25b396e7c3d */,
			);
			path = f4;
			sourceTree = "<group>";
		};
		E7F2780C13DA2D9400827148 /* info */ = {
			isa = PBXGroup;
			children = (
			);
			path = info;
			sourceTree = "<group>";
		};
		E7F2780D13DA2D9400827148 /* pack */ = {
			isa = PBXGroup;
			children = (
			);
			path = pack;
			sourceTree = "<group>";
		};
		E7F2780E13DA2D9400827148 /* refs */ = {
			isa = PBXGroup;
			children = (
				E7F2780F13DA2D9400827148 /* heads */,
				E7F2781113DA2D9400827148 /* remotes */,
				E7F2781413DA2D9400827148 /* tags */,
			);
			path = refs;
			sourceTree = "<group>";
		};
		E7F2780F13DA2D9400827148 /* heads */ = {
			isa = PBXGroup;
			children = (
				E7F2781013DA2D9400827148 /* master */,
			);
			path = heads;
			sourceTree = "<group>";
		};
		E7F2781113DA2D9400827148 /* remotes */ = {
			isa = PBXGroup;
			children = (
				E7F2781213DA2D9400827148 /* origin */,
			);
			path = remotes;
			sourceTree = "<group>";
		};
		E7F2781213DA2D9400827148 /* origin */ = {
			isa = PBXGroup;
			children = (
				E7F2781313DA2D9400827148 /* master */,
			);
			path = origin;
			sourceTree = "<group>";
		};
		E7F2781413DA2D9400827148 /* tags */ = {
			isa = PBXGroup;
			children = (
			);
			path = tags;
			sourceTree = "<group>";
		};
		E7F2781A13DA2D9400827148 /* src */ = {
			isa = PBXGroup;
			children = (
				E7F2781B13DA2D9400827148 /* ofxMSAInteractiveObject.cpp */,
				E7F2781C13DA2D9400827148 /* ofxMSAInteractiveObject.h */,
			);
			path = src;
			sourceTree = "<group>";
		};
		E7F2782013DA2DBF00827148 /* ofxXmlSettings */ = {
			isa = PBXGroup;
			children = (
				E7F2782113DA2DBF00827148 /* install.xml */,
				E7F2782213DA2DBF00827148 /* libs */,
				E7F2782713DA2DBF00827148 /* src */,
			);
			name = ofxXmlSettings;
			path = ../../ofxXmlSettings;
			sourceTree = SOURCE_ROOT;
		};
		E7F2782213DA2DBF00827148 /* libs */ = {
			isa = PBXGroup;
			children = (
				E7F2782313DA2DBF00827148 /* tinyxml.cpp */,
				E7F2782413DA2DBF00827148 /* tinyxml.h */,
				E7F2782513DA2DBF00827148 /* tinyxmlerror.cpp */,
				E7F2782613DA2DBF00827148 /* tinyxmlparser.cpp */,
			);
			path = libs;
			sourceTree = "<group>";
		};
		E7F2782713DA2DBF00827148 /* src */ = {
			isa = PBXGroup;
			children = (
				E7F2782813DA2DBF00827148 /* ofxXmlSettings.cpp */,
				E7F2782913DA2DBF00827148 /* ofxXmlSettings.h */,
			);
			path = src;
			sourceTree = "<group>";
		};
		E7F2784F13DA2EF900827148 /* shaders */ = {
			isa = PBXGroup;
			children = (
				E7F2785013DA2EF900827148 /* offaxis.frag */,
				E7F2785113DA2EF900827148 /* offaxis.vert */,
				E7F2785213DA2EF900827148 /* spherize.frag */,
				E7F2785313DA2EF900827148 /* spherize.vert */,
			);
			name = shaders;
			path = bin/data/shaders;
			sourceTree = "<group>";
		};
/* End PBXGroup section */

/* Begin PBXNativeTarget section */
		E4B69B5A0A3A1756003C02F2 /* emptyExample */ = {
			isa = PBXNativeTarget;
			buildConfigurationList = E4B69B5F0A3A1757003C02F2 /* Build configuration list for PBXNativeTarget "emptyExample" */;
			buildPhases = (
				E4B69B580A3A1756003C02F2 /* Sources */,
				E4B69B590A3A1756003C02F2 /* Frameworks */,
				E4B6FFFD0C3F9AB9008CF71C /* ShellScript */,
				E4C2427710CC5ABF004149E2 /* CopyFiles */,
			);
			buildRules = (
			);
			dependencies = (
				E4EEB9AC138B136A00A80321 /* PBXTargetDependency */,
			);
			name = emptyExample;
			productName = myOFApp;
			productReference = E4B69B5B0A3A1756003C02F2 /* emptyExampleDebug.app */;
			productType = "com.apple.product-type.application";
		};
/* End PBXNativeTarget section */

/* Begin PBXProject section */
		E4B69B4C0A3A1720003C02F2 /* Project object */ = {
			isa = PBXProject;
			buildConfigurationList = E4B69B4D0A3A1720003C02F2 /* Build configuration list for PBXProject "spinningSquare" */;
			compatibilityVersion = "Xcode 2.4";
			hasScannedForEncodings = 0;
			knownRegions = (
				English,
				Japanese,
				French,
				German,
			);
			mainGroup = E4B69B4A0A3A1720003C02F2;
			productRefGroup = E4B69B4A0A3A1720003C02F2;
			projectDirPath = "";
			projectReferences = (
				{
					ProductGroup = E4328144138ABC890047C5CB /* Products */;
					ProjectRef = E4328143138ABC890047C5CB /* openFrameworksLib.xcodeproj */;
				},
			);
			projectRoot = "";
			targets = (
				E4B69B5A0A3A1756003C02F2 /* emptyExample */,
			);
		};
/* End PBXProject section */

/* Begin PBXReferenceProxy section */
		E4328148138ABC890047C5CB /* openFrameworksDebug.a */ = {
			isa = PBXReferenceProxy;
			fileType = archive.ar;
			path = openFrameworksDebug.a;
			remoteRef = E4328147138ABC890047C5CB /* PBXContainerItemProxy */;
			sourceTree = BUILT_PRODUCTS_DIR;
		};
/* End PBXReferenceProxy section */

/* Begin PBXShellScriptBuildPhase section */
		E4B6FFFD0C3F9AB9008CF71C /* ShellScript */ = {
			isa = PBXShellScriptBuildPhase;
			buildActionMask = 2147483647;
			files = (
			);
			inputPaths = (
			);
			outputPaths = (
			);
			runOnlyForDeploymentPostprocessing = 0;
			shellPath = /bin/sh;
			shellScript = "cp -f ../../../libs/fmodex/lib/osx/libfmodex.dylib \"$TARGET_BUILD_DIR/$PRODUCT_NAME.app/Contents/MacOS/libfmodex.dylib\"; install_name_tool -change ./libfmodex.dylib @executable_path/libfmodex.dylib \"$TARGET_BUILD_DIR/$PRODUCT_NAME.app/Contents/MacOS/$PRODUCT_NAME\";";
		};
/* End PBXShellScriptBuildPhase section */

/* Begin PBXSourcesBuildPhase section */
		E4B69B580A3A1756003C02F2 /* Sources */ = {
			isa = PBXSourcesBuildPhase;
			buildActionMask = 2147483647;
			files = (
				E4B69E200A3A1BDC003C02F2 /* main.cpp in Sources */,
				E4B69E210A3A1BDC003C02F2 /* testApp.cpp in Sources */,
				E7F2771D13DA2D7E00827148 /* ofxPuffersphere.cpp in Sources */,
				E7F2771E13DA2D7E00827148 /* ofxPuffersphereObject.cpp in Sources */,
				E7F277C713DA2D8B00827148 /* ofxSimpleGuiButton.cpp in Sources */,
				E7F277C813DA2D8B00827148 /* ofxSimpleGuiColorPicker.cpp in Sources */,
				E7F277C913DA2D8B00827148 /* ofxSimpleGuiComboBox.cpp in Sources */,
				E7F277CA13DA2D8B00827148 /* ofxSimpleGuiContent.cpp in Sources */,
				E7F277CB13DA2D8B00827148 /* ofxSimpleGuiFPSCounter.cpp in Sources */,
				E7F277CC13DA2D8B00827148 /* ofxSimpleGuiMovieSlider.cpp in Sources */,
				E7F277CD13DA2D8B00827148 /* ofxSimpleGuiQuadWarp.cpp in Sources */,
				E7F277CE13DA2D8B00827148 /* ofxSimpleGuiSlider2d.cpp in Sources */,
				E7F277CF13DA2D8B00827148 /* ofxSimpleGuiTitle.cpp in Sources */,
				E7F277D013DA2D8B00827148 /* ofxSimpleGuiToggle.cpp in Sources */,
				E7F277D113DA2D8B00827148 /* ofxSimpleGuiConfig.cpp in Sources */,
				E7F277D213DA2D8B00827148 /* ofxSimpleGuiControl.cpp in Sources */,
				E7F277D313DA2D8B00827148 /* ofxSimpleGuiPage.cpp in Sources */,
				E7F277D413DA2D8B00827148 /* ofxSimpleGuiToo.cpp in Sources */,
				E7F277D513DA2D8B00827148 /* ofxSimpleGuiValueControl.cpp in Sources */,
				E7F2781D13DA2D9400827148 /* ofxMSAInteractiveObject.cpp in Sources */,
				E7F2782A13DA2DBF00827148 /* tinyxml.cpp in Sources */,
				E7F2782B13DA2DBF00827148 /* tinyxmlerror.cpp in Sources */,
				E7F2782C13DA2DBF00827148 /* tinyxmlparser.cpp in Sources */,
				E7F2782D13DA2DBF00827148 /* ofxXmlSettings.cpp in Sources */,
				E7F2785413DA2EF900827148 /* offaxis.frag in Sources */,
				E7F2785513DA2EF900827148 /* offaxis.vert in Sources */,
				E7F2785613DA2EF900827148 /* spherize.frag in Sources */,
				E7F2785713DA2EF900827148 /* spherize.vert in Sources */,
			);
			runOnlyForDeploymentPostprocessing = 0;
		};
/* End PBXSourcesBuildPhase section */

/* Begin PBXTargetDependency section */
		E4EEB9AC138B136A00A80321 /* PBXTargetDependency */ = {
			isa = PBXTargetDependency;
			name = openFrameworks;
			targetProxy = E4EEB9AB138B136A00A80321 /* PBXContainerItemProxy */;
		};
/* End PBXTargetDependency section */

/* Begin XCBuildConfiguration section */
		E4B69B4E0A3A1720003C02F2 /* Debug */ = {
			isa = XCBuildConfiguration;
			baseConfigurationReference = E4EB6923138AFD0F00A09F29 /* Project.xcconfig */;
			buildSettings = {
				ARCHS = "$(NATIVE_ARCH)";
				CONFIGURATION_BUILD_DIR = "$(SRCROOT)/bin/";
				COPY_PHASE_STRIP = NO;
				DEAD_CODE_STRIPPING = YES;
				GCC_AUTO_VECTORIZATION = YES;
				GCC_ENABLE_SSE3_EXTENSIONS = YES;
				GCC_ENABLE_SUPPLEMENTAL_SSE3_INSTRUCTIONS = YES;
				GCC_INLINES_ARE_PRIVATE_EXTERN = NO;
				GCC_MODEL_TUNING = G5;
				GCC_SYMBOLS_PRIVATE_EXTERN = NO;
				GCC_WARN_ABOUT_DEPRECATED_FUNCTIONS = NO;
				GCC_WARN_ABOUT_INVALID_OFFSETOF_MACRO = NO;
				GCC_WARN_ALLOW_INCOMPLETE_PROTOCOL = NO;
				GCC_WARN_UNINITIALIZED_AUTOS = NO;
				GCC_WARN_UNUSED_VALUE = NO;
				GCC_WARN_UNUSED_VARIABLE = NO;
				OTHER_CPLUSPLUSFLAGS = (
					"-D__MACOSX_CORE__",
					"-lpthread",
				);
			};
			name = Debug;
		};
		E4B69B4F0A3A1720003C02F2 /* Release */ = {
			isa = XCBuildConfiguration;
			baseConfigurationReference = E4EB6923138AFD0F00A09F29 /* Project.xcconfig */;
			buildSettings = {
				ARCHS = "$(NATIVE_ARCH)";
				CONFIGURATION_BUILD_DIR = "$(SRCROOT)/bin/";
				COPY_PHASE_STRIP = YES;
				DEAD_CODE_STRIPPING = YES;
				GCC_AUTO_VECTORIZATION = YES;
				GCC_ENABLE_SSE3_EXTENSIONS = YES;
				GCC_ENABLE_SUPPLEMENTAL_SSE3_INSTRUCTIONS = YES;
				GCC_INLINES_ARE_PRIVATE_EXTERN = NO;
				GCC_MODEL_TUNING = G5;
				GCC_OPTIMIZATION_LEVEL = 3;
				GCC_SYMBOLS_PRIVATE_EXTERN = NO;
				GCC_UNROLL_LOOPS = YES;
				GCC_WARN_ABOUT_DEPRECATED_FUNCTIONS = NO;
				GCC_WARN_ABOUT_INVALID_OFFSETOF_MACRO = NO;
				GCC_WARN_ALLOW_INCOMPLETE_PROTOCOL = NO;
				GCC_WARN_UNINITIALIZED_AUTOS = NO;
				GCC_WARN_UNUSED_VALUE = NO;
				GCC_WARN_UNUSED_VARIABLE = NO;
				OTHER_CPLUSPLUSFLAGS = (
					"-D__MACOSX_CORE__",
					"-lpthread",
				);
			};
			name = Release;
		};
		E4B69B600A3A1757003C02F2 /* Debug */ = {
			isa = XCBuildConfiguration;
			buildSettings = {
				COPY_PHASE_STRIP = NO;
				FRAMEWORK_SEARCH_PATHS = (
					"$(inherited)",
					"$(FRAMEWORK_SEARCH_PATHS_QUOTED_FOR_TARGET_1)",
				);
				FRAMEWORK_SEARCH_PATHS_QUOTED_FOR_TARGET_1 = "\"$(SRCROOT)/../../../libs/glut/lib/osx\"";
				GCC_DYNAMIC_NO_PIC = NO;
				GCC_ENABLE_FIX_AND_CONTINUE = YES;
				GCC_GENERATE_DEBUGGING_SYMBOLS = YES;
				GCC_MODEL_TUNING = G4;
				GCC_PRECOMPILE_PREFIX_HEADER = YES;
				GCC_PREFIX_HEADER = "$(SYSTEM_LIBRARY_DIR)/Frameworks/Carbon.framework/Headers/Carbon.h";
				INFOPLIST_FILE = "openFrameworks-Info.plist";
				INSTALL_PATH = "$(HOME)/Applications";
				LIBRARY_SEARCH_PATHS = (
					"$(inherited)",
					"$(LIBRARY_SEARCH_PATHS_QUOTED_FOR_TARGET_1)",
					"$(LIBRARY_SEARCH_PATHS_QUOTED_FOR_TARGET_2)",
					"$(LIBRARY_SEARCH_PATHS_QUOTED_FOR_TARGET_3)",
					"$(LIBRARY_SEARCH_PATHS_QUOTED_FOR_TARGET_4)",
					"$(LIBRARY_SEARCH_PATHS_QUOTED_FOR_TARGET_5)",
					"$(LIBRARY_SEARCH_PATHS_QUOTED_FOR_TARGET_6)",
					"$(LIBRARY_SEARCH_PATHS_QUOTED_FOR_TARGET_7)",
					"$(LIBRARY_SEARCH_PATHS_QUOTED_FOR_TARGET_8)",
					"$(LIBRARY_SEARCH_PATHS_QUOTED_FOR_TARGET_9)",
					"$(LIBRARY_SEARCH_PATHS_QUOTED_FOR_TARGET_10)",
					"$(LIBRARY_SEARCH_PATHS_QUOTED_FOR_TARGET_11)",
					"$(LIBRARY_SEARCH_PATHS_QUOTED_FOR_TARGET_12)",
					"$(LIBRARY_SEARCH_PATHS_QUOTED_FOR_TARGET_13)",
					"$(LIBRARY_SEARCH_PATHS_QUOTED_FOR_TARGET_14)",
					"$(LIBRARY_SEARCH_PATHS_QUOTED_FOR_TARGET_15)",
					"$(LIBRARY_SEARCH_PATHS_QUOTED_FOR_TARGET_2)",
					"$(LIBRARY_SEARCH_PATHS_QUOTED_FOR_TARGET_3)",
					"$(LIBRARY_SEARCH_PATHS_QUOTED_FOR_TARGET_7)",
					"$(LIBRARY_SEARCH_PATHS_QUOTED_FOR_TARGET_8)",
					"$(LIBRARY_SEARCH_PATHS_QUOTED_FOR_TARGET_9)",
					"$(LIBRARY_SEARCH_PATHS_QUOTED_FOR_TARGET_10)",
					"$(LIBRARY_SEARCH_PATHS_QUOTED_FOR_TARGET_11)",
					"$(LIBRARY_SEARCH_PATHS_QUOTED_FOR_TARGET_12)",
					"$(LIBRARY_SEARCH_PATHS_QUOTED_FOR_TARGET_13)",
					"$(LIBRARY_SEARCH_PATHS_QUOTED_FOR_TARGET_16)",
					"$(LIBRARY_SEARCH_PATHS_QUOTED_FOR_TARGET_17)",
					"$(LIBRARY_SEARCH_PATHS_QUOTED_FOR_TARGET_18)",
					"$(LIBRARY_SEARCH_PATHS_QUOTED_FOR_TARGET_19)",
					"$(LIBRARY_SEARCH_PATHS_QUOTED_FOR_TARGET_20)",
					"$(LIBRARY_SEARCH_PATHS_QUOTED_FOR_TARGET_21)",
					"$(LIBRARY_SEARCH_PATHS_QUOTED_FOR_TARGET_22)",
					"$(LIBRARY_SEARCH_PATHS_QUOTED_FOR_TARGET_23)",
					"$(LIBRARY_SEARCH_PATHS_QUOTED_FOR_TARGET_24)",
					"$(LIBRARY_SEARCH_PATHS_QUOTED_FOR_TARGET_25)",
					"$(LIBRARY_SEARCH_PATHS_QUOTED_FOR_TARGET_26)",
					"$(LIBRARY_SEARCH_PATHS_QUOTED_FOR_TARGET_27)",
					"$(LIBRARY_SEARCH_PATHS_QUOTED_FOR_TARGET_28)",
					"$(LIBRARY_SEARCH_PATHS_QUOTED_FOR_TARGET_29)",
					"$(LIBRARY_SEARCH_PATHS_QUOTED_FOR_TARGET_30)",
					"$(LIBRARY_SEARCH_PATHS_QUOTED_FOR_TARGET_31)",
					"$(LIBRARY_SEARCH_PATHS_QUOTED_FOR_TARGET_32)",
					"$(LIBRARY_SEARCH_PATHS_QUOTED_FOR_TARGET_33)",
					"$(LIBRARY_SEARCH_PATHS_QUOTED_FOR_TARGET_34)",
					"$(LIBRARY_SEARCH_PATHS_QUOTED_FOR_TARGET_35)",
					"$(LIBRARY_SEARCH_PATHS_QUOTED_FOR_TARGET_36)",
					"$(LIBRARY_SEARCH_PATHS_QUOTED_FOR_TARGET_37)",
					"$(LIBRARY_SEARCH_PATHS_QUOTED_FOR_TARGET_38)",
					"$(LIBRARY_SEARCH_PATHS_QUOTED_FOR_TARGET_39)",
					"$(LIBRARY_SEARCH_PATHS_QUOTED_FOR_TARGET_40)",
					"$(LIBRARY_SEARCH_PATHS_QUOTED_FOR_TARGET_41)",
					"$(LIBRARY_SEARCH_PATHS_QUOTED_FOR_TARGET_42)",
					"$(LIBRARY_SEARCH_PATHS_QUOTED_FOR_TARGET_43)",
					"$(LIBRARY_SEARCH_PATHS_QUOTED_FOR_TARGET_44)",
					"$(LIBRARY_SEARCH_PATHS_QUOTED_FOR_TARGET_45)",
					"$(LIBRARY_SEARCH_PATHS_QUOTED_FOR_TARGET_46)",
					"$(LIBRARY_SEARCH_PATHS_QUOTED_FOR_TARGET_47)",
					"$(LIBRARY_SEARCH_PATHS_QUOTED_FOR_TARGET_48)",
					"$(LIBRARY_SEARCH_PATHS_QUOTED_FOR_TARGET_49)",
					"$(LIBRARY_SEARCH_PATHS_QUOTED_FOR_TARGET_50)",
					"$(LIBRARY_SEARCH_PATHS_QUOTED_FOR_TARGET_51)",
					"$(LIBRARY_SEARCH_PATHS_QUOTED_FOR_TARGET_52)",
				);
				PREBINDING = NO;
				PRODUCT_NAME = "$(TARGET_NAME)Debug";
				WRAPPER_EXTENSION = app;
			};
			name = Debug;
		};
		E4B69B610A3A1757003C02F2 /* Release */ = {
			isa = XCBuildConfiguration;
			buildSettings = {
				COPY_PHASE_STRIP = YES;
				FRAMEWORK_SEARCH_PATHS = (
					"$(inherited)",
					"$(FRAMEWORK_SEARCH_PATHS_QUOTED_FOR_TARGET_1)",
				);
				FRAMEWORK_SEARCH_PATHS_QUOTED_FOR_TARGET_1 = "\"$(SRCROOT)/../../../libs/glut/lib/osx\"";
				GCC_ENABLE_FIX_AND_CONTINUE = NO;
				GCC_GENERATE_DEBUGGING_SYMBOLS = NO;
				GCC_MODEL_TUNING = G4;
				GCC_PRECOMPILE_PREFIX_HEADER = YES;
				GCC_PREFIX_HEADER = "$(SYSTEM_LIBRARY_DIR)/Frameworks/Carbon.framework/Headers/Carbon.h";
				INFOPLIST_FILE = "openFrameworks-Info.plist";
				INSTALL_PATH = "$(HOME)/Applications";
				LIBRARY_SEARCH_PATHS = (
					"$(inherited)",
					"$(LIBRARY_SEARCH_PATHS_QUOTED_FOR_TARGET_1)",
					"$(LIBRARY_SEARCH_PATHS_QUOTED_FOR_TARGET_2)",
					"$(LIBRARY_SEARCH_PATHS_QUOTED_FOR_TARGET_3)",
					"$(LIBRARY_SEARCH_PATHS_QUOTED_FOR_TARGET_4)",
					"$(LIBRARY_SEARCH_PATHS_QUOTED_FOR_TARGET_5)",
					"$(LIBRARY_SEARCH_PATHS_QUOTED_FOR_TARGET_6)",
					"$(LIBRARY_SEARCH_PATHS_QUOTED_FOR_TARGET_7)",
					"$(LIBRARY_SEARCH_PATHS_QUOTED_FOR_TARGET_8)",
					"$(LIBRARY_SEARCH_PATHS_QUOTED_FOR_TARGET_9)",
					"$(LIBRARY_SEARCH_PATHS_QUOTED_FOR_TARGET_10)",
					"$(LIBRARY_SEARCH_PATHS_QUOTED_FOR_TARGET_11)",
					"$(LIBRARY_SEARCH_PATHS_QUOTED_FOR_TARGET_12)",
					"$(LIBRARY_SEARCH_PATHS_QUOTED_FOR_TARGET_13)",
					"$(LIBRARY_SEARCH_PATHS_QUOTED_FOR_TARGET_14)",
					"$(LIBRARY_SEARCH_PATHS_QUOTED_FOR_TARGET_15)",
					"$(LIBRARY_SEARCH_PATHS_QUOTED_FOR_TARGET_2)",
					"$(LIBRARY_SEARCH_PATHS_QUOTED_1)",
					"$(LIBRARY_SEARCH_PATHS_QUOTED_FOR_TARGET_3)",
					"$(LIBRARY_SEARCH_PATHS_QUOTED_FOR_TARGET_7)",
					"$(LIBRARY_SEARCH_PATHS_QUOTED_FOR_TARGET_8)",
					"$(LIBRARY_SEARCH_PATHS_QUOTED_FOR_TARGET_9)",
					"$(LIBRARY_SEARCH_PATHS_QUOTED_FOR_TARGET_10)",
					"$(LIBRARY_SEARCH_PATHS_QUOTED_FOR_TARGET_11)",
					"$(LIBRARY_SEARCH_PATHS_QUOTED_FOR_TARGET_12)",
					"$(LIBRARY_SEARCH_PATHS_QUOTED_FOR_TARGET_13)",
					"$(LIBRARY_SEARCH_PATHS_QUOTED_FOR_TARGET_16)",
					"$(LIBRARY_SEARCH_PATHS_QUOTED_FOR_TARGET_17)",
					"$(LIBRARY_SEARCH_PATHS_QUOTED_FOR_TARGET_18)",
					"$(LIBRARY_SEARCH_PATHS_QUOTED_FOR_TARGET_19)",
					"$(LIBRARY_SEARCH_PATHS_QUOTED_FOR_TARGET_20)",
					"$(LIBRARY_SEARCH_PATHS_QUOTED_FOR_TARGET_21)",
					"$(LIBRARY_SEARCH_PATHS_QUOTED_FOR_TARGET_22)",
					"$(LIBRARY_SEARCH_PATHS_QUOTED_FOR_TARGET_23)",
					"$(LIBRARY_SEARCH_PATHS_QUOTED_FOR_TARGET_24)",
					"$(LIBRARY_SEARCH_PATHS_QUOTED_FOR_TARGET_25)",
					"$(LIBRARY_SEARCH_PATHS_QUOTED_FOR_TARGET_26)",
					"$(LIBRARY_SEARCH_PATHS_QUOTED_FOR_TARGET_27)",
					"$(LIBRARY_SEARCH_PATHS_QUOTED_FOR_TARGET_28)",
					"$(LIBRARY_SEARCH_PATHS_QUOTED_FOR_TARGET_29)",
					"$(LIBRARY_SEARCH_PATHS_QUOTED_FOR_TARGET_30)",
					"$(LIBRARY_SEARCH_PATHS_QUOTED_FOR_TARGET_31)",
					"$(LIBRARY_SEARCH_PATHS_QUOTED_FOR_TARGET_32)",
					"$(LIBRARY_SEARCH_PATHS_QUOTED_FOR_TARGET_33)",
					"$(LIBRARY_SEARCH_PATHS_QUOTED_FOR_TARGET_34)",
					"$(LIBRARY_SEARCH_PATHS_QUOTED_FOR_TARGET_35)",
					"$(LIBRARY_SEARCH_PATHS_QUOTED_FOR_TARGET_36)",
					"$(LIBRARY_SEARCH_PATHS_QUOTED_FOR_TARGET_37)",
					"$(LIBRARY_SEARCH_PATHS_QUOTED_FOR_TARGET_38)",
					"$(LIBRARY_SEARCH_PATHS_QUOTED_FOR_TARGET_39)",
					"$(LIBRARY_SEARCH_PATHS_QUOTED_FOR_TARGET_40)",
					"$(LIBRARY_SEARCH_PATHS_QUOTED_FOR_TARGET_41)",
					"$(LIBRARY_SEARCH_PATHS_QUOTED_FOR_TARGET_42)",
					"$(LIBRARY_SEARCH_PATHS_QUOTED_FOR_TARGET_43)",
					"$(LIBRARY_SEARCH_PATHS_QUOTED_FOR_TARGET_44)",
					"$(LIBRARY_SEARCH_PATHS_QUOTED_FOR_TARGET_45)",
					"$(LIBRARY_SEARCH_PATHS_QUOTED_FOR_TARGET_46)",
					"$(LIBRARY_SEARCH_PATHS_QUOTED_FOR_TARGET_47)",
					"$(LIBRARY_SEARCH_PATHS_QUOTED_FOR_TARGET_48)",
					"$(LIBRARY_SEARCH_PATHS_QUOTED_FOR_TARGET_49)",
					"$(LIBRARY_SEARCH_PATHS_QUOTED_FOR_TARGET_50)",
					"$(LIBRARY_SEARCH_PATHS_QUOTED_FOR_TARGET_51)",
				);
				PREBINDING = NO;
				PRODUCT_NAME = "$(TARGET_NAME)";
				WRAPPER_EXTENSION = app;
			};
			name = Release;
		};
/* End XCBuildConfiguration section */

/* Begin XCConfigurationList section */
		E4B69B4D0A3A1720003C02F2 /* Build configuration list for PBXProject "spinningSquare" */ = {
			isa = XCConfigurationList;
			buildConfigurations = (
				E4B69B4E0A3A1720003C02F2 /* Debug */,
				E4B69B4F0A3A1720003C02F2 /* Release */,
			);
			defaultConfigurationIsVisible = 0;
			defaultConfigurationName = Release;
		};
		E4B69B5F0A3A1757003C02F2 /* Build configuration list for PBXNativeTarget "emptyExample" */ = {
			isa = XCConfigurationList;
			buildConfigurations = (
				E4B69B600A3A1757003C02F2 /* Debug */,
				E4B69B610A3A1757003C02F2 /* Release */,
			);
			defaultConfigurationIsVisible = 0;
			defaultConfigurationName = Release;
		};
/* End XCConfigurationList section */
	};
	rootObject = E4B69B4C0A3A1720003C02F2 /* Project object */;
}
