// !$*UTF8*$!
{
	archiveVersion = 1;
	classes = {
	};
	objectVersion = 42;
	objects = {

/* Begin PBXBuildFile section */
		22CBFA60134B35CC0050FB85 /* ofxCustomGuiResponder.cpp in Sources */ = {isa = PBXBuildFile; fileRef = 22CBFA2B134B35CC0050FB85 /* ofxCustomGuiResponder.cpp */; };
		22CBFA61134B35CC0050FB85 /* ofxMSAInteractiveObject.cpp in Sources */ = {isa = PBXBuildFile; fileRef = 22CBFA2D134B35CC0050FB85 /* ofxMSAInteractiveObject.cpp */; };
		22CBFA64134B35CC0050FB85 /* ofxSimpleGuiButton.cpp in Sources */ = {isa = PBXBuildFile; fileRef = 22CBFA3A134B35CC0050FB85 /* ofxSimpleGuiButton.cpp */; };
		22CBFA65134B35CC0050FB85 /* ofxSimpleGuiColorPicker.cpp in Sources */ = {isa = PBXBuildFile; fileRef = 22CBFA3C134B35CC0050FB85 /* ofxSimpleGuiColorPicker.cpp */; };
		22CBFA66134B35CC0050FB85 /* ofxSimpleGuiContent.cpp in Sources */ = {isa = PBXBuildFile; fileRef = 22CBFA3E134B35CC0050FB85 /* ofxSimpleGuiContent.cpp */; };
		22CBFA67134B35CC0050FB85 /* ofxSimpleGuiFPSCounter.cpp in Sources */ = {isa = PBXBuildFile; fileRef = 22CBFA40134B35CC0050FB85 /* ofxSimpleGuiFPSCounter.cpp */; };
		22CBFA68134B35CC0050FB85 /* ofxSimpleGuiMovieSlider.cpp in Sources */ = {isa = PBXBuildFile; fileRef = 22CBFA42134B35CC0050FB85 /* ofxSimpleGuiMovieSlider.cpp */; };
		22CBFA69134B35CC0050FB85 /* ofxSimpleGuiOption.cpp in Sources */ = {isa = PBXBuildFile; fileRef = 22CBFA44134B35CC0050FB85 /* ofxSimpleGuiOption.cpp */; };
		22CBFA6A134B35CC0050FB85 /* ofxSimpleGuiOptionGroup.cpp in Sources */ = {isa = PBXBuildFile; fileRef = 22CBFA46134B35CC0050FB85 /* ofxSimpleGuiOptionGroup.cpp */; };
		22CBFA6B134B35CC0050FB85 /* ofxSimpleGuiQuadWarp.cpp in Sources */ = {isa = PBXBuildFile; fileRef = 22CBFA48134B35CC0050FB85 /* ofxSimpleGuiQuadWarp.cpp */; };
		22CBFA6C134B35CC0050FB85 /* ofxSimpleGuiSlider2d.cpp in Sources */ = {isa = PBXBuildFile; fileRef = 22CBFA4A134B35CC0050FB85 /* ofxSimpleGuiSlider2d.cpp */; };
		22CBFA6D134B35CC0050FB85 /* ofxSimpleGuiSliderRange.cpp in Sources */ = {isa = PBXBuildFile; fileRef = 22CBFA4F134B35CC0050FB85 /* ofxSimpleGuiSliderRange.cpp */; };
		22CBFA6E134B35CC0050FB85 /* ofxSimpleGuiTitle.cpp in Sources */ = {isa = PBXBuildFile; fileRef = 22CBFA51134B35CC0050FB85 /* ofxSimpleGuiTitle.cpp */; };
		22CBFA6F134B35CC0050FB85 /* ofxSimpleGuiToggle.cpp in Sources */ = {isa = PBXBuildFile; fileRef = 22CBFA53134B35CC0050FB85 /* ofxSimpleGuiToggle.cpp */; };
		22CBFA70134B35CC0050FB85 /* ofxSimpleGuiConfig.cpp in Sources */ = {isa = PBXBuildFile; fileRef = 22CBFA55134B35CC0050FB85 /* ofxSimpleGuiConfig.cpp */; };
		22CBFA71134B35CC0050FB85 /* ofxSimpleGuiControl.cpp in Sources */ = {isa = PBXBuildFile; fileRef = 22CBFA57134B35CC0050FB85 /* ofxSimpleGuiControl.cpp */; };
		22CBFA72134B35CC0050FB85 /* ofxSimpleGuiPage.cpp in Sources */ = {isa = PBXBuildFile; fileRef = 22CBFA5A134B35CC0050FB85 /* ofxSimpleGuiPage.cpp */; };
		22CBFA73134B35CC0050FB85 /* ofxSimpleGuiToo.cpp in Sources */ = {isa = PBXBuildFile; fileRef = 22CBFA5C134B35CC0050FB85 /* ofxSimpleGuiToo.cpp */; };
		22D725D21318730600635AAD /* main.cpp in Sources */ = {isa = PBXBuildFile; fileRef = 22D725D11318730600635AAD /* main.cpp */; };
		E45BE97B0E8CC7DD009D7055 /* AGL.framework in Frameworks */ = {isa = PBXBuildFile; fileRef = E45BE9710E8CC7DD009D7055 /* AGL.framework */; };
		E45BE97C0E8CC7DD009D7055 /* ApplicationServices.framework in Frameworks */ = {isa = PBXBuildFile; fileRef = E45BE9720E8CC7DD009D7055 /* ApplicationServices.framework */; };
		E45BE97D0E8CC7DD009D7055 /* AudioToolbox.framework in Frameworks */ = {isa = PBXBuildFile; fileRef = E45BE9730E8CC7DD009D7055 /* AudioToolbox.framework */; };
		E45BE97E0E8CC7DD009D7055 /* Carbon.framework in Frameworks */ = {isa = PBXBuildFile; fileRef = E45BE9740E8CC7DD009D7055 /* Carbon.framework */; };
		E45BE97F0E8CC7DD009D7055 /* CoreAudio.framework in Frameworks */ = {isa = PBXBuildFile; fileRef = E45BE9750E8CC7DD009D7055 /* CoreAudio.framework */; };
		E45BE9800E8CC7DD009D7055 /* CoreFoundation.framework in Frameworks */ = {isa = PBXBuildFile; fileRef = E45BE9760E8CC7DD009D7055 /* CoreFoundation.framework */; };
		E45BE9810E8CC7DD009D7055 /* CoreServices.framework in Frameworks */ = {isa = PBXBuildFile; fileRef = E45BE9770E8CC7DD009D7055 /* CoreServices.framework */; };
		E45BE9830E8CC7DD009D7055 /* OpenGL.framework in Frameworks */ = {isa = PBXBuildFile; fileRef = E45BE9790E8CC7DD009D7055 /* OpenGL.framework */; };
		E45BE9840E8CC7DD009D7055 /* QuickTime.framework in Frameworks */ = {isa = PBXBuildFile; fileRef = E45BE97A0E8CC7DD009D7055 /* QuickTime.framework */; };
		E4B69E210A3A1BDC003C02F2 /* testApp.cpp in Sources */ = {isa = PBXBuildFile; fileRef = E4B69E1E0A3A1BDC003C02F2 /* testApp.cpp */; };
		E4C2422B10CC554B004149E2 /* openFrameworksDebug.a in Frameworks */ = {isa = PBXBuildFile; fileRef = E4C2421E10CC549C004149E2 /* openFrameworksDebug.a */; };
		E4C2424710CC5A17004149E2 /* AppKit.framework in Frameworks */ = {isa = PBXBuildFile; fileRef = E4C2424410CC5A17004149E2 /* AppKit.framework */; };
		E4C2424810CC5A17004149E2 /* Cocoa.framework in Frameworks */ = {isa = PBXBuildFile; fileRef = E4C2424510CC5A17004149E2 /* Cocoa.framework */; };
		E4C2424910CC5A17004149E2 /* IOKit.framework in Frameworks */ = {isa = PBXBuildFile; fileRef = E4C2424610CC5A17004149E2 /* IOKit.framework */; };
		E4C2426610CC5A78004149E2 /* GLUT.framework in Frameworks */ = {isa = PBXBuildFile; fileRef = E4C2425F10CC5A78004149E2 /* GLUT.framework */; };
		E4C2426B10CC5AA6004149E2 /* GLUT.framework in CopyFiles */ = {isa = PBXBuildFile; fileRef = E4C2425F10CC5A78004149E2 /* GLUT.framework */; };
		E78CAB1E137B20FD004CAD46 /* ofxPuffersphere.cpp in Sources */ = {isa = PBXBuildFile; fileRef = E78CAB1D137B20FD004CAD46 /* ofxPuffersphere.cpp */; };
		E7C4D3AC139646C1006CEC2F /* ofxPuffersphereObject.cpp in Sources */ = {isa = PBXBuildFile; fileRef = E7C4D3AB139646C1006CEC2F /* ofxPuffersphereObject.cpp */; };
		E7E0857213A40AEA00031E17 /* tinyxml.cpp in Sources */ = {isa = PBXBuildFile; fileRef = E7E0856B13A40AE900031E17 /* tinyxml.cpp */; };
		E7E0857313A40AEA00031E17 /* tinyxmlerror.cpp in Sources */ = {isa = PBXBuildFile; fileRef = E7E0856D13A40AEA00031E17 /* tinyxmlerror.cpp */; };
		E7E0857413A40AEA00031E17 /* tinyxmlparser.cpp in Sources */ = {isa = PBXBuildFile; fileRef = E7E0856E13A40AEA00031E17 /* tinyxmlparser.cpp */; };
		E7E0857513A40AEA00031E17 /* ofxXmlSettings.cpp in Sources */ = {isa = PBXBuildFile; fileRef = E7E0857013A40AEA00031E17 /* ofxXmlSettings.cpp */; };
		E7E0868013A414C300031E17 /* offaxis.frag in Sources */ = {isa = PBXBuildFile; fileRef = E7E0867C13A414C300031E17 /* offaxis.frag */; };
		E7E0868113A414C300031E17 /* offaxis.vert in Sources */ = {isa = PBXBuildFile; fileRef = E7E0867D13A414C300031E17 /* offaxis.vert */; };
		E7E0868213A414C300031E17 /* spherize.frag in Sources */ = {isa = PBXBuildFile; fileRef = E7E0867E13A414C300031E17 /* spherize.frag */; };
		E7E0868313A414C300031E17 /* spherize.vert in Sources */ = {isa = PBXBuildFile; fileRef = E7E0867F13A414C300031E17 /* spherize.vert */; };
/* End PBXBuildFile section */

/* Begin PBXContainerItemProxy section */
		E4C2421D10CC549C004149E2 /* PBXContainerItemProxy */ = {
			isa = PBXContainerItemProxy;
			containerPortal = E4C2421610CC549C004149E2 /* openFrameworksLib.xcodeproj */;
			proxyType = 2;
			remoteGlobalIDString = E4B27C1510CBEB8E00536013;
			remoteInfo = openFrameworks;
		};
		E4C2422710CC54DA004149E2 /* PBXContainerItemProxy */ = {
			isa = PBXContainerItemProxy;
			containerPortal = E4C2421610CC549C004149E2 /* openFrameworksLib.xcodeproj */;
			proxyType = 1;
			remoteGlobalIDString = E4B27C1410CBEB8E00536013;
			remoteInfo = openFrameworks;
		};
/* End PBXContainerItemProxy section */

/* Begin PBXCopyFilesBuildPhase section */
		E4C2427710CC5ABF004149E2 /* CopyFiles */ = {
			isa = PBXCopyFilesBuildPhase;
			buildActionMask = 2147483647;
			dstPath = "";
			dstSubfolderSpec = 10;
			files = (
				E4C2426B10CC5AA6004149E2 /* GLUT.framework in CopyFiles */,
			);
			runOnlyForDeploymentPostprocessing = 0;
		};
/* End PBXCopyFilesBuildPhase section */

/* Begin PBXFileReference section */
		22CBFA22134B35CC0050FB85 /* changelog.txt */ = {isa = PBXFileReference; fileEncoding = 4; lastKnownFileType = text; name = changelog.txt; path = ../../../addons/ofxMSAInteractiveObject/changelog.txt; sourceTree = SOURCE_ROOT; };
		22CBFA29134B35CC0050FB85 /* LICENSE.txt */ = {isa = PBXFileReference; fileEncoding = 4; lastKnownFileType = text; name = LICENSE.txt; path = ../../../addons/ofxMSAInteractiveObject/LICENSE.txt; sourceTree = SOURCE_ROOT; };
		22CBFA2B134B35CC0050FB85 /* ofxCustomGuiResponder.cpp */ = {isa = PBXFileReference; fileEncoding = 4; lastKnownFileType = sourcecode.cpp.cpp; name = ofxCustomGuiResponder.cpp; path = ../../../addons/ofxMSAInteractiveObject/src/ofxCustomGuiResponder.cpp; sourceTree = SOURCE_ROOT; };
		22CBFA2C134B35CC0050FB85 /* ofxCustomGuiResponder.h */ = {isa = PBXFileReference; fileEncoding = 4; lastKnownFileType = sourcecode.c.h; name = ofxCustomGuiResponder.h; path = ../../../addons/ofxMSAInteractiveObject/src/ofxCustomGuiResponder.h; sourceTree = SOURCE_ROOT; };
		22CBFA2D134B35CC0050FB85 /* ofxMSAInteractiveObject.cpp */ = {isa = PBXFileReference; fileEncoding = 4; lastKnownFileType = sourcecode.cpp.cpp; name = ofxMSAInteractiveObject.cpp; path = ../../../addons/ofxMSAInteractiveObject/src/ofxMSAInteractiveObject.cpp; sourceTree = SOURCE_ROOT; };
		22CBFA2E134B35CC0050FB85 /* ofxMSAInteractiveObject.h */ = {isa = PBXFileReference; fileEncoding = 4; lastKnownFileType = sourcecode.c.h; name = ofxMSAInteractiveObject.h; path = ../../../addons/ofxMSAInteractiveObject/src/ofxMSAInteractiveObject.h; sourceTree = SOURCE_ROOT; };
		22CBFA2F134B35CC0050FB85 /* ofxMSAInteractiveObjectDelegate.h */ = {isa = PBXFileReference; fileEncoding = 4; lastKnownFileType = sourcecode.c.h; name = ofxMSAInteractiveObjectDelegate.h; path = ../../../addons/ofxMSAInteractiveObject/src/ofxMSAInteractiveObjectDelegate.h; sourceTree = SOURCE_ROOT; };
		22CBFA31134B35CC0050FB85 /* changelog.txt */ = {isa = PBXFileReference; fileEncoding = 4; lastKnownFileType = text; name = changelog.txt; path = ../../../addons/ofxSimpleGuiToo/changelog.txt; sourceTree = SOURCE_ROOT; };
		22CBFA36134B35CC0050FB85 /* install.xml */ = {isa = PBXFileReference; fileEncoding = 4; lastKnownFileType = text.xml; name = install.xml; path = ../../../addons/ofxSimpleGuiToo/install.xml; sourceTree = SOURCE_ROOT; };
		22CBFA37134B35CC0050FB85 /* LICENSE.txt */ = {isa = PBXFileReference; fileEncoding = 4; lastKnownFileType = text; name = LICENSE.txt; path = ../../../addons/ofxSimpleGuiToo/LICENSE.txt; sourceTree = SOURCE_ROOT; };
		22CBFA3A134B35CC0050FB85 /* ofxSimpleGuiButton.cpp */ = {isa = PBXFileReference; fileEncoding = 4; lastKnownFileType = sourcecode.cpp.cpp; name = ofxSimpleGuiButton.cpp; path = ../../../addons/ofxSimpleGuiToo/src/Controls/ofxSimpleGuiButton.cpp; sourceTree = SOURCE_ROOT; };
		22CBFA3B134B35CC0050FB85 /* ofxSimpleGuiButton.h */ = {isa = PBXFileReference; fileEncoding = 4; lastKnownFileType = sourcecode.c.h; name = ofxSimpleGuiButton.h; path = ../../../addons/ofxSimpleGuiToo/src/Controls/ofxSimpleGuiButton.h; sourceTree = SOURCE_ROOT; };
		22CBFA3C134B35CC0050FB85 /* ofxSimpleGuiColorPicker.cpp */ = {isa = PBXFileReference; fileEncoding = 4; lastKnownFileType = sourcecode.cpp.cpp; name = ofxSimpleGuiColorPicker.cpp; path = ../../../addons/ofxSimpleGuiToo/src/Controls/ofxSimpleGuiColorPicker.cpp; sourceTree = SOURCE_ROOT; };
		22CBFA3D134B35CC0050FB85 /* ofxSimpleGuiColorPicker.h */ = {isa = PBXFileReference; fileEncoding = 4; lastKnownFileType = sourcecode.c.h; name = ofxSimpleGuiColorPicker.h; path = ../../../addons/ofxSimpleGuiToo/src/Controls/ofxSimpleGuiColorPicker.h; sourceTree = SOURCE_ROOT; };
		22CBFA3E134B35CC0050FB85 /* ofxSimpleGuiContent.cpp */ = {isa = PBXFileReference; fileEncoding = 4; lastKnownFileType = sourcecode.cpp.cpp; name = ofxSimpleGuiContent.cpp; path = ../../../addons/ofxSimpleGuiToo/src/Controls/ofxSimpleGuiContent.cpp; sourceTree = SOURCE_ROOT; };
		22CBFA3F134B35CC0050FB85 /* ofxSimpleGuiContent.h */ = {isa = PBXFileReference; fileEncoding = 4; lastKnownFileType = sourcecode.c.h; name = ofxSimpleGuiContent.h; path = ../../../addons/ofxSimpleGuiToo/src/Controls/ofxSimpleGuiContent.h; sourceTree = SOURCE_ROOT; };
		22CBFA40134B35CC0050FB85 /* ofxSimpleGuiFPSCounter.cpp */ = {isa = PBXFileReference; fileEncoding = 4; lastKnownFileType = sourcecode.cpp.cpp; name = ofxSimpleGuiFPSCounter.cpp; path = ../../../addons/ofxSimpleGuiToo/src/Controls/ofxSimpleGuiFPSCounter.cpp; sourceTree = SOURCE_ROOT; };
		22CBFA41134B35CC0050FB85 /* ofxSimpleGuiFPSCounter.h */ = {isa = PBXFileReference; fileEncoding = 4; lastKnownFileType = sourcecode.c.h; name = ofxSimpleGuiFPSCounter.h; path = ../../../addons/ofxSimpleGuiToo/src/Controls/ofxSimpleGuiFPSCounter.h; sourceTree = SOURCE_ROOT; };
		22CBFA42134B35CC0050FB85 /* ofxSimpleGuiMovieSlider.cpp */ = {isa = PBXFileReference; fileEncoding = 4; lastKnownFileType = sourcecode.cpp.cpp; name = ofxSimpleGuiMovieSlider.cpp; path = ../../../addons/ofxSimpleGuiToo/src/Controls/ofxSimpleGuiMovieSlider.cpp; sourceTree = SOURCE_ROOT; };
		22CBFA43134B35CC0050FB85 /* ofxSimpleGuiMovieSlider.h */ = {isa = PBXFileReference; fileEncoding = 4; lastKnownFileType = sourcecode.c.h; name = ofxSimpleGuiMovieSlider.h; path = ../../../addons/ofxSimpleGuiToo/src/Controls/ofxSimpleGuiMovieSlider.h; sourceTree = SOURCE_ROOT; };
		22CBFA44134B35CC0050FB85 /* ofxSimpleGuiOption.cpp */ = {isa = PBXFileReference; fileEncoding = 4; lastKnownFileType = sourcecode.cpp.cpp; name = ofxSimpleGuiOption.cpp; path = ../../../addons/ofxSimpleGuiToo/src/Controls/ofxSimpleGuiOption.cpp; sourceTree = SOURCE_ROOT; };
		22CBFA45134B35CC0050FB85 /* ofxSimpleGuiOption.h */ = {isa = PBXFileReference; fileEncoding = 4; lastKnownFileType = sourcecode.c.h; name = ofxSimpleGuiOption.h; path = ../../../addons/ofxSimpleGuiToo/src/Controls/ofxSimpleGuiOption.h; sourceTree = SOURCE_ROOT; };
		22CBFA46134B35CC0050FB85 /* ofxSimpleGuiOptionGroup.cpp */ = {isa = PBXFileReference; fileEncoding = 4; lastKnownFileType = sourcecode.cpp.cpp; name = ofxSimpleGuiOptionGroup.cpp; path = ../../../addons/ofxSimpleGuiToo/src/Controls/ofxSimpleGuiOptionGroup.cpp; sourceTree = SOURCE_ROOT; };
		22CBFA47134B35CC0050FB85 /* ofxSimpleGuiOptionGroup.h */ = {isa = PBXFileReference; fileEncoding = 4; lastKnownFileType = sourcecode.c.h; name = ofxSimpleGuiOptionGroup.h; path = ../../../addons/ofxSimpleGuiToo/src/Controls/ofxSimpleGuiOptionGroup.h; sourceTree = SOURCE_ROOT; };
		22CBFA48134B35CC0050FB85 /* ofxSimpleGuiQuadWarp.cpp */ = {isa = PBXFileReference; fileEncoding = 4; lastKnownFileType = sourcecode.cpp.cpp; name = ofxSimpleGuiQuadWarp.cpp; path = ../../../addons/ofxSimpleGuiToo/src/Controls/ofxSimpleGuiQuadWarp.cpp; sourceTree = SOURCE_ROOT; };
		22CBFA49134B35CC0050FB85 /* ofxSimpleGuiQuadWarp.h */ = {isa = PBXFileReference; fileEncoding = 4; lastKnownFileType = sourcecode.c.h; name = ofxSimpleGuiQuadWarp.h; path = ../../../addons/ofxSimpleGuiToo/src/Controls/ofxSimpleGuiQuadWarp.h; sourceTree = SOURCE_ROOT; };
		22CBFA4A134B35CC0050FB85 /* ofxSimpleGuiSlider2d.cpp */ = {isa = PBXFileReference; fileEncoding = 4; lastKnownFileType = sourcecode.cpp.cpp; name = ofxSimpleGuiSlider2d.cpp; path = ../../../addons/ofxSimpleGuiToo/src/Controls/ofxSimpleGuiSlider2d.cpp; sourceTree = SOURCE_ROOT; };
		22CBFA4B134B35CC0050FB85 /* ofxSimpleGuiSlider2d.h */ = {isa = PBXFileReference; fileEncoding = 4; lastKnownFileType = sourcecode.c.h; name = ofxSimpleGuiSlider2d.h; path = ../../../addons/ofxSimpleGuiToo/src/Controls/ofxSimpleGuiSlider2d.h; sourceTree = SOURCE_ROOT; };
		22CBFA4C134B35CC0050FB85 /* ofxSimpleGuiSliderBase.h */ = {isa = PBXFileReference; fileEncoding = 4; lastKnownFileType = sourcecode.c.h; name = ofxSimpleGuiSliderBase.h; path = ../../../addons/ofxSimpleGuiToo/src/Controls/ofxSimpleGuiSliderBase.h; sourceTree = SOURCE_ROOT; };
		22CBFA4D134B35CC0050FB85 /* ofxSimpleGuiSliderFloat.h */ = {isa = PBXFileReference; fileEncoding = 4; lastKnownFileType = sourcecode.c.h; name = ofxSimpleGuiSliderFloat.h; path = ../../../addons/ofxSimpleGuiToo/src/Controls/ofxSimpleGuiSliderFloat.h; sourceTree = SOURCE_ROOT; };
		22CBFA4E134B35CC0050FB85 /* ofxSimpleGuiSliderInt.h */ = {isa = PBXFileReference; fileEncoding = 4; lastKnownFileType = sourcecode.c.h; name = ofxSimpleGuiSliderInt.h; path = ../../../addons/ofxSimpleGuiToo/src/Controls/ofxSimpleGuiSliderInt.h; sourceTree = SOURCE_ROOT; };
		22CBFA4F134B35CC0050FB85 /* ofxSimpleGuiSliderRange.cpp */ = {isa = PBXFileReference; fileEncoding = 4; lastKnownFileType = sourcecode.cpp.cpp; name = ofxSimpleGuiSliderRange.cpp; path = ../../../addons/ofxSimpleGuiToo/src/Controls/ofxSimpleGuiSliderRange.cpp; sourceTree = SOURCE_ROOT; };
		22CBFA50134B35CC0050FB85 /* ofxSimpleGuiSliderRange.h */ = {isa = PBXFileReference; fileEncoding = 4; lastKnownFileType = sourcecode.c.h; name = ofxSimpleGuiSliderRange.h; path = ../../../addons/ofxSimpleGuiToo/src/Controls/ofxSimpleGuiSliderRange.h; sourceTree = SOURCE_ROOT; };
		22CBFA51134B35CC0050FB85 /* ofxSimpleGuiTitle.cpp */ = {isa = PBXFileReference; fileEncoding = 4; lastKnownFileType = sourcecode.cpp.cpp; name = ofxSimpleGuiTitle.cpp; path = ../../../addons/ofxSimpleGuiToo/src/Controls/ofxSimpleGuiTitle.cpp; sourceTree = SOURCE_ROOT; };
		22CBFA52134B35CC0050FB85 /* ofxSimpleGuiTitle.h */ = {isa = PBXFileReference; fileEncoding = 4; lastKnownFileType = sourcecode.c.h; name = ofxSimpleGuiTitle.h; path = ../../../addons/ofxSimpleGuiToo/src/Controls/ofxSimpleGuiTitle.h; sourceTree = SOURCE_ROOT; };
		22CBFA53134B35CC0050FB85 /* ofxSimpleGuiToggle.cpp */ = {isa = PBXFileReference; fileEncoding = 4; lastKnownFileType = sourcecode.cpp.cpp; name = ofxSimpleGuiToggle.cpp; path = ../../../addons/ofxSimpleGuiToo/src/Controls/ofxSimpleGuiToggle.cpp; sourceTree = SOURCE_ROOT; };
		22CBFA54134B35CC0050FB85 /* ofxSimpleGuiToggle.h */ = {isa = PBXFileReference; fileEncoding = 4; lastKnownFileType = sourcecode.c.h; name = ofxSimpleGuiToggle.h; path = ../../../addons/ofxSimpleGuiToo/src/Controls/ofxSimpleGuiToggle.h; sourceTree = SOURCE_ROOT; };
		22CBFA55134B35CC0050FB85 /* ofxSimpleGuiConfig.cpp */ = {isa = PBXFileReference; fileEncoding = 4; lastKnownFileType = sourcecode.cpp.cpp; name = ofxSimpleGuiConfig.cpp; path = ../../../addons/ofxSimpleGuiToo/src/ofxSimpleGuiConfig.cpp; sourceTree = SOURCE_ROOT; };
		22CBFA56134B35CC0050FB85 /* ofxSimpleGuiConfig.h */ = {isa = PBXFileReference; fileEncoding = 4; lastKnownFileType = sourcecode.c.h; name = ofxSimpleGuiConfig.h; path = ../../../addons/ofxSimpleGuiToo/src/ofxSimpleGuiConfig.h; sourceTree = SOURCE_ROOT; };
		22CBFA57134B35CC0050FB85 /* ofxSimpleGuiControl.cpp */ = {isa = PBXFileReference; fileEncoding = 4; lastKnownFileType = sourcecode.cpp.cpp; name = ofxSimpleGuiControl.cpp; path = ../../../addons/ofxSimpleGuiToo/src/ofxSimpleGuiControl.cpp; sourceTree = SOURCE_ROOT; };
		22CBFA58134B35CC0050FB85 /* ofxSimpleGuiControl.h */ = {isa = PBXFileReference; fileEncoding = 4; lastKnownFileType = sourcecode.c.h; name = ofxSimpleGuiControl.h; path = ../../../addons/ofxSimpleGuiToo/src/ofxSimpleGuiControl.h; sourceTree = SOURCE_ROOT; };
		22CBFA59134B35CC0050FB85 /* ofxSimpleGuiIncludes.h */ = {isa = PBXFileReference; fileEncoding = 4; lastKnownFileType = sourcecode.c.h; name = ofxSimpleGuiIncludes.h; path = ../../../addons/ofxSimpleGuiToo/src/ofxSimpleGuiIncludes.h; sourceTree = SOURCE_ROOT; };
		22CBFA5A134B35CC0050FB85 /* ofxSimpleGuiPage.cpp */ = {isa = PBXFileReference; fileEncoding = 4; lastKnownFileType = sourcecode.cpp.cpp; name = ofxSimpleGuiPage.cpp; path = ../../../addons/ofxSimpleGuiToo/src/ofxSimpleGuiPage.cpp; sourceTree = SOURCE_ROOT; };
		22CBFA5B134B35CC0050FB85 /* ofxSimpleGuiPage.h */ = {isa = PBXFileReference; fileEncoding = 4; lastKnownFileType = sourcecode.c.h; name = ofxSimpleGuiPage.h; path = ../../../addons/ofxSimpleGuiToo/src/ofxSimpleGuiPage.h; sourceTree = SOURCE_ROOT; };
		22CBFA5C134B35CC0050FB85 /* ofxSimpleGuiToo.cpp */ = {isa = PBXFileReference; fileEncoding = 4; lastKnownFileType = sourcecode.cpp.cpp; name = ofxSimpleGuiToo.cpp; path = ../../../addons/ofxSimpleGuiToo/src/ofxSimpleGuiToo.cpp; sourceTree = SOURCE_ROOT; };
		22CBFA5D134B35CC0050FB85 /* ofxSimpleGuiToo.h */ = {isa = PBXFileReference; fileEncoding = 4; lastKnownFileType = sourcecode.c.h; name = ofxSimpleGuiToo.h; path = ../../../addons/ofxSimpleGuiToo/src/ofxSimpleGuiToo.h; sourceTree = SOURCE_ROOT; };
		22D725D11318730600635AAD /* main.cpp */ = {isa = PBXFileReference; fileEncoding = 4; lastKnownFileType = sourcecode.cpp.cpp; path = main.cpp; sourceTree = "<group>"; };
		E45BE9710E8CC7DD009D7055 /* AGL.framework */ = {isa = PBXFileReference; lastKnownFileType = wrapper.framework; name = AGL.framework; path = /System/Library/Frameworks/AGL.framework; sourceTree = "<absolute>"; };
		E45BE9720E8CC7DD009D7055 /* ApplicationServices.framework */ = {isa = PBXFileReference; lastKnownFileType = wrapper.framework; name = ApplicationServices.framework; path = /System/Library/Frameworks/ApplicationServices.framework; sourceTree = "<absolute>"; };
		E45BE9730E8CC7DD009D7055 /* AudioToolbox.framework */ = {isa = PBXFileReference; lastKnownFileType = wrapper.framework; name = AudioToolbox.framework; path = /System/Library/Frameworks/AudioToolbox.framework; sourceTree = "<absolute>"; };
		E45BE9740E8CC7DD009D7055 /* Carbon.framework */ = {isa = PBXFileReference; lastKnownFileType = wrapper.framework; name = Carbon.framework; path = /System/Library/Frameworks/Carbon.framework; sourceTree = "<absolute>"; };
		E45BE9750E8CC7DD009D7055 /* CoreAudio.framework */ = {isa = PBXFileReference; lastKnownFileType = wrapper.framework; name = CoreAudio.framework; path = /System/Library/Frameworks/CoreAudio.framework; sourceTree = "<absolute>"; };
		E45BE9760E8CC7DD009D7055 /* CoreFoundation.framework */ = {isa = PBXFileReference; lastKnownFileType = wrapper.framework; name = CoreFoundation.framework; path = /System/Library/Frameworks/CoreFoundation.framework; sourceTree = "<absolute>"; };
		E45BE9770E8CC7DD009D7055 /* CoreServices.framework */ = {isa = PBXFileReference; lastKnownFileType = wrapper.framework; name = CoreServices.framework; path = /System/Library/Frameworks/CoreServices.framework; sourceTree = "<absolute>"; };
		E45BE9790E8CC7DD009D7055 /* OpenGL.framework */ = {isa = PBXFileReference; lastKnownFileType = wrapper.framework; name = OpenGL.framework; path = /System/Library/Frameworks/OpenGL.framework; sourceTree = "<absolute>"; };
		E45BE97A0E8CC7DD009D7055 /* QuickTime.framework */ = {isa = PBXFileReference; lastKnownFileType = wrapper.framework; name = QuickTime.framework; path = /System/Library/Frameworks/QuickTime.framework; sourceTree = "<absolute>"; };
		E4B69B5B0A3A1756003C02F2 /* SpinningSquareDebug.app */ = {isa = PBXFileReference; explicitFileType = wrapper.application; includeInIndex = 0; path = SpinningSquareDebug.app; sourceTree = BUILT_PRODUCTS_DIR; };
		E4B69E1E0A3A1BDC003C02F2 /* testApp.cpp */ = {isa = PBXFileReference; explicitFileType = sourcecode.cpp.cpp; fileEncoding = 30; name = testApp.cpp; path = src/testApp.cpp; sourceTree = SOURCE_ROOT; };
		E4B69E1F0A3A1BDC003C02F2 /* testApp.h */ = {isa = PBXFileReference; fileEncoding = 30; lastKnownFileType = sourcecode.c.h; name = testApp.h; path = src/testApp.h; sourceTree = SOURCE_ROOT; };
		E4B6FCAD0C3E899E008CF71C /* openFrameworks-Info.plist */ = {isa = PBXFileReference; fileEncoding = 30; lastKnownFileType = text.plist.xml; path = "openFrameworks-Info.plist"; sourceTree = "<group>"; };
		E4C2421610CC549C004149E2 /* openFrameworksLib.xcodeproj */ = {isa = PBXFileReference; lastKnownFileType = "wrapper.pb-project"; name = openFrameworksLib.xcodeproj; path = ../../../libs/openFrameworksCompiled/project/osx/openFrameworksLib.xcodeproj; sourceTree = SOURCE_ROOT; };
		E4C2424410CC5A17004149E2 /* AppKit.framework */ = {isa = PBXFileReference; lastKnownFileType = wrapper.framework; name = AppKit.framework; path = /System/Library/Frameworks/AppKit.framework; sourceTree = "<absolute>"; };
		E4C2424510CC5A17004149E2 /* Cocoa.framework */ = {isa = PBXFileReference; lastKnownFileType = wrapper.framework; name = Cocoa.framework; path = /System/Library/Frameworks/Cocoa.framework; sourceTree = "<absolute>"; };
		E4C2424610CC5A17004149E2 /* IOKit.framework */ = {isa = PBXFileReference; lastKnownFileType = wrapper.framework; name = IOKit.framework; path = /System/Library/Frameworks/IOKit.framework; sourceTree = "<absolute>"; };
		E4C2425F10CC5A78004149E2 /* GLUT.framework */ = {isa = PBXFileReference; lastKnownFileType = wrapper.framework; name = GLUT.framework; path = ../../../libs/glut/lib/osx/GLUT.framework; sourceTree = SOURCE_ROOT; };
		E78CAB1B137B20F1004CAD46 /* ofxPuffersphereObject.h */ = {isa = PBXFileReference; fileEncoding = 4; lastKnownFileType = sourcecode.c.h; path = ofxPuffersphereObject.h; sourceTree = "<group>"; };
		E78CAB1C137B20FD004CAD46 /* ofxPuffersphere.h */ = {isa = PBXFileReference; fileEncoding = 4; lastKnownFileType = sourcecode.c.h; path = ofxPuffersphere.h; sourceTree = "<group>"; };
		E78CAB1D137B20FD004CAD46 /* ofxPuffersphere.cpp */ = {isa = PBXFileReference; fileEncoding = 4; lastKnownFileType = sourcecode.cpp.cpp; path = ofxPuffersphere.cpp; sourceTree = "<group>"; };
		E7C4D3AB139646C1006CEC2F /* ofxPuffersphereObject.cpp */ = {isa = PBXFileReference; fileEncoding = 4; lastKnownFileType = sourcecode.cpp.cpp; path = ofxPuffersphereObject.cpp; sourceTree = "<group>"; };
		E7E0856713A40AE900031E17 /* ofRange.h */ = {isa = PBXFileReference; fileEncoding = 4; lastKnownFileType = sourcecode.c.h; path = ofRange.h; sourceTree = "<group>"; };
		E7E0856913A40AE900031E17 /* install.xml */ = {isa = PBXFileReference; fileEncoding = 4; lastKnownFileType = text.xml; path = install.xml; sourceTree = "<group>"; };
		E7E0856B13A40AE900031E17 /* tinyxml.cpp */ = {isa = PBXFileReference; fileEncoding = 4; lastKnownFileType = sourcecode.cpp.cpp; path = tinyxml.cpp; sourceTree = "<group>"; };
		E7E0856C13A40AEA00031E17 /* tinyxml.h */ = {isa = PBXFileReference; fileEncoding = 4; lastKnownFileType = sourcecode.c.h; path = tinyxml.h; sourceTree = "<group>"; };
		E7E0856D13A40AEA00031E17 /* tinyxmlerror.cpp */ = {isa = PBXFileReference; fileEncoding = 4; lastKnownFileType = sourcecode.cpp.cpp; path = tinyxmlerror.cpp; sourceTree = "<group>"; };
		E7E0856E13A40AEA00031E17 /* tinyxmlparser.cpp */ = {isa = PBXFileReference; fileEncoding = 4; lastKnownFileType = sourcecode.cpp.cpp; path = tinyxmlparser.cpp; sourceTree = "<group>"; };
		E7E0857013A40AEA00031E17 /* ofxXmlSettings.cpp */ = {isa = PBXFileReference; fileEncoding = 4; lastKnownFileType = sourcecode.cpp.cpp; path = ofxXmlSettings.cpp; sourceTree = "<group>"; };
		E7E0857113A40AEA00031E17 /* ofxXmlSettings.h */ = {isa = PBXFileReference; fileEncoding = 4; lastKnownFileType = sourcecode.c.h; path = ofxXmlSettings.h; sourceTree = "<group>"; };
		E7E0867C13A414C300031E17 /* offaxis.frag */ = {isa = PBXFileReference; fileEncoding = 4; lastKnownFileType = sourcecode.glsl; path = offaxis.frag; sourceTree = "<group>"; };
		E7E0867D13A414C300031E17 /* offaxis.vert */ = {isa = PBXFileReference; fileEncoding = 4; lastKnownFileType = sourcecode.glsl; path = offaxis.vert; sourceTree = "<group>"; };
		E7E0867E13A414C300031E17 /* spherize.frag */ = {isa = PBXFileReference; fileEncoding = 4; lastKnownFileType = sourcecode.glsl; path = spherize.frag; sourceTree = "<group>"; };
		E7E0867F13A414C300031E17 /* spherize.vert */ = {isa = PBXFileReference; fileEncoding = 4; lastKnownFileType = sourcecode.glsl; path = spherize.vert; sourceTree = "<group>"; };
/* End PBXFileReference section */

/* Begin PBXFrameworksBuildPhase section */
		E4B69B590A3A1756003C02F2 /* Frameworks */ = {
			isa = PBXFrameworksBuildPhase;
			buildActionMask = 2147483647;
			files = (
				E4C2422B10CC554B004149E2 /* openFrameworksDebug.a in Frameworks */,
				E45BE97B0E8CC7DD009D7055 /* AGL.framework in Frameworks */,
				E45BE97C0E8CC7DD009D7055 /* ApplicationServices.framework in Frameworks */,
				E45BE97D0E8CC7DD009D7055 /* AudioToolbox.framework in Frameworks */,
				E45BE97E0E8CC7DD009D7055 /* Carbon.framework in Frameworks */,
				E45BE97F0E8CC7DD009D7055 /* CoreAudio.framework in Frameworks */,
				E45BE9800E8CC7DD009D7055 /* CoreFoundation.framework in Frameworks */,
				E45BE9810E8CC7DD009D7055 /* CoreServices.framework in Frameworks */,
				E45BE9830E8CC7DD009D7055 /* OpenGL.framework in Frameworks */,
				E45BE9840E8CC7DD009D7055 /* QuickTime.framework in Frameworks */,
				E4C2424710CC5A17004149E2 /* AppKit.framework in Frameworks */,
				E4C2424810CC5A17004149E2 /* Cocoa.framework in Frameworks */,
				E4C2424910CC5A17004149E2 /* IOKit.framework in Frameworks */,
				E4C2426610CC5A78004149E2 /* GLUT.framework in Frameworks */,
			);
			runOnlyForDeploymentPostprocessing = 0;
		};
/* End PBXFrameworksBuildPhase section */

/* Begin PBXGroup section */
		22CBFA21134B35CC0050FB85 /* ofxMSAInteractiveObject */ = {
			isa = PBXGroup;
			children = (
				22CBFA22134B35CC0050FB85 /* changelog.txt */,
				22CBFA29134B35CC0050FB85 /* LICENSE.txt */,
				22CBFA2A134B35CC0050FB85 /* src */,
			);
			name = ofxMSAInteractiveObject;
			path = ../../../addons/ofxMSAInteractiveObject;
			sourceTree = SOURCE_ROOT;
		};
		22CBFA2A134B35CC0050FB85 /* src */ = {
			isa = PBXGroup;
			children = (
				22CBFA2B134B35CC0050FB85 /* ofxCustomGuiResponder.cpp */,
				22CBFA2C134B35CC0050FB85 /* ofxCustomGuiResponder.h */,
				22CBFA2D134B35CC0050FB85 /* ofxMSAInteractiveObject.cpp */,
				22CBFA2E134B35CC0050FB85 /* ofxMSAInteractiveObject.h */,
				22CBFA2F134B35CC0050FB85 /* ofxMSAInteractiveObjectDelegate.h */,
			);
			name = src;
			path = ../../../addons/ofxMSAInteractiveObject/src;
			sourceTree = SOURCE_ROOT;
		};
		22CBFA30134B35CC0050FB85 /* ofxSimpleGuiToo */ = {
			isa = PBXGroup;
			children = (
				22CBFA31134B35CC0050FB85 /* changelog.txt */,
				22CBFA36134B35CC0050FB85 /* install.xml */,
				22CBFA37134B35CC0050FB85 /* LICENSE.txt */,
				22CBFA38134B35CC0050FB85 /* src */,
			);
			name = ofxSimpleGuiToo;
			path = ../../../addons/ofxSimpleGuiToo;
			sourceTree = SOURCE_ROOT;
		};
		22CBFA38134B35CC0050FB85 /* src */ = {
			isa = PBXGroup;
			children = (
				22CBFA39134B35CC0050FB85 /* Controls */,
				22CBFA55134B35CC0050FB85 /* ofxSimpleGuiConfig.cpp */,
				22CBFA56134B35CC0050FB85 /* ofxSimpleGuiConfig.h */,
				22CBFA57134B35CC0050FB85 /* ofxSimpleGuiControl.cpp */,
				22CBFA58134B35CC0050FB85 /* ofxSimpleGuiControl.h */,
				22CBFA59134B35CC0050FB85 /* ofxSimpleGuiIncludes.h */,
				22CBFA5A134B35CC0050FB85 /* ofxSimpleGuiPage.cpp */,
				22CBFA5B134B35CC0050FB85 /* ofxSimpleGuiPage.h */,
				22CBFA5C134B35CC0050FB85 /* ofxSimpleGuiToo.cpp */,
				22CBFA5D134B35CC0050FB85 /* ofxSimpleGuiToo.h */,
			);
			name = src;
			path = ../../../addons/ofxSimpleGuiToo/src;
			sourceTree = SOURCE_ROOT;
		};
		22CBFA39134B35CC0050FB85 /* Controls */ = {
			isa = PBXGroup;
			children = (
				22CBFA3A134B35CC0050FB85 /* ofxSimpleGuiButton.cpp */,
				22CBFA3B134B35CC0050FB85 /* ofxSimpleGuiButton.h */,
				22CBFA3C134B35CC0050FB85 /* ofxSimpleGuiColorPicker.cpp */,
				22CBFA3D134B35CC0050FB85 /* ofxSimpleGuiColorPicker.h */,
				22CBFA3E134B35CC0050FB85 /* ofxSimpleGuiContent.cpp */,
				22CBFA3F134B35CC0050FB85 /* ofxSimpleGuiContent.h */,
				22CBFA40134B35CC0050FB85 /* ofxSimpleGuiFPSCounter.cpp */,
				22CBFA41134B35CC0050FB85 /* ofxSimpleGuiFPSCounter.h */,
				22CBFA42134B35CC0050FB85 /* ofxSimpleGuiMovieSlider.cpp */,
				22CBFA43134B35CC0050FB85 /* ofxSimpleGuiMovieSlider.h */,
				22CBFA44134B35CC0050FB85 /* ofxSimpleGuiOption.cpp */,
				22CBFA45134B35CC0050FB85 /* ofxSimpleGuiOption.h */,
				22CBFA46134B35CC0050FB85 /* ofxSimpleGuiOptionGroup.cpp */,
				22CBFA47134B35CC0050FB85 /* ofxSimpleGuiOptionGroup.h */,
				22CBFA48134B35CC0050FB85 /* ofxSimpleGuiQuadWarp.cpp */,
				22CBFA49134B35CC0050FB85 /* ofxSimpleGuiQuadWarp.h */,
				22CBFA4A134B35CC0050FB85 /* ofxSimpleGuiSlider2d.cpp */,
				22CBFA4B134B35CC0050FB85 /* ofxSimpleGuiSlider2d.h */,
				22CBFA4C134B35CC0050FB85 /* ofxSimpleGuiSliderBase.h */,
				22CBFA4D134B35CC0050FB85 /* ofxSimpleGuiSliderFloat.h */,
				22CBFA4E134B35CC0050FB85 /* ofxSimpleGuiSliderInt.h */,
				22CBFA4F134B35CC0050FB85 /* ofxSimpleGuiSliderRange.cpp */,
				22CBFA50134B35CC0050FB85 /* ofxSimpleGuiSliderRange.h */,
				22CBFA51134B35CC0050FB85 /* ofxSimpleGuiTitle.cpp */,
				22CBFA52134B35CC0050FB85 /* ofxSimpleGuiTitle.h */,
				22CBFA53134B35CC0050FB85 /* ofxSimpleGuiToggle.cpp */,
				22CBFA54134B35CC0050FB85 /* ofxSimpleGuiToggle.h */,
			);
			name = Controls;
			path = ../../../addons/ofxSimpleGuiToo/src/Controls;
			sourceTree = SOURCE_ROOT;
		};
		BB4B014C10F69532006C3DED /* addons */ = {
			isa = PBXGroup;
			children = (
				E7E0856613A40AE900031E17 /* ofxRange */,
				E7E0856813A40AE900031E17 /* ofxXmlSettings */,
				E78CAB18137B20F1004CAD46 /* ofxPuffersphere */,
				22CBFA21134B35CC0050FB85 /* ofxMSAInteractiveObject */,
				22CBFA30134B35CC0050FB85 /* ofxSimpleGuiToo */,
			);
			name = addons;
			sourceTree = "<group>";
		};
		E45BE5980E8CC70C009D7055 /* frameworks */ = {
			isa = PBXGroup;
			children = (
				E4C2425F10CC5A78004149E2 /* GLUT.framework */,
				E4C2424410CC5A17004149E2 /* AppKit.framework */,
				E4C2424510CC5A17004149E2 /* Cocoa.framework */,
				E4C2424610CC5A17004149E2 /* IOKit.framework */,
				E45BE9710E8CC7DD009D7055 /* AGL.framework */,
				E45BE9720E8CC7DD009D7055 /* ApplicationServices.framework */,
				E45BE9730E8CC7DD009D7055 /* AudioToolbox.framework */,
				E45BE9740E8CC7DD009D7055 /* Carbon.framework */,
				E45BE9750E8CC7DD009D7055 /* CoreAudio.framework */,
				E45BE9760E8CC7DD009D7055 /* CoreFoundation.framework */,
				E45BE9770E8CC7DD009D7055 /* CoreServices.framework */,
				E45BE9790E8CC7DD009D7055 /* OpenGL.framework */,
				E45BE97A0E8CC7DD009D7055 /* QuickTime.framework */,
			);
			name = frameworks;
			sourceTree = "<group>";
		};
		E4B69B4A0A3A1720003C02F2 = {
			isa = PBXGroup;
			children = (
				E4B6FCAD0C3E899E008CF71C /* openFrameworks-Info.plist */,
				E4B69B5B0A3A1756003C02F2 /* SpinningSquareDebug.app */,
				E4B69E1C0A3A1BDC003C02F2 /* src */,
				E4C2422310CC54B6004149E2 /* openFrameworks */,
				BB4B014C10F69532006C3DED /* addons */,
				E45BE5980E8CC70C009D7055 /* frameworks */,
			);
			sourceTree = "<group>";
		};
		E4B69E1C0A3A1BDC003C02F2 /* src */ = {
			isa = PBXGroup;
			children = (
				E7E0867B13A414C300031E17 /* shaders */,
				22D725D11318730600635AAD /* main.cpp */,
				E4B69E1F0A3A1BDC003C02F2 /* testApp.h */,
				E4B69E1E0A3A1BDC003C02F2 /* testApp.cpp */,
			);
			path = src;
			sourceTree = SOURCE_ROOT;
		};
		E4C2421710CC549C004149E2 /* Products */ = {
			isa = PBXGroup;
			children = (
				E4C2421E10CC549C004149E2 /* openFrameworksDebug.a */,
			);
			name = Products;
			sourceTree = "<group>";
		};
		E4C2422310CC54B6004149E2 /* openFrameworks */ = {
			isa = PBXGroup;
			children = (
				E4C2421610CC549C004149E2 /* openFrameworksLib.xcodeproj */,
			);
			name = openFrameworks;
			sourceTree = "<group>";
		};
		E78CAB18137B20F1004CAD46 /* ofxPuffersphere */ = {
			isa = PBXGroup;
			children = (
				E78CAB19137B20F1004CAD46 /* example */,
				E78CAB1A137B20F1004CAD46 /* src */,
			);
			name = ofxPuffersphere;
			path = ../../../addons/ofxPuffersphere;
			sourceTree = SOURCE_ROOT;
		};
		E78CAB19137B20F1004CAD46 /* example */ = {
			isa = PBXGroup;
			children = (
			);
			path = example;
			sourceTree = "<group>";
		};
		E78CAB1A137B20F1004CAD46 /* src */ = {
			isa = PBXGroup;
			children = (
				E78CAB1B137B20F1004CAD46 /* ofxPuffersphereObject.h */,
				E7C4D3AB139646C1006CEC2F /* ofxPuffersphereObject.cpp */,
				E78CAB1C137B20FD004CAD46 /* ofxPuffersphere.h */,
				E78CAB1D137B20FD004CAD46 /* ofxPuffersphere.cpp */,
			);
			path = src;
			sourceTree = "<group>";
		};
		E7E0856613A40AE900031E17 /* ofxRange */ = {
			isa = PBXGroup;
			children = (
				E7E0856713A40AE900031E17 /* ofRange.h */,
			);
			name = ofxRange;
			path = ../../../addons/ofxRange;
			sourceTree = SOURCE_ROOT;
		};
		E7E0856813A40AE900031E17 /* ofxXmlSettings */ = {
			isa = PBXGroup;
			children = (
				E7E0856913A40AE900031E17 /* install.xml */,
				E7E0856A13A40AE900031E17 /* libs */,
				E7E0856F13A40AEA00031E17 /* src */,
			);
			name = ofxXmlSettings;
			path = ../../../addons/ofxXmlSettings;
			sourceTree = SOURCE_ROOT;
		};
		E7E0856A13A40AE900031E17 /* libs */ = {
			isa = PBXGroup;
			children = (
				E7E0856B13A40AE900031E17 /* tinyxml.cpp */,
				E7E0856C13A40AEA00031E17 /* tinyxml.h */,
				E7E0856D13A40AEA00031E17 /* tinyxmlerror.cpp */,
				E7E0856E13A40AEA00031E17 /* tinyxmlparser.cpp */,
			);
			path = libs;
			sourceTree = "<group>";
		};
		E7E0856F13A40AEA00031E17 /* src */ = {
			isa = PBXGroup;
			children = (
				E7E0857013A40AEA00031E17 /* ofxXmlSettings.cpp */,
				E7E0857113A40AEA00031E17 /* ofxXmlSettings.h */,
			);
			path = src;
			sourceTree = "<group>";
		};
		E7E0867B13A414C300031E17 /* shaders */ = {
			isa = PBXGroup;
			children = (
				E7E0867C13A414C300031E17 /* offaxis.frag */,
				E7E0867D13A414C300031E17 /* offaxis.vert */,
				E7E0867E13A414C300031E17 /* spherize.frag */,
				E7E0867F13A414C300031E17 /* spherize.vert */,
			);
			name = shaders;
			path = bin/data/shaders;
			sourceTree = SOURCE_ROOT;
		};
/* End PBXGroup section */

/* Begin PBXNativeTarget section */
		E4B69B5A0A3A1756003C02F2 /* SpinningSquare */ = {
			isa = PBXNativeTarget;
			buildConfigurationList = E4B69B5F0A3A1757003C02F2 /* Build configuration list for PBXNativeTarget "SpinningSquare" */;
			buildPhases = (
				E4B69B580A3A1756003C02F2 /* Sources */,
				E4B69B590A3A1756003C02F2 /* Frameworks */,
				E4B6FFFD0C3F9AB9008CF71C /* ShellScript */,
				E4C2427710CC5ABF004149E2 /* CopyFiles */,
			);
			buildRules = (
			);
			dependencies = (
				E4C2422810CC54DA004149E2 /* PBXTargetDependency */,
			);
			name = SpinningSquare;
			productName = myOFApp;
			productReference = E4B69B5B0A3A1756003C02F2 /* SpinningSquareDebug.app */;
			productType = "com.apple.product-type.application";
		};
/* End PBXNativeTarget section */

/* Begin PBXProject section */
		E4B69B4C0A3A1720003C02F2 /* Project object */ = {
			isa = PBXProject;
			buildConfigurationList = E4B69B4D0A3A1720003C02F2 /* Build configuration list for PBXProject "SpinningSquare" */;
			compatibilityVersion = "Xcode 2.4";
			hasScannedForEncodings = 0;
			knownRegions = (
				English,
				Japanese,
				French,
				German,
			);
			mainGroup = E4B69B4A0A3A1720003C02F2;
			productRefGroup = E4B69B4A0A3A1720003C02F2;
			projectDirPath = "";
			projectReferences = (
				{
					ProductGroup = E4C2421710CC549C004149E2 /* Products */;
					ProjectRef = E4C2421610CC549C004149E2 /* openFrameworksLib.xcodeproj */;
				},
			);
			projectRoot = "";
			targets = (
				E4B69B5A0A3A1756003C02F2 /* SpinningSquare */,
			);
		};
/* End PBXProject section */

/* Begin PBXReferenceProxy section */
		E4C2421E10CC549C004149E2 /* openFrameworksDebug.a */ = {
			isa = PBXReferenceProxy;
			fileType = archive.ar;
			path = openFrameworksDebug.a;
			remoteRef = E4C2421D10CC549C004149E2 /* PBXContainerItemProxy */;
			sourceTree = BUILT_PRODUCTS_DIR;
		};
/* End PBXReferenceProxy section */

/* Begin PBXShellScriptBuildPhase section */
		E4B6FFFD0C3F9AB9008CF71C /* ShellScript */ = {
			isa = PBXShellScriptBuildPhase;
			buildActionMask = 2147483647;
			files = (
			);
			inputPaths = (
			);
			outputPaths = (
			);
			runOnlyForDeploymentPostprocessing = 0;
			shellPath = /bin/sh;
			shellScript = "cp -f ../../../libs/fmodex/lib/osx/libfmodex.dylib \"$TARGET_BUILD_DIR/$PRODUCT_NAME.app/Contents/MacOS/libfmodex.dylib\"\ninstall_name_tool -change ./libfmodex.dylib @executable_path/libfmodex.dylib \"$TARGET_BUILD_DIR/$PRODUCT_NAME.app/Contents/MacOS/$PRODUCT_NAME\" ";
		};
/* End PBXShellScriptBuildPhase section */

/* Begin PBXSourcesBuildPhase section */
		E4B69B580A3A1756003C02F2 /* Sources */ = {
			isa = PBXSourcesBuildPhase;
			buildActionMask = 2147483647;
			files = (
				E4B69E210A3A1BDC003C02F2 /* testApp.cpp in Sources */,
				22D725D21318730600635AAD /* main.cpp in Sources */,
				22CBFA60134B35CC0050FB85 /* ofxCustomGuiResponder.cpp in Sources */,
				22CBFA61134B35CC0050FB85 /* ofxMSAInteractiveObject.cpp in Sources */,
				22CBFA64134B35CC0050FB85 /* ofxSimpleGuiButton.cpp in Sources */,
				22CBFA65134B35CC0050FB85 /* ofxSimpleGuiColorPicker.cpp in Sources */,
				22CBFA66134B35CC0050FB85 /* ofxSimpleGuiContent.cpp in Sources */,
				22CBFA67134B35CC0050FB85 /* ofxSimpleGuiFPSCounter.cpp in Sources */,
				22CBFA68134B35CC0050FB85 /* ofxSimpleGuiMovieSlider.cpp in Sources */,
				22CBFA69134B35CC0050FB85 /* ofxSimpleGuiOption.cpp in Sources */,
				22CBFA6A134B35CC0050FB85 /* ofxSimpleGuiOptionGroup.cpp in Sources */,
				22CBFA6B134B35CC0050FB85 /* ofxSimpleGuiQuadWarp.cpp in Sources */,
				22CBFA6C134B35CC0050FB85 /* ofxSimpleGuiSlider2d.cpp in Sources */,
				22CBFA6D134B35CC0050FB85 /* ofxSimpleGuiSliderRange.cpp in Sources */,
				22CBFA6E134B35CC0050FB85 /* ofxSimpleGuiTitle.cpp in Sources */,
				22CBFA6F134B35CC0050FB85 /* ofxSimpleGuiToggle.cpp in Sources */,
				22CBFA70134B35CC0050FB85 /* ofxSimpleGuiConfig.cpp in Sources */,
				22CBFA71134B35CC0050FB85 /* ofxSimpleGuiControl.cpp in Sources */,
				22CBFA72134B35CC0050FB85 /* ofxSimpleGuiPage.cpp in Sources */,
				22CBFA73134B35CC0050FB85 /* ofxSimpleGuiToo.cpp in Sources */,
				E78CAB1E137B20FD004CAD46 /* ofxPuffersphere.cpp in Sources */,
				E7C4D3AC139646C1006CEC2F /* ofxPuffersphereObject.cpp in Sources */,
				E7E0857213A40AEA00031E17 /* tinyxml.cpp in Sources */,
				E7E0857313A40AEA00031E17 /* tinyxmlerror.cpp in Sources */,
				E7E0857413A40AEA00031E17 /* tinyxmlparser.cpp in Sources */,
				E7E0857513A40AEA00031E17 /* ofxXmlSettings.cpp in Sources */,
				E7E0868013A414C300031E17 /* offaxis.frag in Sources */,
				E7E0868113A414C300031E17 /* offaxis.vert in Sources */,
				E7E0868213A414C300031E17 /* spherize.frag in Sources */,
				E7E0868313A414C300031E17 /* spherize.vert in Sources */,
			);
			runOnlyForDeploymentPostprocessing = 0;
		};
/* End PBXSourcesBuildPhase section */

/* Begin PBXTargetDependency section */
		E4C2422810CC54DA004149E2 /* PBXTargetDependency */ = {
			isa = PBXTargetDependency;
			name = openFrameworks;
			targetProxy = E4C2422710CC54DA004149E2 /* PBXContainerItemProxy */;
		};
/* End PBXTargetDependency section */

/* Begin XCBuildConfiguration section */
		E4B69B4E0A3A1720003C02F2 /* Debug */ = {
			isa = XCBuildConfiguration;
			buildSettings = {
				ARCHS = "$(ONLY_ACTIVE_ARCH_PRE_XCODE_3_1)";
				CONFIGURATION_BUILD_DIR = "$(SRCROOT)/bin/";
				COPY_PHASE_STRIP = NO;
				DEAD_CODE_STRIPPING = YES;
				GCC_AUTO_VECTORIZATION = YES;
				GCC_ENABLE_SSE3_EXTENSIONS = YES;
				GCC_ENABLE_SUPPLEMENTAL_SSE3_INSTRUCTIONS = YES;
				GCC_INLINES_ARE_PRIVATE_EXTERN = NO;
				GCC_MODEL_TUNING = G5;
				GCC_SYMBOLS_PRIVATE_EXTERN = NO;
				GCC_WARN_ABOUT_DEPRECATED_FUNCTIONS = NO;
				GCC_WARN_ABOUT_INVALID_OFFSETOF_MACRO = NO;
				GCC_WARN_ALLOW_INCOMPLETE_PROTOCOL = NO;
				GCC_WARN_UNINITIALIZED_AUTOS = NO;
				GCC_WARN_UNUSED_VALUE = NO;
				GCC_WARN_UNUSED_VARIABLE = NO;
				HEADER_SEARCH_PATHS = (
					"../../../libs/openFrameworks/**",
					../../../libs/freetype/include/,
					../../../libs/freetype/include/freetype2,
					../../../libs/poco/include,
					"../../../addons/**",
					"../../../libs/glew/include/GL/**",
					"../../../libs/assimp/include/**",
					"../../../libs/fmodex/include/**",
					"../../../libs/freeimage/include/**",
					"../../../addons/ofxFTGL/lib/**",
				);
				ONLY_ACTIVE_ARCH_PRE_XCODE_3_1 = "$(NATIVE_ARCH)";
				OTHER_CPLUSPLUSFLAGS = (
					"-D__MACOSX_CORE__",
					"-lpthread",
				);
				OTHER_LDFLAGS = (
					"$(OTHER_LDFLAGS_QUOTED_FOR_PROJECT_1)",
					"$(OTHER_LDFLAGS_QUOTED_FOR_PROJECT_2)",
					"$(OTHER_LDFLAGS_QUOTED_FOR_PROJECT_3)",
					"$(OTHER_LDFLAGS_QUOTED_FOR_PROJECT_4)",
					"$(OTHER_LDFLAGS_QUOTED_FOR_PROJECT_5)",
					"$(OTHER_LDFLAGS_QUOTED_FOR_PROJECT_6)",
					"$(OTHER_LDFLAGS_QUOTED_FOR_PROJECT_7)",
					"$(OTHER_LDFLAGS_QUOTED_FOR_PROJECT_8)",
					"$(OTHER_LDFLAGS_QUOTED_FOR_PROJECT_9)",
					"$(OTHER_LDFLAGS_QUOTED_FOR_PROJECT_9)",
					"$(OTHER_LDFLAGS_QUOTED_FOR_PROJECT_10)",
				);
				OTHER_LDFLAGS_QUOTED_FOR_PROJECT_1 = "\"../../../libs/poco/lib/osx/PocoUtil.a\"";
				OTHER_LDFLAGS_QUOTED_FOR_PROJECT_10 = "\"../../../libs/assimp/lib/osx/assimp.a\"";
				OTHER_LDFLAGS_QUOTED_FOR_PROJECT_2 = "\"../../../libs/poco/lib/osx/PocoXML.a\"";
				OTHER_LDFLAGS_QUOTED_FOR_PROJECT_3 = "\"../../../libs/poco/lib/osx/PocoFoundation.a\"";
				OTHER_LDFLAGS_QUOTED_FOR_PROJECT_4 = "\"../../../libs/poco/lib/osx/PocoNet.a\"";
				OTHER_LDFLAGS_QUOTED_FOR_PROJECT_5 = "\"../../../libs/rtAudio/lib/osx/rtAudio.a\"";
				OTHER_LDFLAGS_QUOTED_FOR_PROJECT_6 = "\"../../../libs/freetype/lib/osx/freetype.a\"";
				OTHER_LDFLAGS_QUOTED_FOR_PROJECT_7 = "\"../../../libs/FreeImage/lib/osx/freeimage.a\"";
				OTHER_LDFLAGS_QUOTED_FOR_PROJECT_8 = "\"../../../libs/fmodex/lib/osx/libfmodex.dylib\"";
				OTHER_LDFLAGS_QUOTED_FOR_PROJECT_9 = "\"../../../libs/glew/lib/osx/glew.a\"";
				SDKROOT = "$(DEVELOPER_SDK_DIR)/MacOSX10.6.sdk";
			};
			name = Debug;
		};
		E4B69B4F0A3A1720003C02F2 /* Release */ = {
			isa = XCBuildConfiguration;
			buildSettings = {
				ARCHS = "$(ONLY_ACTIVE_ARCH_PRE_XCODE_3_1)";
				CONFIGURATION_BUILD_DIR = "$(SRCROOT)/bin/";
				COPY_PHASE_STRIP = YES;
				DEAD_CODE_STRIPPING = YES;
				GCC_AUTO_VECTORIZATION = YES;
				GCC_ENABLE_SSE3_EXTENSIONS = YES;
				GCC_ENABLE_SUPPLEMENTAL_SSE3_INSTRUCTIONS = YES;
				GCC_INLINES_ARE_PRIVATE_EXTERN = NO;
				GCC_MODEL_TUNING = G5;
				GCC_OPTIMIZATION_LEVEL = 3;
				GCC_SYMBOLS_PRIVATE_EXTERN = NO;
				GCC_UNROLL_LOOPS = YES;
				GCC_WARN_ABOUT_DEPRECATED_FUNCTIONS = NO;
				GCC_WARN_ABOUT_INVALID_OFFSETOF_MACRO = NO;
				GCC_WARN_ALLOW_INCOMPLETE_PROTOCOL = NO;
				GCC_WARN_UNINITIALIZED_AUTOS = NO;
				GCC_WARN_UNUSED_VALUE = NO;
				GCC_WARN_UNUSED_VARIABLE = NO;
				HEADER_SEARCH_PATHS = (
					"../../../libs/openFrameworks/**",
					../../../libs/freetype/include/,
					../../../libs/freetype/include/freetype2,
					../../../libs/poco/include,
					"../../../addons/**",
					"../../../libs/glew/include/GL/**",
					"../../../libs/assimp/include/**",
					"../../../libs/fmodex/include/**",
					"../../../libs/freeimage/include/**",
					"../../../addons/ofxFTGL/lib/**",
				);
				ONLY_ACTIVE_ARCH_PRE_XCODE_3_1 = "$(NATIVE_ARCH)";
				OTHER_CPLUSPLUSFLAGS = (
					"-D__MACOSX_CORE__",
					"-lpthread",
				);
				OTHER_LDFLAGS = (
					"$(OTHER_LDFLAGS_QUOTED_FOR_PROJECT_1)",
					"$(OTHER_LDFLAGS_QUOTED_FOR_PROJECT_2)",
					"$(OTHER_LDFLAGS_QUOTED_FOR_PROJECT_3)",
					"$(OTHER_LDFLAGS_QUOTED_FOR_PROJECT_4)",
					"$(OTHER_LDFLAGS_QUOTED_FOR_PROJECT_5)",
					"$(OTHER_LDFLAGS_QUOTED_FOR_PROJECT_6)",
					"$(OTHER_LDFLAGS_QUOTED_FOR_PROJECT_7)",
					"$(OTHER_LDFLAGS_QUOTED_FOR_PROJECT_8)",
					"$(OTHER_LDFLAGS_QUOTED_FOR_PROJECT_9)",
					"$(OTHER_LDFLAGS_QUOTED_FOR_PROJECT_9)",
					"$(OTHER_LDFLAGS_QUOTED_FOR_PROJECT_10)",
				);
				OTHER_LDFLAGS_QUOTED_FOR_PROJECT_1 = "\"../../../libs/poco/lib/osx/PocoUtil.a\"";
				OTHER_LDFLAGS_QUOTED_FOR_PROJECT_10 = "\"../../../libs/assimp/lib/osx/assimp.a\"";
				OTHER_LDFLAGS_QUOTED_FOR_PROJECT_2 = "\"../../../libs/poco/lib/osx/PocoXML.a\"";
				OTHER_LDFLAGS_QUOTED_FOR_PROJECT_3 = "\"../../../libs/poco/lib/osx/PocoFoundation.a\"";
				OTHER_LDFLAGS_QUOTED_FOR_PROJECT_4 = "\"../../../libs/poco/lib/osx/PocoNet.a\"";
				OTHER_LDFLAGS_QUOTED_FOR_PROJECT_5 = "\"../../../libs/rtAudio/lib/osx/rtAudio.a\"";
				OTHER_LDFLAGS_QUOTED_FOR_PROJECT_6 = "\"../../../libs/freetype/lib/osx/freetype.a\"";
				OTHER_LDFLAGS_QUOTED_FOR_PROJECT_7 = "\"../../../libs/FreeImage/lib/osx/freeimage.a\"";
				OTHER_LDFLAGS_QUOTED_FOR_PROJECT_8 = "\"../../../libs/fmodex/lib/osx/libfmodex.dylib\"";
				OTHER_LDFLAGS_QUOTED_FOR_PROJECT_9 = "\"../../../libs/glew/lib/osx/glew.a\"";
				SDKROOT = "$(DEVELOPER_SDK_DIR)/MacOSX10.6.sdk";
			};
			name = Release;
		};
		E4B69B600A3A1757003C02F2 /* Debug */ = {
			isa = XCBuildConfiguration;
			buildSettings = {
				COPY_PHASE_STRIP = NO;
				FRAMEWORK_SEARCH_PATHS = (
					"$(inherited)",
					"$(FRAMEWORK_SEARCH_PATHS_QUOTED_FOR_TARGET_1)",
				);
				FRAMEWORK_SEARCH_PATHS_QUOTED_FOR_TARGET_1 = "\"$(SRCROOT)/../../../libs/glut/lib/osx\"";
				GCC_DYNAMIC_NO_PIC = NO;
				GCC_ENABLE_FIX_AND_CONTINUE = YES;
				GCC_GENERATE_DEBUGGING_SYMBOLS = YES;
				GCC_MODEL_TUNING = G4;
				GCC_OPTIMIZATION_LEVEL = 0;
				GCC_PRECOMPILE_PREFIX_HEADER = YES;
				GCC_PREFIX_HEADER = "$(SYSTEM_LIBRARY_DIR)/Frameworks/Carbon.framework/Headers/Carbon.h";
				INFOPLIST_FILE = "openFrameworks-Info.plist";
				INSTALL_PATH = "$(HOME)/Applications";
				LIBRARY_SEARCH_PATHS = (
					"$(inherited)",
					"$(LIBRARY_SEARCH_PATHS_QUOTED_FOR_TARGET_1)",
					"$(LIBRARY_SEARCH_PATHS_QUOTED_FOR_TARGET_2)",
					"$(LIBRARY_SEARCH_PATHS_QUOTED_FOR_TARGET_3)",
					"$(LIBRARY_SEARCH_PATHS_QUOTED_FOR_TARGET_4)",
					"$(LIBRARY_SEARCH_PATHS_QUOTED_FOR_TARGET_5)",
					"$(LIBRARY_SEARCH_PATHS_QUOTED_FOR_TARGET_6)",
					"$(LIBRARY_SEARCH_PATHS_QUOTED_FOR_TARGET_7)",
					"$(LIBRARY_SEARCH_PATHS_QUOTED_FOR_TARGET_8)",
					"$(LIBRARY_SEARCH_PATHS_QUOTED_FOR_TARGET_9)",
					"$(LIBRARY_SEARCH_PATHS_QUOTED_FOR_TARGET_10)",
					"$(LIBRARY_SEARCH_PATHS_QUOTED_FOR_TARGET_11)",
					"$(LIBRARY_SEARCH_PATHS_QUOTED_FOR_TARGET_12)",
					"$(LIBRARY_SEARCH_PATHS_QUOTED_FOR_TARGET_13)",
					"$(LIBRARY_SEARCH_PATHS_QUOTED_FOR_TARGET_14)",
					"$(LIBRARY_SEARCH_PATHS_QUOTED_FOR_TARGET_15)",
					"$(LIBRARY_SEARCH_PATHS_QUOTED_FOR_TARGET_2)",
					"$(LIBRARY_SEARCH_PATHS_QUOTED_FOR_TARGET_3)",
					"$(LIBRARY_SEARCH_PATHS_QUOTED_FOR_TARGET_7)",
					"$(LIBRARY_SEARCH_PATHS_QUOTED_FOR_TARGET_8)",
					"$(LIBRARY_SEARCH_PATHS_QUOTED_FOR_TARGET_9)",
					"$(LIBRARY_SEARCH_PATHS_QUOTED_FOR_TARGET_10)",
					"$(LIBRARY_SEARCH_PATHS_QUOTED_FOR_TARGET_11)",
					"$(LIBRARY_SEARCH_PATHS_QUOTED_FOR_TARGET_12)",
					"$(LIBRARY_SEARCH_PATHS_QUOTED_FOR_TARGET_13)",
					"$(LIBRARY_SEARCH_PATHS_QUOTED_FOR_TARGET_16)",
				);
				LIBRARY_SEARCH_PATHS_QUOTED_FOR_TARGET_1 = "\"$(SRCROOT)/../../../libs/freeimage/lib/osx\"";
				LIBRARY_SEARCH_PATHS_QUOTED_FOR_TARGET_10 = "\"$(SRCROOT)/../../../addons/ofxOsc/libs/oscpack/lib/linux\"";
				LIBRARY_SEARCH_PATHS_QUOTED_FOR_TARGET_11 = "\"$(SRCROOT)/../../../addons/ofxOsc/libs/oscpack/lib/linux64\"";
				LIBRARY_SEARCH_PATHS_QUOTED_FOR_TARGET_12 = "\"$(SRCROOT)/../../../addons/ofxOsc/libs/oscpack/lib/osx\"";
				LIBRARY_SEARCH_PATHS_QUOTED_FOR_TARGET_13 = "\"$(SRCROOT)/../../../addons/ofxOsc/libs/oscpack/lib/vs2010\"";
				LIBRARY_SEARCH_PATHS_QUOTED_FOR_TARGET_14 = "\"$(SRCROOT)/../../../libs/fmodex/lib/osx\"";
				LIBRARY_SEARCH_PATHS_QUOTED_FOR_TARGET_15 = "\"$(SRCROOT)/../../../libs/freetype/lib/osx\"";
				LIBRARY_SEARCH_PATHS_QUOTED_FOR_TARGET_16 = "\"$(SRCROOT)/../../../addons/ofxOsc/libs/oscpack/lib/win_cb\"";
				LIBRARY_SEARCH_PATHS_QUOTED_FOR_TARGET_2 = "\"$(SRCROOT)/../../../libs/FreeImage/lib/osx\"";
				LIBRARY_SEARCH_PATHS_QUOTED_FOR_TARGET_3 = "\"$(SRCROOT)/../../../libs/glew/libs/osx\"";
				LIBRARY_SEARCH_PATHS_QUOTED_FOR_TARGET_4 = "";
				LIBRARY_SEARCH_PATHS_QUOTED_FOR_TARGET_5 = "\"$(SRCROOT)/../../../libs/poco/lib/osx\"";
				LIBRARY_SEARCH_PATHS_QUOTED_FOR_TARGET_6 = "\"$(SRCROOT)/../../../libs/rtAudio/lib/osx\"";
				LIBRARY_SEARCH_PATHS_QUOTED_FOR_TARGET_7 = "\"$(SRCROOT)/../../../libs/glew/libs/osx\"";
				LIBRARY_SEARCH_PATHS_QUOTED_FOR_TARGET_8 = "\"$(SRCROOT)/../../../addons/ofxOsc/libs/oscpack/lib/android/arm7\"";
				LIBRARY_SEARCH_PATHS_QUOTED_FOR_TARGET_9 = "\"$(SRCROOT)/../../../addons/ofxOsc/libs/oscpack/lib/android\"";
				PREBINDING = NO;
				PRODUCT_NAME = "$(TARGET_NAME)Debug";
				WRAPPER_EXTENSION = app;
				ZERO_LINK = NO;
			};
			name = Debug;
		};
		E4B69B610A3A1757003C02F2 /* Release */ = {
			isa = XCBuildConfiguration;
			buildSettings = {
				COPY_PHASE_STRIP = YES;
				FRAMEWORK_SEARCH_PATHS = (
					"$(inherited)",
					"$(FRAMEWORK_SEARCH_PATHS_QUOTED_FOR_TARGET_1)",
				);
				FRAMEWORK_SEARCH_PATHS_QUOTED_FOR_TARGET_1 = "\"$(SRCROOT)/../../../libs/glut/lib/osx\"";
				GCC_ENABLE_FIX_AND_CONTINUE = NO;
				GCC_GENERATE_DEBUGGING_SYMBOLS = NO;
				GCC_MODEL_TUNING = G4;
				GCC_PRECOMPILE_PREFIX_HEADER = YES;
				GCC_PREFIX_HEADER = "$(SYSTEM_LIBRARY_DIR)/Frameworks/Carbon.framework/Headers/Carbon.h";
				INFOPLIST_FILE = "openFrameworks-Info.plist";
				INSTALL_PATH = "$(HOME)/Applications";
				LIBRARY_SEARCH_PATHS = (
					"$(inherited)",
					"$(LIBRARY_SEARCH_PATHS_QUOTED_FOR_TARGET_1)",
					"$(LIBRARY_SEARCH_PATHS_QUOTED_FOR_TARGET_2)",
					"$(LIBRARY_SEARCH_PATHS_QUOTED_FOR_TARGET_3)",
					"$(LIBRARY_SEARCH_PATHS_QUOTED_FOR_TARGET_4)",
					"$(LIBRARY_SEARCH_PATHS_QUOTED_FOR_TARGET_5)",
					"$(LIBRARY_SEARCH_PATHS_QUOTED_FOR_TARGET_6)",
					"$(LIBRARY_SEARCH_PATHS_QUOTED_FOR_TARGET_7)",
					"$(LIBRARY_SEARCH_PATHS_QUOTED_FOR_TARGET_8)",
					"$(LIBRARY_SEARCH_PATHS_QUOTED_FOR_TARGET_9)",
					"$(LIBRARY_SEARCH_PATHS_QUOTED_FOR_TARGET_10)",
					"$(LIBRARY_SEARCH_PATHS_QUOTED_FOR_TARGET_11)",
					"$(LIBRARY_SEARCH_PATHS_QUOTED_FOR_TARGET_12)",
					"$(LIBRARY_SEARCH_PATHS_QUOTED_FOR_TARGET_13)",
					"$(LIBRARY_SEARCH_PATHS_QUOTED_FOR_TARGET_14)",
					"$(LIBRARY_SEARCH_PATHS_QUOTED_FOR_TARGET_15)",
					"$(LIBRARY_SEARCH_PATHS_QUOTED_FOR_TARGET_2)",
					"$(LIBRARY_SEARCH_PATHS_QUOTED_1)",
					"$(LIBRARY_SEARCH_PATHS_QUOTED_FOR_TARGET_3)",
					"$(LIBRARY_SEARCH_PATHS_QUOTED_2)",
					"$(LIBRARY_SEARCH_PATHS_QUOTED_3)",
					"$(LIBRARY_SEARCH_PATHS_QUOTED_4)",
					"$(LIBRARY_SEARCH_PATHS_QUOTED_5)",
					"$(LIBRARY_SEARCH_PATHS_QUOTED_6)",
					"$(LIBRARY_SEARCH_PATHS_QUOTED_7)",
					"$(LIBRARY_SEARCH_PATHS_QUOTED_8)",
				);
				LIBRARY_SEARCH_PATHS_QUOTED_1 = "\"$(SRCROOT)/../../../libs/glew/libs/osx\"";
				LIBRARY_SEARCH_PATHS_QUOTED_2 = "\"$(SRCROOT)/../../../addons/ofxOsc/libs/oscpack/lib/android/arm7\"";
				LIBRARY_SEARCH_PATHS_QUOTED_3 = "\"$(SRCROOT)/../../../addons/ofxOsc/libs/oscpack/lib/android\"";
				LIBRARY_SEARCH_PATHS_QUOTED_4 = "\"$(SRCROOT)/../../../addons/ofxOsc/libs/oscpack/lib/linux\"";
				LIBRARY_SEARCH_PATHS_QUOTED_5 = "\"$(SRCROOT)/../../../addons/ofxOsc/libs/oscpack/lib/linux64\"";
				LIBRARY_SEARCH_PATHS_QUOTED_6 = "\"$(SRCROOT)/../../../addons/ofxOsc/libs/oscpack/lib/osx\"";
				LIBRARY_SEARCH_PATHS_QUOTED_7 = "\"$(SRCROOT)/../../../addons/ofxOsc/libs/oscpack/lib/vs2010\"";
				LIBRARY_SEARCH_PATHS_QUOTED_8 = "\"$(SRCROOT)/../../../addons/ofxOsc/libs/oscpack/lib/win_cb\"";
				LIBRARY_SEARCH_PATHS_QUOTED_FOR_TARGET_1 = "\"$(SRCROOT)/../../../libs/freeimage/lib/osx\"";
				LIBRARY_SEARCH_PATHS_QUOTED_FOR_TARGET_14 = "\"$(SRCROOT)/../../../libs/fmodex/lib/osx\"";
				LIBRARY_SEARCH_PATHS_QUOTED_FOR_TARGET_15 = "\"$(SRCROOT)/../../../libs/freetype/lib/osx\"";
				LIBRARY_SEARCH_PATHS_QUOTED_FOR_TARGET_2 = "\"$(SRCROOT)/../../../libs/FreeImage/lib/osx\"";
				LIBRARY_SEARCH_PATHS_QUOTED_FOR_TARGET_3 = "\"$(SRCROOT)/../../../libs/glew/libs/osx\"";
				LIBRARY_SEARCH_PATHS_QUOTED_FOR_TARGET_4 = "";
				LIBRARY_SEARCH_PATHS_QUOTED_FOR_TARGET_5 = "\"$(SRCROOT)/../../../libs/poco/lib/osx\"";
				LIBRARY_SEARCH_PATHS_QUOTED_FOR_TARGET_6 = "\"$(SRCROOT)/../../../libs/rtAudio/lib/osx\"";
				PREBINDING = NO;
				PRODUCT_NAME = "$(TARGET_NAME)";
				WRAPPER_EXTENSION = app;
				ZERO_LINK = NO;
			};
			name = Release;
		};
/* End XCBuildConfiguration section */

/* Begin XCConfigurationList section */
		E4B69B4D0A3A1720003C02F2 /* Build configuration list for PBXProject "SpinningSquare" */ = {
			isa = XCConfigurationList;
			buildConfigurations = (
				E4B69B4E0A3A1720003C02F2 /* Debug */,
				E4B69B4F0A3A1720003C02F2 /* Release */,
			);
			defaultConfigurationIsVisible = 0;
			defaultConfigurationName = Release;
		};
		E4B69B5F0A3A1757003C02F2 /* Build configuration list for PBXNativeTarget "SpinningSquare" */ = {
			isa = XCConfigurationList;
			buildConfigurations = (
				E4B69B600A3A1757003C02F2 /* Debug */,
				E4B69B610A3A1757003C02F2 /* Release */,
			);
			defaultConfigurationIsVisible = 0;
			defaultConfigurationName = Release;
		};
/* End XCConfigurationList section */
	};
	rootObject = E4B69B4C0A3A1720003C02F2 /* Project object */;
}
