<?xml version="1.0" encoding="UTF-8" standalone="yes" ?>
<CodeBlocks_project_file>
	<FileVersion major="1" minor="6" />
	<Project>
		<Option title="NMMPuffersphere" />
		<Option makefile="makefile" />
		<Option pch_mode="2" />
		<Option compiler="gcc" />
		<Option virtualFolders="addons\;src\;" />
		<Build>
			<Target title="release">
				<Option output="bin\$(PROJECT_NAME)" prefix_auto="1" extension_auto="1" />
				<Option working_dir="bin" />
				<Option object_output="obj\release" />
				<Option external_deps="..\..\..\libs\openFrameworksCompiled\lib\win_cb\openFrameworks.lib;" />
				<Option type="1" />
				<Option compiler="gcc" />
				<Option projectLinkerOptionsRelation="2" />
				<Compiler>
					<Add option="-O2" />
				</Compiler>
				<Linker>
					<Add option="-s" />
					<Add option="../../../libs/openFrameworksCompiled/lib/win_cb/openFrameworks.lib" />
				</Linker>
			</Target>
			<Target title="debug">
				<Option output="bin\$(PROJECT_NAME)_DEBUG" prefix_auto="1" extension_auto="1" />
				<Option working_dir="bin" />
				<Option object_output="obj\debug\" />
				<Option external_deps="..\..\..\libs\openFrameworksCompiled\lib\win_cb\openFrameworksDebug.lib;" />
				<Option type="1" />
				<Option compiler="gcc" />
				<Option projectLinkerOptionsRelation="2" />
				<Compiler>
					<Add option="-g" />
				</Compiler>
				<Linker>
					<Add option="../../../libs/openFrameworksCompiled/lib/win_cb/openFrameworksDebug.lib" />
				</Linker>
			</Target>
		</Build>
		<Compiler>
			<Add option="-Wno-multichar" />
			<Add directory="..\..\..\libs\glu\include" />
			<Add directory="..\..\..\libs\freetype\include" />
			<Add directory="..\..\..\libs\freetype\include\freetype2" />
			<Add directory="..\..\..\libs\FreeImage\include" />
			<Add directory="..\..\..\libs\quicktime\include" />
			<Add directory="..\..\..\libs\rtAudio\include" />
			<Add directory="..\..\..\libs\fmodex\include" />
			<Add directory="..\..\..\libs\videoInput\include" />
			<Add directory="..\..\..\libs\glew\include" />
			<Add directory="..\..\..\libs\glut\include" />
			<Add directory="..\..\..\libs\openFrameworks" />
			<Add directory="..\..\..\libs\openFrameworks\3d" />
			<Add directory="..\..\..\libs\openFrameworks\app" />
			<Add directory="..\..\..\libs\openFrameworks\communication" />
			<Add directory="..\..\..\libs\openFrameworks\events" />
			<Add directory="..\..\..\libs\openFrameworks\gl" />
			<Add directory="..\..\..\libs\openFrameworks\graphics" />
			<Add directory="..\..\..\libs\openFrameworks\math" />
			<Add directory="..\..\..\libs\openFrameworks\sound" />
			<Add directory="..\..\..\libs\openFrameworks\types" />
			<Add directory="..\..\..\libs\openFrameworks\utils" />
			<Add directory="..\..\..\libs\openFrameworks\video" />
			<Add directory="..\..\..\libs\assimp\include" />
			<Add directory="..\..\..\libs\poco\include" />
			<Add directory="..\..\..\libs\assimp\include\Compiler" />
			<Add directory="..\..\..\addons\ofx3DModelLoader\src" />
			<Add directory="..\..\..\addons\ofx3DModelLoader\src\3DS" />
			<Add directory="..\..\..\addons\ofxAssimpModelLoader\src" />
			<Add directory="..\..\..\addons\ofxDelaunay\libs\Delaunay\" />
			<Add directory="..\..\..\addons\ofxXmlSettings\src" />
			<Add directory="..\..\..\addons\ofxXmlSettings\libs" />
			<Add directory="..\..\..\addons\ofxTween\src\Easings" />
			<Add directory="..\..\..\addons\ofxKissFFT\libs\kiss" />
			<Add directory="..\..\..\addons\ofxKissFFT\libs\kiss\tools" />
			<Add directory="..\..\..\libs\cairo\include\libpng15" />
			<Add directory="..\..\..\libs\cairo\include\pixman-1" />
			<Add directory="..\..\..\libs\cairo\include\cairo" />
			<Add directory="..\..\..\addons\ofxNetwork\src" />
			<Add directory="..\..\..\addons\ofxMostPixelsEver\src" />
			<Add directory="..\..\..\addons\ofxDelaunay\src" />
			<Add directory="..\..\..\addons\ofxNMMLib" />
			<Add directory="..\..\..\addons\ofxNMMLib\ofxNMMEvents" />
			<Add directory="..\..\..\addons\ofxNMMLib\ofxNMMMetadata" />
			<Add directory="..\..\..\addons\ofxNMMLib\ofxNMMPufferSphere" />
			<Add directory="..\..\..\addons\ofxNMMLib\ofxNMMTimeClient" />
			<Add directory="..\..\..\addons\ofxNMMLib\ofxNMMRenderer" />
			<Add directory="..\..\..\addons\ofxQTKitMoviePlayer" />
			<Add directory="..\..\..\addons\ofxOcean" />
			<Add directory="..\..\..\addons\ofxGameCamera" />
			<Add directory="..\..\..\addons\ofxKeyframeAnim" />
			<Add directory="..\..\..\addons\ofxSimpleGuiToo\src" />
			<Add directory="..\..\..\addons\ofxSimpleGuiToo\src\Controls" />
			<Add directory="..\..\..\addons\ofxRange" />
			<Add directory="..\..\..\addons\ofxMSAInteractiveObject\src" />
			<Add directory="..\..\..\addons\ofxOsc\libs\oscpack\include" />
			<Add directory="..\..\..\addons\ofxOsc\src" />
			<Add directory="..\..\..\addons\ofxOsc\libs\oscpack\include\osc" />
			<Add directory="..\..\..\addons\ofxOsc\libs\oscpack\include\ip" />
			<Add directory="..\..\..\addons\ofxScreengrabber" />
			<Add directory="..\..\..\addons\ofxFTGL\libs\FTGL\src" />
			<Add directory="..\..\..\addons\ofxFTGL\libs\FTGL\src\FTFont" />
			<Add directory="..\..\..\addons\ofxFTGL\libs\FTGL\src\FTGL" />
			<Add directory="..\..\..\addons\ofxFTGL\libs\FTGL\src\FTGlyph" />
			<Add directory="..\..\..\addons\ofxFTGL\libs\FTGL\src\FTLayout" />
			<Add directory="..\..\..\addons\ofxFTGL\src" />
			<Add directory="..\..\..\addons\ofxFontMap" />
			<Add directory="..\..\..\addons\ofxPuffersphere\src" />
			<Add directory="..\..\..\addons\ofxImageSequence" />
			<Add directory="..\..\..\addons\ofxNMMLib\ofxNMMNetwork" />
			<Add directory="..\..\..\addons\ofxNMMLib\ofxNMMAudio" />
		</Compiler>
		<Linker>
			<Add option="../../../libs/FreeImage/lib/win_cb/FreeImage.lib" />
			<Add option="../../../libs/rtAudio/lib/win_cb/librtaudio.a" />
			<Add option="../../../libs/quicktime/lib/win_cb/qtmlClient.lib" />
			<Add option="../../../libs/freetype/lib/win_cb/libfreetype.a" />
			<Add option="../../../libs/glut/lib/win_cb/libglut.a" />
			<Add option="../../../libs/videoInput/lib/win_cb/videoInputLib.a" />
			<Add option="../../../libs/fmodex/lib/win_cb/libfmodex.a" />
			<Add option="../../../libs/glew/lib/win_cb/glew32s.lib" />
			<Add option="../../../libs/glu/lib/win_cb/glu32.lib" />
			<Add option="../../../libs/poco/lib/win_cb/libPocoNetmt.a" />
			<Add option="../../../libs/poco/lib/win_cb/libPocoUtilmt.a" />
			<Add option="../../../libs/poco/lib/win_cb/libPocoXMLmt.a" />
			<Add option="../../../libs/poco/lib/win_cb/libPocoFoundationmt.a" />
			<Add option="..\..\..\addons\ofxOsc\libs\oscpack\lib\win_cb\oscpack.a" />
			<Add option="-lopengl32" />
			<Add option="-lglu32" />
			<Add option="-ldsound" />
			<Add option="-lwinmm" />
			<Add option="-ldxguid" />
			<Add option="-lstrmbase" />
			<Add option="-lstrmiids" />
			<Add option="-lz" />
			<Add option="-luuid" />
			<Add option="-lole32" />
			<Add option="-loleaut32" />
			<Add option="-lsetupapi" />
			<Add option="-lwsock32" />
			<Add option="-lws2_32" />
			<Add option="-lIphlpapi" />
			<Add library="..\..\..\libs\cairo\lib\win_cb\cairo.lib" />
			<Add library="..\..\..\libs\cairo\lib\win_cb\libcairo.dll.a" />
			<Add library="..\..\..\libs\cairo\lib\win_cb\libcairo-gobject.dll.a" />
			<Add library="..\..\..\libs\cairo\lib\win_cb\libcairo-script-interpreter.dll.a" />
			<Add directory="..\..\..\libs\assimp\lib\win_cb" />
			<Add directory="..\..\..\addons\ofxOsc\libs\oscpack\lib\win_cb" />
		</Linker>
		<ExtraCommands>
			<Add after='xcopy /e /i /y &quot;$(PROJECT_DIR)..\..\..\export\win_cb\*.dll&quot;  &quot;$(PROJECT_DIR)bin&quot;' />
			<Add after='cmd /c if not exist &quot;$(PROJECT_DIR)bin/data&quot; mkdir &quot;$(PROJECT_DIR)bin/data&quot;' />
			<Mode after="always" />
		</ExtraCommands>
		<Unit filename="..\..\..\addons\ofxFTGL\libs\FTGL\src\FTBuffer.cpp" />
		<Unit filename="..\..\..\addons\ofxFTGL\libs\FTGL\src\FTCharToGlyphIndexMap.h" />
		<Unit filename="..\..\..\addons\ofxFTGL\libs\FTGL\src\FTCharmap.cpp" />
		<Unit filename="..\..\..\addons\ofxFTGL\libs\FTGL\src\FTCharmap.h" />
		<Unit filename="..\..\..\addons\ofxFTGL\libs\FTGL\src\FTContour.cpp" />
		<Unit filename="..\..\..\addons\ofxFTGL\libs\FTGL\src\FTContour.h" />
		<Unit filename="..\..\..\addons\ofxFTGL\libs\FTGL\src\FTFace.cpp" />
		<Unit filename="..\..\..\addons\ofxFTGL\libs\FTGL\src\FTFace.h" />
		<Unit filename="..\..\..\addons\ofxFTGL\libs\FTGL\src\FTFont\FTBitmapFont.cpp" />
		<Unit filename="..\..\..\addons\ofxFTGL\libs\FTGL\src\FTFont\FTBitmapFontImpl.h" />
		<Unit filename="..\..\..\addons\ofxFTGL\libs\FTGL\src\FTFont\FTBufferFont.cpp" />
		<Unit filename="..\..\..\addons\ofxFTGL\libs\FTGL\src\FTFont\FTBufferFontImpl.h" />
		<Unit filename="..\..\..\addons\ofxFTGL\libs\FTGL\src\FTFont\FTExtrudeFont.cpp" />
		<Unit filename="..\..\..\addons\ofxFTGL\libs\FTGL\src\FTFont\FTExtrudeFontImpl.h" />
		<Unit filename="..\..\..\addons\ofxFTGL\libs\FTGL\src\FTFont\FTFont.cpp" />
		<Unit filename="..\..\..\addons\ofxFTGL\libs\FTGL\src\FTFont\FTFontGlue.cpp" />
		<Unit filename="..\..\..\addons\ofxFTGL\libs\FTGL\src\FTFont\FTFontImpl.h" />
		<Unit filename="..\..\..\addons\ofxFTGL\libs\FTGL\src\FTFont\FTOutlineFont.cpp" />
		<Unit filename="..\..\..\addons\ofxFTGL\libs\FTGL\src\FTFont\FTOutlineFontImpl.h" />
		<Unit filename="..\..\..\addons\ofxFTGL\libs\FTGL\src\FTFont\FTPixmapFont.cpp" />
		<Unit filename="..\..\..\addons\ofxFTGL\libs\FTGL\src\FTFont\FTPixmapFontImpl.h" />
		<Unit filename="..\..\..\addons\ofxFTGL\libs\FTGL\src\FTFont\FTPolygonFont.cpp" />
		<Unit filename="..\..\..\addons\ofxFTGL\libs\FTGL\src\FTFont\FTPolygonFontImpl.h" />
		<Unit filename="..\..\..\addons\ofxFTGL\libs\FTGL\src\FTFont\FTTextureFont.cpp" />
		<Unit filename="..\..\..\addons\ofxFTGL\libs\FTGL\src\FTFont\FTTextureFontImpl.h" />
		<Unit filename="..\..\..\addons\ofxFTGL\libs\FTGL\src\FTGL\FTBBox.h" />
		<Unit filename="..\..\..\addons\ofxFTGL\libs\FTGL\src\FTGL\FTBitmapGlyph.h" />
		<Unit filename="..\..\..\addons\ofxFTGL\libs\FTGL\src\FTGL\FTBuffer.h" />
		<Unit filename="..\..\..\addons\ofxFTGL\libs\FTGL\src\FTGL\FTBufferFont.h" />
		<Unit filename="..\..\..\addons\ofxFTGL\libs\FTGL\src\FTGL\FTBufferGlyph.h" />
		<Unit filename="..\..\..\addons\ofxFTGL\libs\FTGL\src\FTGL\FTExtrdGlyph.h" />
		<Unit filename="..\..\..\addons\ofxFTGL\libs\FTGL\src\FTGL\FTFont.h" />
		<Unit filename="..\..\..\addons\ofxFTGL\libs\FTGL\src\FTGL\FTGLBitmapFont.h" />
		<Unit filename="..\..\..\addons\ofxFTGL\libs\FTGL\src\FTGL\FTGLExtrdFont.h" />
		<Unit filename="..\..\..\addons\ofxFTGL\libs\FTGL\src\FTGL\FTGLOutlineFont.h" />
		<Unit filename="..\..\..\addons\ofxFTGL\libs\FTGL\src\FTGL\FTGLPixmapFont.h" />
		<Unit filename="..\..\..\addons\ofxFTGL\libs\FTGL\src\FTGL\FTGLPolygonFont.h" />
		<Unit filename="..\..\..\addons\ofxFTGL\libs\FTGL\src\FTGL\FTGLTextureFont.h" />
		<Unit filename="..\..\..\addons\ofxFTGL\libs\FTGL\src\FTGL\FTGlyph.h" />
		<Unit filename="..\..\..\addons\ofxFTGL\libs\FTGL\src\FTGL\FTLayout.h" />
		<Unit filename="..\..\..\addons\ofxFTGL\libs\FTGL\src\FTGL\FTOutlineGlyph.h" />
		<Unit filename="..\..\..\addons\ofxFTGL\libs\FTGL\src\FTGL\FTPixmapGlyph.h" />
		<Unit filename="..\..\..\addons\ofxFTGL\libs\FTGL\src\FTGL\FTPoint.h" />
		<Unit filename="..\..\..\addons\ofxFTGL\libs\FTGL\src\FTGL\FTPolyGlyph.h" />
		<Unit filename="..\..\..\addons\ofxFTGL\libs\FTGL\src\FTGL\FTSimpleLayout.h" />
		<Unit filename="..\..\..\addons\ofxFTGL\libs\FTGL\src\FTGL\FTTextureGlyph.h" />
		<Unit filename="..\..\..\addons\ofxFTGL\libs\FTGL\src\FTGL\ftgl.h" />
		<Unit filename="..\..\..\addons\ofxFTGL\libs\FTGL\src\FTGlyphContainer.cpp" />
		<Unit filename="..\..\..\addons\ofxFTGL\libs\FTGL\src\FTGlyphContainer.h" />
		<Unit filename="..\..\..\addons\ofxFTGL\libs\FTGL\src\FTGlyph\FTBitmapGlyph.cpp" />
		<Unit filename="..\..\..\addons\ofxFTGL\libs\FTGL\src\FTGlyph\FTBitmapGlyphImpl.h" />
		<Unit filename="..\..\..\addons\ofxFTGL\libs\FTGL\src\FTGlyph\FTBufferGlyph.cpp" />
		<Unit filename="..\..\..\addons\ofxFTGL\libs\FTGL\src\FTGlyph\FTBufferGlyphImpl.h" />
		<Unit filename="..\..\..\addons\ofxFTGL\libs\FTGL\src\FTGlyph\FTExtrudeGlyph.cpp" />
		<Unit filename="..\..\..\addons\ofxFTGL\libs\FTGL\src\FTGlyph\FTExtrudeGlyphImpl.h" />
		<Unit filename="..\..\..\addons\ofxFTGL\libs\FTGL\src\FTGlyph\FTGlyph.cpp" />
		<Unit filename="..\..\..\addons\ofxFTGL\libs\FTGL\src\FTGlyph\FTGlyphGlue.cpp" />
		<Unit filename="..\..\..\addons\ofxFTGL\libs\FTGL\src\FTGlyph\FTGlyphImpl.h" />
		<Unit filename="..\..\..\addons\ofxFTGL\libs\FTGL\src\FTGlyph\FTOutlineGlyph.cpp" />
		<Unit filename="..\..\..\addons\ofxFTGL\libs\FTGL\src\FTGlyph\FTOutlineGlyphImpl.h" />
		<Unit filename="..\..\..\addons\ofxFTGL\libs\FTGL\src\FTGlyph\FTPixmapGlyph.cpp" />
		<Unit filename="..\..\..\addons\ofxFTGL\libs\FTGL\src\FTGlyph\FTPixmapGlyphImpl.h" />
		<Unit filename="..\..\..\addons\ofxFTGL\libs\FTGL\src\FTGlyph\FTPolygonGlyph.cpp" />
		<Unit filename="..\..\..\addons\ofxFTGL\libs\FTGL\src\FTGlyph\FTPolygonGlyphImpl.h" />
		<Unit filename="..\..\..\addons\ofxFTGL\libs\FTGL\src\FTGlyph\FTTextureGlyph.cpp" />
		<Unit filename="..\..\..\addons\ofxFTGL\libs\FTGL\src\FTGlyph\FTTextureGlyphImpl.h" />
		<Unit filename="..\..\..\addons\ofxFTGL\libs\FTGL\src\FTInternals.h" />
		<Unit filename="..\..\..\addons\ofxFTGL\libs\FTGL\src\FTLayout\FTLayout.cpp" />
		<Unit filename="..\..\..\addons\ofxFTGL\libs\FTGL\src\FTLayout\FTLayoutGlue.cpp" />
		<Unit filename="..\..\..\addons\ofxFTGL\libs\FTGL\src\FTLayout\FTLayoutImpl.h" />
		<Unit filename="..\..\..\addons\ofxFTGL\libs\FTGL\src\FTLayout\FTSimpleLayout.cpp" />
		<Unit filename="..\..\..\addons\ofxFTGL\libs\FTGL\src\FTLayout\FTSimpleLayoutImpl.h" />
		<Unit filename="..\..\..\addons\ofxFTGL\libs\FTGL\src\FTLibrary.cpp" />
		<Unit filename="..\..\..\addons\ofxFTGL\libs\FTGL\src\FTLibrary.h" />
		<Unit filename="..\..\..\addons\ofxFTGL\libs\FTGL\src\FTList.h" />
		<Unit filename="..\..\..\addons\ofxFTGL\libs\FTGL\src\FTPoint.cpp" />
		<Unit filename="..\..\..\addons\ofxFTGL\libs\FTGL\src\FTSize.cpp" />
		<Unit filename="..\..\..\addons\ofxFTGL\libs\FTGL\src\FTSize.h" />
		<Unit filename="..\..\..\addons\ofxFTGL\libs\FTGL\src\FTUnicode.h" />
		<Unit filename="..\..\..\addons\ofxFTGL\libs\FTGL\src\FTVector.h" />
		<Unit filename="..\..\..\addons\ofxFTGL\libs\FTGL\src\FTVectoriser.cpp" />
		<Unit filename="..\..\..\addons\ofxFTGL\libs\FTGL\src\FTVectoriser.h" />
		<Unit filename="..\..\..\addons\ofxFTGL\libs\FTGL\src\config.h" />
		<Unit filename="..\..\..\addons\ofxFTGL\src\ofxFTGLFont.cpp" />
		<Unit filename="..\..\..\addons\ofxFTGL\src\ofxFTGLFont.h" />
		<Unit filename="..\..\..\addons\ofxFontMap\ofxWordPalette.cpp" />
		<Unit filename="..\..\..\addons\ofxFontMap\ofxWordPalette.h" />
		<Unit filename="..\..\..\addons\ofxGameCamera\ofxGameCamera.cpp" />
		<Unit filename="..\..\..\addons\ofxGameCamera\ofxGameCamera.h" />
		<Unit filename="..\..\..\addons\ofxImageSequence\ofxImageSequence.cpp" />
		<Unit filename="..\..\..\addons\ofxImageSequence\ofxImageSequence.h" />
		<Unit filename="..\..\..\addons\ofxKeyframeAnim\keyframeEvent.cpp" />
		<Unit filename="..\..\..\addons\ofxKeyframeAnim\keyframeEvent.h" />
		<Unit filename="..\..\..\addons\ofxKeyframeAnim\ofxEasingExt.h" />
		<Unit filename="..\..\..\addons\ofxKeyframeAnim\ofxKeyFrame.h" />
		<Unit filename="..\..\..\addons\ofxKeyframeAnim\ofxPlaylist.h" />
		<Unit filename="..\..\..\addons\ofxKeyframeAnim\tweener.cpp" />
		<Unit filename="..\..\..\addons\ofxKeyframeAnim\tweener.h" />
		<Unit filename="..\..\..\addons\ofxMSAInteractiveObject\src\ofxCustomGuiResponder.cpp" />
		<Unit filename="..\..\..\addons\ofxMSAInteractiveObject\src\ofxCustomGuiResponder.h" />
		<Unit filename="..\..\..\addons\ofxMSAInteractiveObject\src\ofxMSAInteractiveObject.cpp" />
		<Unit filename="..\..\..\addons\ofxMSAInteractiveObject\src\ofxMSAInteractiveObject.h" />
		<Unit filename="..\..\..\addons\ofxMSAInteractiveObject\src\ofxMSAInteractiveObjectDelegate.h" />
		<Unit filename="..\..\..\addons\ofxMostPixelsEver\src\mpeClientTCP.cpp" />
		<Unit filename="..\..\..\addons\ofxMostPixelsEver\src\mpeClientTCP.h" />
		<Unit filename="..\..\..\addons\ofxMostPixelsEver\src\mpeEvents.cpp" />
		<Unit filename="..\..\..\addons\ofxMostPixelsEver\src\mpeEvents.h" />
		<Unit filename="..\..\..\addons\ofxMostPixelsEver\src\ofxMostPixelsEver.h" />
		<Unit filename="..\..\..\addons\ofxNMMLib\ofxNMMAudio\ofxNMMAudioPlayer.cpp" />
		<Unit filename="..\..\..\addons\ofxNMMLib\ofxNMMAudio\ofxNMMAudioPlayer.h" />
		<Unit filename="..\..\..\addons\ofxNMMLib\ofxNMMConstants.h" />
		<Unit filename="..\..\..\addons\ofxNMMLib\ofxNMMEvents\ofxNMMEvents.cpp" />
		<Unit filename="..\..\..\addons\ofxNMMLib\ofxNMMEvents\ofxNMMEvents.h" />
		<Unit filename="..\..\..\addons\ofxNMMLib\ofxNMMLib.h" />
		<Unit filename="..\..\..\addons\ofxNMMLib\ofxNMMMath.h" />
		<Unit filename="..\..\..\addons\ofxNMMLib\ofxNMMMetadata\ofxNMMMetadata.h" />
		<Unit filename="..\..\..\addons\ofxNMMLib\ofxNMMNetwork\ofxNMMMessageManager.cpp" />
		<Unit filename="..\..\..\addons\ofxNMMLib\ofxNMMNetwork\ofxNMMMessageManager.h" />
		<Unit filename="..\..\..\addons\ofxNMMLib\ofxNMMNetwork\ofxNMMTimeServer.cpp" />
		<Unit filename="..\..\..\addons\ofxNMMLib\ofxNMMNetwork\ofxNMMTimeServer.h" />
		<Unit filename="..\..\..\addons\ofxNMMLib\ofxNMMPufferSphere\ofxNMMPufferSphereRenderer.cpp" />
		<Unit filename="..\..\..\addons\ofxNMMLib\ofxNMMPufferSphere\ofxNMMPufferSphereRenderer.h" />
		<Unit filename="..\..\..\addons\ofxNMMLib\ofxNMMPufferSphere\ofxNMMStarField.cpp" />
		<Unit filename="..\..\..\addons\ofxNMMLib\ofxNMMPufferSphere\ofxNMMStarField.h" />
		<Unit filename="..\..\..\addons\ofxNMMLib\ofxNMMPufferSphere\ofxNMMTypeHead.cpp" />
		<Unit filename="..\..\..\addons\ofxNMMLib\ofxNMMPufferSphere\ofxNMMTypeHead.h" />
		<Unit filename="..\..\..\addons\ofxNMMLib\ofxNMMPufferSphere\ofxNMMTypedWord.cpp" />
		<Unit filename="..\..\..\addons\ofxNMMLib\ofxNMMPufferSphere\ofxNMMTypedWord.h" />
		<Unit filename="..\..\..\addons\ofxNMMLib\ofxNMMPufferSphererenderer\ofxNMMPufferSphereRenderer.h" />
		<Unit filename="..\..\..\addons\ofxNMMLib\ofxNMMPufferSphererenderer\ofxNMMSphere.h" />
		<Unit filename="..\..\..\addons\ofxNMMLib\ofxNMMPufferSphererenderer\ofxNMMTypeHead.h" />
		<Unit filename="..\..\..\addons\ofxNMMLib\ofxNMMPufferSphererenderer\ofxNMMTypedWord.h" />
		<Unit filename="..\..\..\addons\ofxNMMLib\ofxNMMRenderer\ofxNMMMetadata.cpp" />
		<Unit filename="..\..\..\addons\ofxNMMLib\ofxNMMRenderer\ofxNMMMetadata.h" />
		<Unit filename="..\..\..\addons\ofxNMMLib\ofxNMMTimeClient\ofxNMMTimeClient.h" />
		<Unit filename="..\..\..\addons\ofxNetwork\src\ofxNetwork.h" />
		<Unit filename="..\..\..\addons\ofxNetwork\src\ofxTCPClient.cpp" />
		<Unit filename="..\..\..\addons\ofxNetwork\src\ofxTCPClient.h" />
		<Unit filename="..\..\..\addons\ofxNetwork\src\ofxTCPManager.cpp" />
		<Unit filename="..\..\..\addons\ofxNetwork\src\ofxTCPManager.h" />
		<Unit filename="..\..\..\addons\ofxNetwork\src\ofxTCPServer.cpp" />
		<Unit filename="..\..\..\addons\ofxNetwork\src\ofxTCPServer.h" />
		<Unit filename="..\..\..\addons\ofxNetwork\src\ofxUDPManager.cpp" />
		<Unit filename="..\..\..\addons\ofxNetwork\src\ofxUDPManager.h" />
		<Unit filename="..\..\..\addons\ofxObjLoader\ofxObjLoader.cpp" />
		<Unit filename="..\..\..\addons\ofxObjLoader\ofxObjLoader.h" />
		<Unit filename="..\..\..\addons\ofxOsc\src\ofxOscBundle.h" />
		<Unit filename="..\..\..\addons\ofxOsc\src\ofxOscMessage.cpp" />
		<Unit filename="..\..\..\addons\ofxOsc\src\ofxOscMessage.h" />
		<Unit filename="..\..\..\addons\ofxOsc\src\ofxOscReceiver.cpp" />
		<Unit filename="..\..\..\addons\ofxOsc\src\ofxOscReceiver.h" />
		<Unit filename="..\..\..\addons\ofxOsc\src\ofxOscSender.cpp" />
		<Unit filename="..\..\..\addons\ofxOsc\src\ofxOscSender.h" />
		<Unit filename="..\..\..\addons\ofxPuffersphere\src\ofxPuffersphere.cpp" />
		<Unit filename="..\..\..\addons\ofxPuffersphere\src\ofxPuffersphere.h" />
		<Unit filename="..\..\..\addons\ofxPuffersphere\src\ofxPuffersphereObject.cpp" />
		<Unit filename="..\..\..\addons\ofxPuffersphere\src\ofxPuffersphereObject.h" />
		<Unit filename="..\..\..\addons\ofxPuffersphere\src\ofxPuffersphereObject__.h" />
		<Unit filename="..\..\..\addons\ofxRange\ofRange.h" />
		<Unit filename="..\..\..\addons\ofxSimpleGuiToo\src\Controls\ofxSimpleGuiButton.cpp" />
		<Unit filename="..\..\..\addons\ofxSimpleGuiToo\src\Controls\ofxSimpleGuiButton.h" />
		<Unit filename="..\..\..\addons\ofxSimpleGuiToo\src\Controls\ofxSimpleGuiColorPicker.cpp" />
		<Unit filename="..\..\..\addons\ofxSimpleGuiToo\src\Controls\ofxSimpleGuiColorPicker.h" />
		<Unit filename="..\..\..\addons\ofxSimpleGuiToo\src\Controls\ofxSimpleGuiContent.cpp" />
		<Unit filename="..\..\..\addons\ofxSimpleGuiToo\src\Controls\ofxSimpleGuiContent.h" />
		<Unit filename="..\..\..\addons\ofxSimpleGuiToo\src\Controls\ofxSimpleGuiFPSCounter.cpp" />
		<Unit filename="..\..\..\addons\ofxSimpleGuiToo\src\Controls\ofxSimpleGuiFPSCounter.h" />
		<Unit filename="..\..\..\addons\ofxSimpleGuiToo\src\Controls\ofxSimpleGuiMovieSlider.cpp" />
		<Unit filename="..\..\..\addons\ofxSimpleGuiToo\src\Controls\ofxSimpleGuiMovieSlider.h" />
		<Unit filename="..\..\..\addons\ofxSimpleGuiToo\src\Controls\ofxSimpleGuiOption.cpp" />
		<Unit filename="..\..\..\addons\ofxSimpleGuiToo\src\Controls\ofxSimpleGuiOption.h" />
		<Unit filename="..\..\..\addons\ofxSimpleGuiToo\src\Controls\ofxSimpleGuiOptionGroup.cpp" />
		<Unit filename="..\..\..\addons\ofxSimpleGuiToo\src\Controls\ofxSimpleGuiOptionGroup.h" />
		<Unit filename="..\..\..\addons\ofxSimpleGuiToo\src\Controls\ofxSimpleGuiQuadWarp.cpp" />
		<Unit filename="..\..\..\addons\ofxSimpleGuiToo\src\Controls\ofxSimpleGuiQuadWarp.h" />
		<Unit filename="..\..\..\addons\ofxSimpleGuiToo\src\Controls\ofxSimpleGuiSlider2d.cpp" />
		<Unit filename="..\..\..\addons\ofxSimpleGuiToo\src\Controls\ofxSimpleGuiSlider2d.h" />
		<Unit filename="..\..\..\addons\ofxSimpleGuiToo\src\Controls\ofxSimpleGuiSliderBase.h" />
		<Unit filename="..\..\..\addons\ofxSimpleGuiToo\src\Controls\ofxSimpleGuiSliderFloat.h" />
		<Unit filename="..\..\..\addons\ofxSimpleGuiToo\src\Controls\ofxSimpleGuiSliderInt.h" />
		<Unit filename="..\..\..\addons\ofxSimpleGuiToo\src\Controls\ofxSimpleGuiSliderRange.cpp" />
		<Unit filename="..\..\..\addons\ofxSimpleGuiToo\src\Controls\ofxSimpleGuiSliderRange.h" />
		<Unit filename="..\..\..\addons\ofxSimpleGuiToo\src\Controls\ofxSimpleGuiTitle.cpp" />
		<Unit filename="..\..\..\addons\ofxSimpleGuiToo\src\Controls\ofxSimpleGuiTitle.h" />
		<Unit filename="..\..\..\addons\ofxSimpleGuiToo\src\Controls\ofxSimpleGuiToggle.cpp" />
		<Unit filename="..\..\..\addons\ofxSimpleGuiToo\src\Controls\ofxSimpleGuiToggle.h" />
		<Unit filename="..\..\..\addons\ofxSimpleGuiToo\src\ofxSimpleGuiConfig.cpp" />
		<Unit filename="..\..\..\addons\ofxSimpleGuiToo\src\ofxSimpleGuiConfig.h" />
		<Unit filename="..\..\..\addons\ofxSimpleGuiToo\src\ofxSimpleGuiControl.cpp" />
		<Unit filename="..\..\..\addons\ofxSimpleGuiToo\src\ofxSimpleGuiControl.h" />
		<Unit filename="..\..\..\addons\ofxSimpleGuiToo\src\ofxSimpleGuiIncludes.h" />
		<Unit filename="..\..\..\addons\ofxSimpleGuiToo\src\ofxSimpleGuiPage.cpp" />
		<Unit filename="..\..\..\addons\ofxSimpleGuiToo\src\ofxSimpleGuiPage.h" />
		<Unit filename="..\..\..\addons\ofxSimpleGuiToo\src\ofxSimpleGuiToo.cpp" />
		<Unit filename="..\..\..\addons\ofxSimpleGuiToo\src\ofxSimpleGuiToo.h" />
		<Unit filename="..\..\..\addons\ofxTween\src\Easings\ofxEasing.cpp" />
		<Unit filename="..\..\..\addons\ofxTween\src\Easings\ofxEasing.h" />
		<Unit filename="..\..\..\addons\ofxTween\src\Easings\ofxEasingBack.cpp" />
		<Unit filename="..\..\..\addons\ofxTween\src\Easings\ofxEasingBack.h" />
		<Unit filename="..\..\..\addons\ofxTween\src\Easings\ofxEasingBounce.cpp" />
		<Unit filename="..\..\..\addons\ofxTween\src\Easings\ofxEasingBounce.h" />
		<Unit filename="..\..\..\addons\ofxTween\src\Easings\ofxEasingCirc.cpp" />
		<Unit filename="..\..\..\addons\ofxTween\src\Easings\ofxEasingCirc.h" />
		<Unit filename="..\..\..\addons\ofxTween\src\Easings\ofxEasingCubic.cpp" />
		<Unit filename="..\..\..\addons\ofxTween\src\Easings\ofxEasingCubic.h" />
		<Unit filename="..\..\..\addons\ofxTween\src\Easings\ofxEasingElastic.cpp" />
		<Unit filename="..\..\..\addons\ofxTween\src\Easings\ofxEasingElastic.h" />
		<Unit filename="..\..\..\addons\ofxTween\src\Easings\ofxEasingExpo.cpp" />
		<Unit filename="..\..\..\addons\ofxTween\src\Easings\ofxEasingExpo.h" />
		<Unit filename="..\..\..\addons\ofxTween\src\Easings\ofxEasingLinear.cpp" />
		<Unit filename="..\..\..\addons\ofxTween\src\Easings\ofxEasingLinear.h" />
		<Unit filename="..\..\..\addons\ofxTween\src\Easings\ofxEasingQuad.cpp" />
		<Unit filename="..\..\..\addons\ofxTween\src\Easings\ofxEasingQuad.h" />
		<Unit filename="..\..\..\addons\ofxTween\src\Easings\ofxEasingQuart.cpp" />
		<Unit filename="..\..\..\addons\ofxTween\src\Easings\ofxEasingQuart.h" />
		<Unit filename="..\..\..\addons\ofxTween\src\Easings\ofxEasingQuint.cpp" />
		<Unit filename="..\..\..\addons\ofxTween\src\Easings\ofxEasingQuint.h" />
		<Unit filename="..\..\..\addons\ofxTween\src\Easings\ofxEasingSine.cpp" />
		<Unit filename="..\..\..\addons\ofxTween\src\Easings\ofxEasingSine.h" />
		<Unit filename="..\..\..\addons\ofxXmlSettings\libs\tinyxml.cpp" />
		<Unit filename="..\..\..\addons\ofxXmlSettings\libs\tinyxml.h" />
		<Unit filename="..\..\..\addons\ofxXmlSettings\libs\tinyxmlerror.cpp" />
		<Unit filename="..\..\..\addons\ofxXmlSettings\libs\tinyxmlparser.cpp" />
		<Unit filename="..\..\..\addons\ofxXmlSettings\src\ofxXmlSettings.cpp" />
		<Unit filename="..\..\..\addons\ofxXmlSettings\src\ofxXmlSettings.h" />
		<Unit filename="src\main.cpp">
			<Option virtualFolder="src\" />
		</Unit>
		<Unit filename="src\testApp.cpp">
			<Option virtualFolder="src\" />
		</Unit>
		<Unit filename="src\testApp.h">
			<Option virtualFolder="src\" />
		</Unit>
		<Unit filename="..\..\..\..\..\Users\Supervisor\Dropbox\NMMSharedBin\shaders\puffersphere\spherize.frag" />
		<Unit filename="..\..\..\..\..\Users\Supervisor\Dropbox\NMMSharedBin\shaders\puffersphere\spherize.vert" />
		<Extensions>
			<code_completion />
			<debugger />
			<envvars />
		</Extensions>
	</Project>
</CodeBlocks_project_file>
